// !$*UTF8*$!
{
	archiveVersion = 1;
	classes = {
	};
	objectVersion = 56;
	objects = {

/* Begin PBXBuildFile section */
		22C0329328FDA10000E8AAF5 /* Location+CoreDataClass.swift in Sources */ = {isa = PBXBuildFile; fileRef = 22C0328F28FDA10000E8AAF5 /* Location+CoreDataClass.swift */; };
		22C0329428FDA10000E8AAF5 /* Location+CoreDataProperties.swift in Sources */ = {isa = PBXBuildFile; fileRef = 22C0329028FDA10000E8AAF5 /* Location+CoreDataProperties.swift */; };
		22C0329528FDA10000E8AAF5 /* WeatherCell+CoreDataClass.swift in Sources */ = {isa = PBXBuildFile; fileRef = 22C0329128FDA10000E8AAF5 /* WeatherCell+CoreDataClass.swift */; };
		22C0329628FDA10000E8AAF5 /* WeatherCell+CoreDataProperties.swift in Sources */ = {isa = PBXBuildFile; fileRef = 22C0329228FDA10000E8AAF5 /* WeatherCell+CoreDataProperties.swift */; };
		22C0329828FE46A100E8AAF5 /* CoreDataStack.swift in Sources */ = {isa = PBXBuildFile; fileRef = 22C0329728FE46A100E8AAF5 /* CoreDataStack.swift */; };
		8BFFE23B28F8534400D183CE /* AppDelegate.swift in Sources */ = {isa = PBXBuildFile; fileRef = 8BFFE23A28F8534400D183CE /* AppDelegate.swift */; };
		8BFFE23D28F8534400D183CE /* SceneDelegate.swift in Sources */ = {isa = PBXBuildFile; fileRef = 8BFFE23C28F8534400D183CE /* SceneDelegate.swift */; };
		8BFFE23F28F8534400D183CE /* ViewController.swift in Sources */ = {isa = PBXBuildFile; fileRef = 8BFFE23E28F8534400D183CE /* ViewController.swift */; };
		8BFFE24228F8534400D183CE /* Main.storyboard in Resources */ = {isa = PBXBuildFile; fileRef = 8BFFE24028F8534400D183CE /* Main.storyboard */; };
		8BFFE24528F8534400D183CE /* Kloudy.xcdatamodeld in Sources */ = {isa = PBXBuildFile; fileRef = 8BFFE24328F8534400D183CE /* Kloudy.xcdatamodeld */; };
		8BFFE24728F8534400D183CE /* Assets.xcassets in Resources */ = {isa = PBXBuildFile; fileRef = 8BFFE24628F8534400D183CE /* Assets.xcassets */; };
		8BFFE24A28F8534400D183CE /* LaunchScreen.storyboard in Resources */ = {isa = PBXBuildFile; fileRef = 8BFFE24828F8534400D183CE /* LaunchScreen.storyboard */; };
		8BFFE25528F8534500D183CE /* KloudyTests.swift in Sources */ = {isa = PBXBuildFile; fileRef = 8BFFE25428F8534500D183CE /* KloudyTests.swift */; };
		8BFFE25F28F8534500D183CE /* KloudyUITests.swift in Sources */ = {isa = PBXBuildFile; fileRef = 8BFFE25E28F8534500D183CE /* KloudyUITests.swift */; };
		8BFFE26128F8534500D183CE /* KloudyUITestsLaunchTests.swift in Sources */ = {isa = PBXBuildFile; fileRef = 8BFFE26028F8534500D183CE /* KloudyUITestsLaunchTests.swift */; };
		8BFFE27D28FC17AE00D183CE /* Kloudy+Font.swift in Sources */ = {isa = PBXBuildFile; fileRef = 8BFFE27C28FC17AE00D183CE /* Kloudy+Font.swift */; };
		8BFFE27F28FC17B500D183CE /* Kloudy+Color.swift in Sources */ = {isa = PBXBuildFile; fileRef = 8BFFE27E28FC17B500D183CE /* Kloudy+Color.swift */; };
		8BFFE28428FC7A9500D183CE /* CheckWeatherView.swift in Sources */ = {isa = PBXBuildFile; fileRef = 8BFFE28328FC7A9400D183CE /* CheckWeatherView.swift */; };
		8BFFE28628FC7AA200D183CE /* CheckWeatherViewModel.swift in Sources */ = {isa = PBXBuildFile; fileRef = 8BFFE28528FC7AA200D183CE /* CheckWeatherViewModel.swift */; };
		8BFFE28928FC7BAD00D183CE /* CheckWeatherBasicNavigationView.swift in Sources */ = {isa = PBXBuildFile; fileRef = 8BFFE28828FC7BAD00D183CE /* CheckWeatherBasicNavigationView.swift */; };
		8BFFE28B28FC7BB300D183CE /* CheckWeatherBasicNavigationViewModel.swift in Sources */ = {isa = PBXBuildFile; fileRef = 8BFFE28A28FC7BB300D183CE /* CheckWeatherBasicNavigationViewModel.swift */; };
		8BFFE28E28FC7BC600D183CE /* CheckWeatherEditNavigationView.swift in Sources */ = {isa = PBXBuildFile; fileRef = 8BFFE28D28FC7BC600D183CE /* CheckWeatherEditNavigationView.swift */; };
		8BFFE29028FC7BCC00D183CE /* CheckWeatherEditNavigationViewModel.swift in Sources */ = {isa = PBXBuildFile; fileRef = 8BFFE28F28FC7BCC00D183CE /* CheckWeatherEditNavigationViewModel.swift */; };
		8BFFE29328FC7BE400D183CE /* CheckWeatherPageView.swift in Sources */ = {isa = PBXBuildFile; fileRef = 8BFFE29228FC7BE400D183CE /* CheckWeatherPageView.swift */; };
		8BFFE29528FC7BEC00D183CE /* CheckWeatherPageViewModel.swift in Sources */ = {isa = PBXBuildFile; fileRef = 8BFFE29428FC7BEC00D183CE /* CheckWeatherPageViewModel.swift */; };
		8BFFE29828FC7C2500D183CE /* CheckLocationWeatherView.swift in Sources */ = {isa = PBXBuildFile; fileRef = 8BFFE29728FC7C2500D183CE /* CheckLocationWeatherView.swift */; };
		8BFFE29A28FC7C2A00D183CE /* CheckLocationWeatherViewModel.swift in Sources */ = {isa = PBXBuildFile; fileRef = 8BFFE29928FC7C2A00D183CE /* CheckLocationWeatherViewModel.swift */; };
		8BFFE29F28FC7CB300D183CE /* CheckCityView.swift in Sources */ = {isa = PBXBuildFile; fileRef = 8BFFE29E28FC7CB300D183CE /* CheckCityView.swift */; };
		8BFFE2A128FC7CBC00D183CE /* CheckCityViewModel.swift in Sources */ = {isa = PBXBuildFile; fileRef = 8BFFE2A028FC7CBC00D183CE /* CheckCityViewModel.swift */; };
		8BFFE2A528FC7D0200D183CE /* CheckWeatherCollectionView.swift in Sources */ = {isa = PBXBuildFile; fileRef = 8BFFE2A428FC7D0200D183CE /* CheckWeatherCollectionView.swift */; };
		8BFFE2A728FC7D0700D183CE /* CheckWeatherCollectionViewModel.swift in Sources */ = {isa = PBXBuildFile; fileRef = 8BFFE2A628FC7D0700D183CE /* CheckWeatherCollectionViewModel.swift */; };
		8BFFE2AB28FC7D8900D183CE /* SearchWeatherView.swift in Sources */ = {isa = PBXBuildFile; fileRef = 8BFFE2AA28FC7D8900D183CE /* SearchWeatherView.swift */; };
		8BFFE2AD28FC7D8D00D183CE /* SearchWeatherViewModel.swift in Sources */ = {isa = PBXBuildFile; fileRef = 8BFFE2AC28FC7D8D00D183CE /* SearchWeatherViewModel.swift */; };
		8BFFE2B028FC7DA300D183CE /* SearchWeatherGridView.swift in Sources */ = {isa = PBXBuildFile; fileRef = 8BFFE2AF28FC7DA300D183CE /* SearchWeatherGridView.swift */; };
		8BFFE2B228FC7DA900D183CE /* SearchWeatherGridViewModel.swift in Sources */ = {isa = PBXBuildFile; fileRef = 8BFFE2B128FC7DA900D183CE /* SearchWeatherGridViewModel.swift */; };
		8BFFE2B528FC7DBB00D183CE /* SearchWeatherListView.swift in Sources */ = {isa = PBXBuildFile; fileRef = 8BFFE2B428FC7DBB00D183CE /* SearchWeatherListView.swift */; };
		8BFFE2B728FC7DC000D183CE /* SearchWeatherListViewModel.swift in Sources */ = {isa = PBXBuildFile; fileRef = 8BFFE2B628FC7DC000D183CE /* SearchWeatherListViewModel.swift */; };
		8BFFE2BA28FC7DE600D183CE /* AddWeatherCellView.swift in Sources */ = {isa = PBXBuildFile; fileRef = 8BFFE2B928FC7DE600D183CE /* AddWeatherCellView.swift */; };
		8BFFE2BC28FC7DEB00D183CE /* AddWeatherCellViewModel.swift in Sources */ = {isa = PBXBuildFile; fileRef = 8BFFE2BB28FC7DEB00D183CE /* AddWeatherCellViewModel.swift */; };
		8BFFE2BF28FC7E4400D183CE /* AddWeatherPageView.swift in Sources */ = {isa = PBXBuildFile; fileRef = 8BFFE2BE28FC7E4400D183CE /* AddWeatherPageView.swift */; };
		8BFFE2C128FC7E4800D183CE /* AddWeatherPageViewModel.swift in Sources */ = {isa = PBXBuildFile; fileRef = 8BFFE2C028FC7E4800D183CE /* AddWeatherPageViewModel.swift */; };
		8BFFE2C428FC7E5300D183CE /* SelectWeatherCellView.swift in Sources */ = {isa = PBXBuildFile; fileRef = 8BFFE2C328FC7E5300D183CE /* SelectWeatherCellView.swift */; };
		8BFFE2C628FC7E5900D183CE /* SelectWeatherCellViewModel.swift in Sources */ = {isa = PBXBuildFile; fileRef = 8BFFE2C528FC7E5900D183CE /* SelectWeatherCellViewModel.swift */; };
		8BFFE2C928FC7E8000D183CE /* AddLivingIndexCellView.swift in Sources */ = {isa = PBXBuildFile; fileRef = 8BFFE2C828FC7E8000D183CE /* AddLivingIndexCellView.swift */; };
		8BFFE2CB28FC7E8500D183CE /* AddLivingIndexCellViewModel.swift in Sources */ = {isa = PBXBuildFile; fileRef = 8BFFE2CA28FC7E8500D183CE /* AddLivingIndexCellViewModel.swift */; };
		8BFFE2CF28FD18B800D183CE /* Weather.swift in Sources */ = {isa = PBXBuildFile; fileRef = 8BFFE2CE28FD18B800D183CE /* Weather.swift */; };
		8BFFE2D328FD18C600D183CE /* Notification.swift in Sources */ = {isa = PBXBuildFile; fileRef = 8BFFE2D228FD18C600D183CE /* Notification.swift */; };
		8BFFE2D628FD21FE00D183CE /* LocationSelectionView.swift in Sources */ = {isa = PBXBuildFile; fileRef = 8BFFE2D528FD21FE00D183CE /* LocationSelectionView.swift */; };
		8BFFE2D828FD220700D183CE /* LocationSelectionViewModel.swift in Sources */ = {isa = PBXBuildFile; fileRef = 8BFFE2D728FD220700D183CE /* LocationSelectionViewModel.swift */; };
		8BFFE2DB28FD222000D183CE /* LocationSelectionEditView.swift in Sources */ = {isa = PBXBuildFile; fileRef = 8BFFE2DA28FD222000D183CE /* LocationSelectionEditView.swift */; };
		8BFFE2DD28FD222800D183CE /* LocationSelectionEditViewModel.swift in Sources */ = {isa = PBXBuildFile; fileRef = 8BFFE2DC28FD222800D183CE /* LocationSelectionEditViewModel.swift */; };
		8BFFE2E428FD28B500D183CE /* WeatherCellFourByOne.swift in Sources */ = {isa = PBXBuildFile; fileRef = 8BFFE2E328FD28B500D183CE /* WeatherCellFourByOne.swift */; };
		8BFFE2E628FD293200D183CE /* WeatherCellFourByOneViewModel.swift in Sources */ = {isa = PBXBuildFile; fileRef = 8BFFE2E528FD293200D183CE /* WeatherCellFourByOneViewModel.swift */; };
		8BFFE2E928FD294500D183CE /* WeatherCellFourByTwo.swift in Sources */ = {isa = PBXBuildFile; fileRef = 8BFFE2E828FD294500D183CE /* WeatherCellFourByTwo.swift */; };
		8BFFE2EB28FD294C00D183CE /* WeatherCellFourByTwoViewModel.swift in Sources */ = {isa = PBXBuildFile; fileRef = 8BFFE2EA28FD294C00D183CE /* WeatherCellFourByTwoViewModel.swift */; };
		8BFFE2EE28FD295900D183CE /* WeatherCellFourByFour.swift in Sources */ = {isa = PBXBuildFile; fileRef = 8BFFE2ED28FD295900D183CE /* WeatherCellFourByFour.swift */; };
		8BFFE2F028FD296100D183CE /* WeatherCellFourByFourViewModel.swift in Sources */ = {isa = PBXBuildFile; fileRef = 8BFFE2EF28FD296100D183CE /* WeatherCellFourByFourViewModel.swift */; };
		8BFFE2F328FD2EBB00D183CE /* SnapKit in Frameworks */ = {isa = PBXBuildFile; productRef = 8BFFE2F228FD2EBB00D183CE /* SnapKit */; };
		8BFFE2F628FD2FC700D183CE /* RxSwift in Frameworks */ = {isa = PBXBuildFile; productRef = 8BFFE2F528FD2FC700D183CE /* RxSwift */; };
		8BFFE2F928FD31CE00D183CE /* Lottie in Frameworks */ = {isa = PBXBuildFile; productRef = 8BFFE2F828FD31CE00D183CE /* Lottie */; };
		8BFFE2FD28FE894B00D183CE /* Lexend-Regular.ttf in Resources */ = {isa = PBXBuildFile; fileRef = 8BFFE2FC28FE894B00D183CE /* Lexend-Regular.ttf */; };
		8BFFE2FE28FE894B00D183CE /* Lexend-Regular.ttf in Resources */ = {isa = PBXBuildFile; fileRef = 8BFFE2FC28FE894B00D183CE /* Lexend-Regular.ttf */; };
		8BFFE2FF28FE894B00D183CE /* Lexend-Regular.ttf in Resources */ = {isa = PBXBuildFile; fileRef = 8BFFE2FC28FE894B00D183CE /* Lexend-Regular.ttf */; };
		8BFFE30028FE894B00D183CE /* Lexend-Regular.ttf in Resources */ = {isa = PBXBuildFile; fileRef = 8BFFE2FC28FE894B00D183CE /* Lexend-Regular.ttf */; };
		D5130E6F28FD996E00BBAAFD /* WidgetKit.framework in Frameworks */ = {isa = PBXBuildFile; fileRef = D5130E6E28FD996E00BBAAFD /* WidgetKit.framework */; };
		D5130E7128FD996E00BBAAFD /* SwiftUI.framework in Frameworks */ = {isa = PBXBuildFile; fileRef = D5130E7028FD996E00BBAAFD /* SwiftUI.framework */; };
		D5130E7428FD996E00BBAAFD /* KloudyWidget.swift in Sources */ = {isa = PBXBuildFile; fileRef = D5130E7328FD996E00BBAAFD /* KloudyWidget.swift */; };
		D5130E7728FD996F00BBAAFD /* Assets.xcassets in Resources */ = {isa = PBXBuildFile; fileRef = D5130E7628FD996F00BBAAFD /* Assets.xcassets */; };
		D5130E7928FD996F00BBAAFD /* KloudyWidget.intentdefinition in Sources */ = {isa = PBXBuildFile; fileRef = D5130E7528FD996E00BBAAFD /* KloudyWidget.intentdefinition */; };
		D5130E7A28FD996F00BBAAFD /* KloudyWidget.intentdefinition in Sources */ = {isa = PBXBuildFile; fileRef = D5130E7528FD996E00BBAAFD /* KloudyWidget.intentdefinition */; };
		D5130E7D28FD996F00BBAAFD /* KloudyWidgetExtension.appex in Embed Foundation Extensions */ = {isa = PBXBuildFile; fileRef = D5130E6C28FD996E00BBAAFD /* KloudyWidgetExtension.appex */; settings = {ATTRIBUTES = (RemoveHeadersOnCopy, ); }; };
/* End PBXBuildFile section */

/* Begin PBXContainerItemProxy section */
		8BFFE25128F8534500D183CE /* PBXContainerItemProxy */ = {
			isa = PBXContainerItemProxy;
			containerPortal = 8BFFE22F28F8534400D183CE /* Project object */;
			proxyType = 1;
			remoteGlobalIDString = 8BFFE23628F8534400D183CE;
			remoteInfo = Kloudy;
		};
		8BFFE25B28F8534500D183CE /* PBXContainerItemProxy */ = {
			isa = PBXContainerItemProxy;
			containerPortal = 8BFFE22F28F8534400D183CE /* Project object */;
			proxyType = 1;
			remoteGlobalIDString = 8BFFE23628F8534400D183CE;
			remoteInfo = Kloudy;
		};
		D5130E7B28FD996F00BBAAFD /* PBXContainerItemProxy */ = {
			isa = PBXContainerItemProxy;
			containerPortal = 8BFFE22F28F8534400D183CE /* Project object */;
			proxyType = 1;
			remoteGlobalIDString = D5130E6B28FD996E00BBAAFD;
			remoteInfo = KloudyWidgetExtension;
		};
/* End PBXContainerItemProxy section */

/* Begin PBXCopyFilesBuildPhase section */
		D5130E7E28FD996F00BBAAFD /* Embed Foundation Extensions */ = {
			isa = PBXCopyFilesBuildPhase;
			buildActionMask = 8;
			dstPath = "";
			dstSubfolderSpec = 13;
			files = (
				D5130E7D28FD996F00BBAAFD /* KloudyWidgetExtension.appex in Embed Foundation Extensions */,
			);
			name = "Embed Foundation Extensions";
			runOnlyForDeploymentPostprocessing = 1;
		};
/* End PBXCopyFilesBuildPhase section */

/* Begin PBXFileReference section */
		22C0328F28FDA10000E8AAF5 /* Location+CoreDataClass.swift */ = {isa = PBXFileReference; lastKnownFileType = sourcecode.swift; path = "Location+CoreDataClass.swift"; sourceTree = "<group>"; };
		22C0329028FDA10000E8AAF5 /* Location+CoreDataProperties.swift */ = {isa = PBXFileReference; lastKnownFileType = sourcecode.swift; path = "Location+CoreDataProperties.swift"; sourceTree = "<group>"; };
		22C0329128FDA10000E8AAF5 /* WeatherCell+CoreDataClass.swift */ = {isa = PBXFileReference; lastKnownFileType = sourcecode.swift; path = "WeatherCell+CoreDataClass.swift"; sourceTree = "<group>"; };
		22C0329228FDA10000E8AAF5 /* WeatherCell+CoreDataProperties.swift */ = {isa = PBXFileReference; lastKnownFileType = sourcecode.swift; path = "WeatherCell+CoreDataProperties.swift"; sourceTree = "<group>"; };
		22C0329728FE46A100E8AAF5 /* CoreDataStack.swift */ = {isa = PBXFileReference; lastKnownFileType = sourcecode.swift; path = CoreDataStack.swift; sourceTree = "<group>"; };
		8BFFE23728F8534400D183CE /* Kloudy.app */ = {isa = PBXFileReference; explicitFileType = wrapper.application; includeInIndex = 0; path = Kloudy.app; sourceTree = BUILT_PRODUCTS_DIR; };
		8BFFE23A28F8534400D183CE /* AppDelegate.swift */ = {isa = PBXFileReference; lastKnownFileType = sourcecode.swift; path = AppDelegate.swift; sourceTree = "<group>"; };
		8BFFE23C28F8534400D183CE /* SceneDelegate.swift */ = {isa = PBXFileReference; lastKnownFileType = sourcecode.swift; path = SceneDelegate.swift; sourceTree = "<group>"; };
		8BFFE23E28F8534400D183CE /* ViewController.swift */ = {isa = PBXFileReference; lastKnownFileType = sourcecode.swift; path = ViewController.swift; sourceTree = "<group>"; };
		8BFFE24128F8534400D183CE /* Base */ = {isa = PBXFileReference; lastKnownFileType = file.storyboard; name = Base; path = Base.lproj/Main.storyboard; sourceTree = "<group>"; };
		8BFFE24428F8534400D183CE /* Kloudy.xcdatamodel */ = {isa = PBXFileReference; lastKnownFileType = wrapper.xcdatamodel; path = Kloudy.xcdatamodel; sourceTree = "<group>"; };
		8BFFE24628F8534400D183CE /* Assets.xcassets */ = {isa = PBXFileReference; lastKnownFileType = folder.assetcatalog; path = Assets.xcassets; sourceTree = "<group>"; };
		8BFFE24928F8534400D183CE /* Base */ = {isa = PBXFileReference; lastKnownFileType = file.storyboard; name = Base; path = Base.lproj/LaunchScreen.storyboard; sourceTree = "<group>"; };
		8BFFE24B28F8534400D183CE /* Info.plist */ = {isa = PBXFileReference; lastKnownFileType = text.plist.xml; path = Info.plist; sourceTree = "<group>"; };
		8BFFE25028F8534500D183CE /* KloudyTests.xctest */ = {isa = PBXFileReference; explicitFileType = wrapper.cfbundle; includeInIndex = 0; path = KloudyTests.xctest; sourceTree = BUILT_PRODUCTS_DIR; };
		8BFFE25428F8534500D183CE /* KloudyTests.swift */ = {isa = PBXFileReference; lastKnownFileType = sourcecode.swift; path = KloudyTests.swift; sourceTree = "<group>"; };
		8BFFE25A28F8534500D183CE /* KloudyUITests.xctest */ = {isa = PBXFileReference; explicitFileType = wrapper.cfbundle; includeInIndex = 0; path = KloudyUITests.xctest; sourceTree = BUILT_PRODUCTS_DIR; };
		8BFFE25E28F8534500D183CE /* KloudyUITests.swift */ = {isa = PBXFileReference; lastKnownFileType = sourcecode.swift; path = KloudyUITests.swift; sourceTree = "<group>"; };
		8BFFE26028F8534500D183CE /* KloudyUITestsLaunchTests.swift */ = {isa = PBXFileReference; lastKnownFileType = sourcecode.swift; path = KloudyUITestsLaunchTests.swift; sourceTree = "<group>"; };
		8BFFE27C28FC17AE00D183CE /* Kloudy+Font.swift */ = {isa = PBXFileReference; lastKnownFileType = sourcecode.swift; path = "Kloudy+Font.swift"; sourceTree = "<group>"; };
		8BFFE27E28FC17B500D183CE /* Kloudy+Color.swift */ = {isa = PBXFileReference; lastKnownFileType = sourcecode.swift; path = "Kloudy+Color.swift"; sourceTree = "<group>"; };
		8BFFE28328FC7A9400D183CE /* CheckWeatherView.swift */ = {isa = PBXFileReference; lastKnownFileType = sourcecode.swift; path = CheckWeatherView.swift; sourceTree = "<group>"; };
		8BFFE28528FC7AA200D183CE /* CheckWeatherViewModel.swift */ = {isa = PBXFileReference; lastKnownFileType = sourcecode.swift; path = CheckWeatherViewModel.swift; sourceTree = "<group>"; };
		8BFFE28828FC7BAD00D183CE /* CheckWeatherBasicNavigationView.swift */ = {isa = PBXFileReference; lastKnownFileType = sourcecode.swift; path = CheckWeatherBasicNavigationView.swift; sourceTree = "<group>"; };
		8BFFE28A28FC7BB300D183CE /* CheckWeatherBasicNavigationViewModel.swift */ = {isa = PBXFileReference; lastKnownFileType = sourcecode.swift; path = CheckWeatherBasicNavigationViewModel.swift; sourceTree = "<group>"; };
		8BFFE28D28FC7BC600D183CE /* CheckWeatherEditNavigationView.swift */ = {isa = PBXFileReference; lastKnownFileType = sourcecode.swift; path = CheckWeatherEditNavigationView.swift; sourceTree = "<group>"; };
		8BFFE28F28FC7BCC00D183CE /* CheckWeatherEditNavigationViewModel.swift */ = {isa = PBXFileReference; lastKnownFileType = sourcecode.swift; path = CheckWeatherEditNavigationViewModel.swift; sourceTree = "<group>"; };
		8BFFE29228FC7BE400D183CE /* CheckWeatherPageView.swift */ = {isa = PBXFileReference; lastKnownFileType = sourcecode.swift; path = CheckWeatherPageView.swift; sourceTree = "<group>"; };
		8BFFE29428FC7BEC00D183CE /* CheckWeatherPageViewModel.swift */ = {isa = PBXFileReference; lastKnownFileType = sourcecode.swift; path = CheckWeatherPageViewModel.swift; sourceTree = "<group>"; };
		8BFFE29728FC7C2500D183CE /* CheckLocationWeatherView.swift */ = {isa = PBXFileReference; lastKnownFileType = sourcecode.swift; path = CheckLocationWeatherView.swift; sourceTree = "<group>"; };
		8BFFE29928FC7C2A00D183CE /* CheckLocationWeatherViewModel.swift */ = {isa = PBXFileReference; lastKnownFileType = sourcecode.swift; path = CheckLocationWeatherViewModel.swift; sourceTree = "<group>"; };
		8BFFE29E28FC7CB300D183CE /* CheckCityView.swift */ = {isa = PBXFileReference; lastKnownFileType = sourcecode.swift; path = CheckCityView.swift; sourceTree = "<group>"; };
		8BFFE2A028FC7CBC00D183CE /* CheckCityViewModel.swift */ = {isa = PBXFileReference; lastKnownFileType = sourcecode.swift; path = CheckCityViewModel.swift; sourceTree = "<group>"; };
		8BFFE2A428FC7D0200D183CE /* CheckWeatherCollectionView.swift */ = {isa = PBXFileReference; lastKnownFileType = sourcecode.swift; path = CheckWeatherCollectionView.swift; sourceTree = "<group>"; };
		8BFFE2A628FC7D0700D183CE /* CheckWeatherCollectionViewModel.swift */ = {isa = PBXFileReference; lastKnownFileType = sourcecode.swift; path = CheckWeatherCollectionViewModel.swift; sourceTree = "<group>"; };
		8BFFE2AA28FC7D8900D183CE /* SearchWeatherView.swift */ = {isa = PBXFileReference; lastKnownFileType = sourcecode.swift; path = SearchWeatherView.swift; sourceTree = "<group>"; };
		8BFFE2AC28FC7D8D00D183CE /* SearchWeatherViewModel.swift */ = {isa = PBXFileReference; lastKnownFileType = sourcecode.swift; path = SearchWeatherViewModel.swift; sourceTree = "<group>"; };
		8BFFE2AF28FC7DA300D183CE /* SearchWeatherGridView.swift */ = {isa = PBXFileReference; lastKnownFileType = sourcecode.swift; path = SearchWeatherGridView.swift; sourceTree = "<group>"; };
		8BFFE2B128FC7DA900D183CE /* SearchWeatherGridViewModel.swift */ = {isa = PBXFileReference; lastKnownFileType = sourcecode.swift; path = SearchWeatherGridViewModel.swift; sourceTree = "<group>"; };
		8BFFE2B428FC7DBB00D183CE /* SearchWeatherListView.swift */ = {isa = PBXFileReference; lastKnownFileType = sourcecode.swift; path = SearchWeatherListView.swift; sourceTree = "<group>"; };
		8BFFE2B628FC7DC000D183CE /* SearchWeatherListViewModel.swift */ = {isa = PBXFileReference; lastKnownFileType = sourcecode.swift; path = SearchWeatherListViewModel.swift; sourceTree = "<group>"; };
		8BFFE2B928FC7DE600D183CE /* AddWeatherCellView.swift */ = {isa = PBXFileReference; lastKnownFileType = sourcecode.swift; path = AddWeatherCellView.swift; sourceTree = "<group>"; };
		8BFFE2BB28FC7DEB00D183CE /* AddWeatherCellViewModel.swift */ = {isa = PBXFileReference; lastKnownFileType = sourcecode.swift; path = AddWeatherCellViewModel.swift; sourceTree = "<group>"; };
		8BFFE2BE28FC7E4400D183CE /* AddWeatherPageView.swift */ = {isa = PBXFileReference; lastKnownFileType = sourcecode.swift; path = AddWeatherPageView.swift; sourceTree = "<group>"; };
		8BFFE2C028FC7E4800D183CE /* AddWeatherPageViewModel.swift */ = {isa = PBXFileReference; lastKnownFileType = sourcecode.swift; path = AddWeatherPageViewModel.swift; sourceTree = "<group>"; };
		8BFFE2C328FC7E5300D183CE /* SelectWeatherCellView.swift */ = {isa = PBXFileReference; lastKnownFileType = sourcecode.swift; path = SelectWeatherCellView.swift; sourceTree = "<group>"; };
		8BFFE2C528FC7E5900D183CE /* SelectWeatherCellViewModel.swift */ = {isa = PBXFileReference; lastKnownFileType = sourcecode.swift; path = SelectWeatherCellViewModel.swift; sourceTree = "<group>"; };
		8BFFE2C828FC7E8000D183CE /* AddLivingIndexCellView.swift */ = {isa = PBXFileReference; lastKnownFileType = sourcecode.swift; path = AddLivingIndexCellView.swift; sourceTree = "<group>"; };
		8BFFE2CA28FC7E8500D183CE /* AddLivingIndexCellViewModel.swift */ = {isa = PBXFileReference; lastKnownFileType = sourcecode.swift; path = AddLivingIndexCellViewModel.swift; sourceTree = "<group>"; };
		8BFFE2CE28FD18B800D183CE /* Weather.swift */ = {isa = PBXFileReference; lastKnownFileType = sourcecode.swift; path = Weather.swift; sourceTree = "<group>"; };
		8BFFE2D228FD18C600D183CE /* Notification.swift */ = {isa = PBXFileReference; lastKnownFileType = sourcecode.swift; path = Notification.swift; sourceTree = "<group>"; };
		8BFFE2D528FD21FE00D183CE /* LocationSelectionView.swift */ = {isa = PBXFileReference; lastKnownFileType = sourcecode.swift; path = LocationSelectionView.swift; sourceTree = "<group>"; };
		8BFFE2D728FD220700D183CE /* LocationSelectionViewModel.swift */ = {isa = PBXFileReference; lastKnownFileType = sourcecode.swift; path = LocationSelectionViewModel.swift; sourceTree = "<group>"; };
		8BFFE2DA28FD222000D183CE /* LocationSelectionEditView.swift */ = {isa = PBXFileReference; lastKnownFileType = sourcecode.swift; path = LocationSelectionEditView.swift; sourceTree = "<group>"; };
		8BFFE2DC28FD222800D183CE /* LocationSelectionEditViewModel.swift */ = {isa = PBXFileReference; lastKnownFileType = sourcecode.swift; path = LocationSelectionEditViewModel.swift; sourceTree = "<group>"; };
		8BFFE2E328FD28B500D183CE /* WeatherCellFourByOne.swift */ = {isa = PBXFileReference; lastKnownFileType = sourcecode.swift; path = WeatherCellFourByOne.swift; sourceTree = "<group>"; };
		8BFFE2E528FD293200D183CE /* WeatherCellFourByOneViewModel.swift */ = {isa = PBXFileReference; lastKnownFileType = sourcecode.swift; path = WeatherCellFourByOneViewModel.swift; sourceTree = "<group>"; };
		8BFFE2E828FD294500D183CE /* WeatherCellFourByTwo.swift */ = {isa = PBXFileReference; lastKnownFileType = sourcecode.swift; path = WeatherCellFourByTwo.swift; sourceTree = "<group>"; };
		8BFFE2EA28FD294C00D183CE /* WeatherCellFourByTwoViewModel.swift */ = {isa = PBXFileReference; lastKnownFileType = sourcecode.swift; path = WeatherCellFourByTwoViewModel.swift; sourceTree = "<group>"; };
		8BFFE2ED28FD295900D183CE /* WeatherCellFourByFour.swift */ = {isa = PBXFileReference; lastKnownFileType = sourcecode.swift; path = WeatherCellFourByFour.swift; sourceTree = "<group>"; };
		8BFFE2EF28FD296100D183CE /* WeatherCellFourByFourViewModel.swift */ = {isa = PBXFileReference; lastKnownFileType = sourcecode.swift; path = WeatherCellFourByFourViewModel.swift; sourceTree = "<group>"; };
		8BFFE2FC28FE894B00D183CE /* Lexend-Regular.ttf */ = {isa = PBXFileReference; lastKnownFileType = file; path = "Lexend-Regular.ttf"; sourceTree = "<group>"; };
		D5130E6C28FD996E00BBAAFD /* KloudyWidgetExtension.appex */ = {isa = PBXFileReference; explicitFileType = "wrapper.app-extension"; includeInIndex = 0; path = KloudyWidgetExtension.appex; sourceTree = BUILT_PRODUCTS_DIR; };
		D5130E6E28FD996E00BBAAFD /* WidgetKit.framework */ = {isa = PBXFileReference; lastKnownFileType = wrapper.framework; name = WidgetKit.framework; path = System/Library/Frameworks/WidgetKit.framework; sourceTree = SDKROOT; };
		D5130E7028FD996E00BBAAFD /* SwiftUI.framework */ = {isa = PBXFileReference; lastKnownFileType = wrapper.framework; name = SwiftUI.framework; path = System/Library/Frameworks/SwiftUI.framework; sourceTree = SDKROOT; };
		D5130E7328FD996E00BBAAFD /* KloudyWidget.swift */ = {isa = PBXFileReference; lastKnownFileType = sourcecode.swift; path = KloudyWidget.swift; sourceTree = "<group>"; };
		D5130E7528FD996E00BBAAFD /* KloudyWidget.intentdefinition */ = {isa = PBXFileReference; lastKnownFileType = file.intentdefinition; path = KloudyWidget.intentdefinition; sourceTree = "<group>"; };
		D5130E7628FD996F00BBAAFD /* Assets.xcassets */ = {isa = PBXFileReference; lastKnownFileType = folder.assetcatalog; path = Assets.xcassets; sourceTree = "<group>"; };
		D5130E7828FD996F00BBAAFD /* Info.plist */ = {isa = PBXFileReference; lastKnownFileType = text.plist.xml; path = Info.plist; sourceTree = "<group>"; };
/* End PBXFileReference section */

/* Begin PBXFrameworksBuildPhase section */
		8BFFE23428F8534400D183CE /* Frameworks */ = {
			isa = PBXFrameworksBuildPhase;
			buildActionMask = 2147483647;
			files = (
				8BFFE2F628FD2FC700D183CE /* RxSwift in Frameworks */,
				8BFFE2F328FD2EBB00D183CE /* SnapKit in Frameworks */,
				8BFFE2F928FD31CE00D183CE /* Lottie in Frameworks */,
			);
			runOnlyForDeploymentPostprocessing = 0;
		};
		8BFFE24D28F8534500D183CE /* Frameworks */ = {
			isa = PBXFrameworksBuildPhase;
			buildActionMask = 2147483647;
			files = (
			);
			runOnlyForDeploymentPostprocessing = 0;
		};
		8BFFE25728F8534500D183CE /* Frameworks */ = {
			isa = PBXFrameworksBuildPhase;
			buildActionMask = 2147483647;
			files = (
			);
			runOnlyForDeploymentPostprocessing = 0;
		};
		D5130E6928FD996E00BBAAFD /* Frameworks */ = {
			isa = PBXFrameworksBuildPhase;
			buildActionMask = 2147483647;
			files = (
				D5130E7128FD996E00BBAAFD /* SwiftUI.framework in Frameworks */,
				D5130E6F28FD996E00BBAAFD /* WidgetKit.framework in Frameworks */,
			);
			runOnlyForDeploymentPostprocessing = 0;
		};
/* End PBXFrameworksBuildPhase section */

/* Begin PBXGroup section */
		8BFFE22E28F8534400D183CE = {
			isa = PBXGroup;
			children = (
				8BFFE23928F8534400D183CE /* Kloudy */,
				8BFFE25328F8534500D183CE /* KloudyTests */,
				8BFFE25D28F8534500D183CE /* KloudyUITests */,
				D5130E7228FD996E00BBAAFD /* KloudyWidget */,
				D5130E6D28FD996E00BBAAFD /* Frameworks */,
				8BFFE23828F8534400D183CE /* Products */,
			);
			sourceTree = "<group>";
		};
		8BFFE23828F8534400D183CE /* Products */ = {
			isa = PBXGroup;
			children = (
				8BFFE23728F8534400D183CE /* Kloudy.app */,
				8BFFE25028F8534500D183CE /* KloudyTests.xctest */,
				8BFFE25A28F8534500D183CE /* KloudyUITests.xctest */,
				D5130E6C28FD996E00BBAAFD /* KloudyWidgetExtension.appex */,
			);
			name = Products;
			sourceTree = "<group>";
		};
		8BFFE23928F8534400D183CE /* Kloudy */ = {
			isa = PBXGroup;
			children = (
				8BFFE27828FC16D300D183CE /* Resource */,
				8BFFE27728FC16C400D183CE /* Extension */,
				8BFFE27628FC169100D183CE /* Network */,
				8BFFE27528FC168C00D183CE /* Model */,
				8BFFE28028FC195A00D183CE /* Application */,
				8BFFE23E28F8534400D183CE /* ViewController.swift */,
				8BFFE24028F8534400D183CE /* Main.storyboard */,
				8BFFE27428FC0F6D00D183CE /* View */,
				8BFFE24B28F8534400D183CE /* Info.plist */,
				8BFFE27A28FC172400D183CE /* CoreData */,
			);
			path = Kloudy;
			sourceTree = "<group>";
		};
		8BFFE25328F8534500D183CE /* KloudyTests */ = {
			isa = PBXGroup;
			children = (
				8BFFE25428F8534500D183CE /* KloudyTests.swift */,
			);
			path = KloudyTests;
			sourceTree = "<group>";
		};
		8BFFE25D28F8534500D183CE /* KloudyUITests */ = {
			isa = PBXGroup;
			children = (
				8BFFE25E28F8534500D183CE /* KloudyUITests.swift */,
				8BFFE26028F8534500D183CE /* KloudyUITestsLaunchTests.swift */,
			);
			path = KloudyUITests;
			sourceTree = "<group>";
		};
		8BFFE27428FC0F6D00D183CE /* View */ = {
			isa = PBXGroup;
			children = (
				8BFFE2DE28FD223B00D183CE /* CheckWeather */,
				8BFFE2E028FD251000D183CE /* AddWeather */,
				8BFFE2DF28FD248500D183CE /* CheckLocation */,
				8BFFE2E128FD283400D183CE /* WeatherCells */,
			);
			path = View;
			sourceTree = "<group>";
		};
		8BFFE27528FC168C00D183CE /* Model */ = {
			isa = PBXGroup;
			children = (
				22C0328F28FDA10000E8AAF5 /* Location+CoreDataClass.swift */,
				22C0329028FDA10000E8AAF5 /* Location+CoreDataProperties.swift */,
				22C0329128FDA10000E8AAF5 /* WeatherCell+CoreDataClass.swift */,
				22C0329228FDA10000E8AAF5 /* WeatherCell+CoreDataProperties.swift */,
				8BFFE2CE28FD18B800D183CE /* Weather.swift */,
				8BFFE2D228FD18C600D183CE /* Notification.swift */,
				22C0329728FE46A100E8AAF5 /* CoreDataStack.swift */,
			);
			path = Model;
			sourceTree = "<group>";
		};
		8BFFE27628FC169100D183CE /* Network */ = {
			isa = PBXGroup;
			children = (
			);
			path = Network;
			sourceTree = "<group>";
		};
		8BFFE27728FC16C400D183CE /* Extension */ = {
			isa = PBXGroup;
			children = (
				8BFFE27C28FC17AE00D183CE /* Kloudy+Font.swift */,
				8BFFE27E28FC17B500D183CE /* Kloudy+Color.swift */,
			);
			path = Extension;
			sourceTree = "<group>";
		};
		8BFFE27828FC16D300D183CE /* Resource */ = {
			isa = PBXGroup;
			children = (
				8BFFE27B28FC177A00D183CE /* Font */,
				8BFFE24628F8534400D183CE /* Assets.xcassets */,
			);
			path = Resource;
			sourceTree = "<group>";
		};
		8BFFE27A28FC172400D183CE /* CoreData */ = {
			isa = PBXGroup;
			children = (
				8BFFE24328F8534400D183CE /* Kloudy.xcdatamodeld */,
			);
			path = CoreData;
			sourceTree = "<group>";
		};
		8BFFE27B28FC177A00D183CE /* Font */ = {
			isa = PBXGroup;
			children = (
				8BFFE2FC28FE894B00D183CE /* Lexend-Regular.ttf */,
			);
			path = Font;
			sourceTree = "<group>";
		};
		8BFFE28028FC195A00D183CE /* Application */ = {
			isa = PBXGroup;
			children = (
				8BFFE23A28F8534400D183CE /* AppDelegate.swift */,
				8BFFE23C28F8534400D183CE /* SceneDelegate.swift */,
				8BFFE24828F8534400D183CE /* LaunchScreen.storyboard */,
			);
			path = Application;
			sourceTree = "<group>";
		};
		8BFFE28128FC1CDE00D183CE /* CheckWeatherView */ = {
			isa = PBXGroup;
			children = (
				8BFFE28328FC7A9400D183CE /* CheckWeatherView.swift */,
				8BFFE28528FC7AA200D183CE /* CheckWeatherViewModel.swift */,
			);
			path = CheckWeatherView;
			sourceTree = "<group>";
		};
		8BFFE28228FC1CEB00D183CE /* SearchWeatherCellView */ = {
			isa = PBXGroup;
			children = (
				8BFFE2AA28FC7D8900D183CE /* SearchWeatherView.swift */,
				8BFFE2AC28FC7D8D00D183CE /* SearchWeatherViewModel.swift */,
			);
			path = SearchWeatherCellView;
			sourceTree = "<group>";
		};
		8BFFE28728FC7BA200D183CE /* CheckWeatherBasicNavigationView */ = {
			isa = PBXGroup;
			children = (
				8BFFE28828FC7BAD00D183CE /* CheckWeatherBasicNavigationView.swift */,
				8BFFE28A28FC7BB300D183CE /* CheckWeatherBasicNavigationViewModel.swift */,
			);
			path = CheckWeatherBasicNavigationView;
			sourceTree = "<group>";
		};
		8BFFE28C28FC7BBC00D183CE /* CheckWeatherEditNavigationView */ = {
			isa = PBXGroup;
			children = (
				8BFFE28D28FC7BC600D183CE /* CheckWeatherEditNavigationView.swift */,
				8BFFE28F28FC7BCC00D183CE /* CheckWeatherEditNavigationViewModel.swift */,
			);
			path = CheckWeatherEditNavigationView;
			sourceTree = "<group>";
		};
		8BFFE29128FC7BDA00D183CE /* CheckWeatherPageView */ = {
			isa = PBXGroup;
			children = (
				8BFFE29228FC7BE400D183CE /* CheckWeatherPageView.swift */,
				8BFFE29428FC7BEC00D183CE /* CheckWeatherPageViewModel.swift */,
			);
			path = CheckWeatherPageView;
			sourceTree = "<group>";
		};
		8BFFE29628FC7C1B00D183CE /* CheckLocationWeatherView */ = {
			isa = PBXGroup;
			children = (
				8BFFE29728FC7C2500D183CE /* CheckLocationWeatherView.swift */,
				8BFFE29928FC7C2A00D183CE /* CheckLocationWeatherViewModel.swift */,
			);
			path = CheckLocationWeatherView;
			sourceTree = "<group>";
		};
		8BFFE29B28FC7C7600D183CE /* CheckCityWeatherView */ = {
			isa = PBXGroup;
			children = (
				8BFFE29E28FC7CB300D183CE /* CheckCityView.swift */,
				8BFFE2A028FC7CBC00D183CE /* CheckCityViewModel.swift */,
			);
			path = CheckCityWeatherView;
			sourceTree = "<group>";
		};
		8BFFE2A328FC7CF700D183CE /* CheckWeatherCollectionView */ = {
			isa = PBXGroup;
			children = (
				8BFFE2A428FC7D0200D183CE /* CheckWeatherCollectionView.swift */,
				8BFFE2A628FC7D0700D183CE /* CheckWeatherCollectionViewModel.swift */,
			);
			path = CheckWeatherCollectionView;
			sourceTree = "<group>";
		};
		8BFFE2AE28FC7D9100D183CE /* SearchWeatherGridView */ = {
			isa = PBXGroup;
			children = (
				8BFFE2AF28FC7DA300D183CE /* SearchWeatherGridView.swift */,
				8BFFE2B128FC7DA900D183CE /* SearchWeatherGridViewModel.swift */,
			);
			path = SearchWeatherGridView;
			sourceTree = "<group>";
		};
		8BFFE2B328FC7DB400D183CE /* SearchWeatherListView */ = {
			isa = PBXGroup;
			children = (
				8BFFE2B428FC7DBB00D183CE /* SearchWeatherListView.swift */,
				8BFFE2B628FC7DC000D183CE /* SearchWeatherListViewModel.swift */,
			);
			path = SearchWeatherListView;
			sourceTree = "<group>";
		};
		8BFFE2B828FC7DD600D183CE /* AddWeatherCellView */ = {
			isa = PBXGroup;
			children = (
				8BFFE2B928FC7DE600D183CE /* AddWeatherCellView.swift */,
				8BFFE2BB28FC7DEB00D183CE /* AddWeatherCellViewModel.swift */,
			);
			path = AddWeatherCellView;
			sourceTree = "<group>";
		};
		8BFFE2BD28FC7E3B00D183CE /* AddWeatherPageView */ = {
			isa = PBXGroup;
			children = (
				8BFFE2BE28FC7E4400D183CE /* AddWeatherPageView.swift */,
				8BFFE2C028FC7E4800D183CE /* AddWeatherPageViewModel.swift */,
			);
			path = AddWeatherPageView;
			sourceTree = "<group>";
		};
		8BFFE2C228FC7E4B00D183CE /* SelectWeatherCellView */ = {
			isa = PBXGroup;
			children = (
				8BFFE2C328FC7E5300D183CE /* SelectWeatherCellView.swift */,
				8BFFE2C528FC7E5900D183CE /* SelectWeatherCellViewModel.swift */,
			);
			path = SelectWeatherCellView;
			sourceTree = "<group>";
		};
		8BFFE2C728FC7E5D00D183CE /* AddLivingIndexCellView */ = {
			isa = PBXGroup;
			children = (
				8BFFE2C828FC7E8000D183CE /* AddLivingIndexCellView.swift */,
				8BFFE2CA28FC7E8500D183CE /* AddLivingIndexCellViewModel.swift */,
			);
			path = AddLivingIndexCellView;
			sourceTree = "<group>";
		};
		8BFFE2D428FD21F300D183CE /* LocationSelectionView */ = {
			isa = PBXGroup;
			children = (
				8BFFE2D528FD21FE00D183CE /* LocationSelectionView.swift */,
				8BFFE2D728FD220700D183CE /* LocationSelectionViewModel.swift */,
			);
			path = LocationSelectionView;
			sourceTree = "<group>";
		};
		8BFFE2D928FD221200D183CE /* LocationSelectionEditView */ = {
			isa = PBXGroup;
			children = (
				8BFFE2DA28FD222000D183CE /* LocationSelectionEditView.swift */,
				8BFFE2DC28FD222800D183CE /* LocationSelectionEditViewModel.swift */,
			);
			path = LocationSelectionEditView;
			sourceTree = "<group>";
		};
		8BFFE2DE28FD223B00D183CE /* CheckWeather */ = {
			isa = PBXGroup;
			children = (
				8BFFE28128FC1CDE00D183CE /* CheckWeatherView */,
				8BFFE28728FC7BA200D183CE /* CheckWeatherBasicNavigationView */,
				8BFFE28C28FC7BBC00D183CE /* CheckWeatherEditNavigationView */,
				8BFFE29128FC7BDA00D183CE /* CheckWeatherPageView */,
				8BFFE29628FC7C1B00D183CE /* CheckLocationWeatherView */,
				8BFFE2A328FC7CF700D183CE /* CheckWeatherCollectionView */,
				8BFFE29B28FC7C7600D183CE /* CheckCityWeatherView */,
			);
			path = CheckWeather;
			sourceTree = "<group>";
		};
		8BFFE2DF28FD248500D183CE /* CheckLocation */ = {
			isa = PBXGroup;
			children = (
				8BFFE2D928FD221200D183CE /* LocationSelectionEditView */,
				8BFFE2D428FD21F300D183CE /* LocationSelectionView */,
			);
			path = CheckLocation;
			sourceTree = "<group>";
		};
		8BFFE2E028FD251000D183CE /* AddWeather */ = {
			isa = PBXGroup;
			children = (
				8BFFE2C228FC7E4B00D183CE /* SelectWeatherCellView */,
				8BFFE2AE28FC7D9100D183CE /* SearchWeatherGridView */,
				8BFFE28228FC1CEB00D183CE /* SearchWeatherCellView */,
				8BFFE2B328FC7DB400D183CE /* SearchWeatherListView */,
				8BFFE2BD28FC7E3B00D183CE /* AddWeatherPageView */,
				8BFFE2B828FC7DD600D183CE /* AddWeatherCellView */,
				8BFFE2C728FC7E5D00D183CE /* AddLivingIndexCellView */,
			);
			path = AddWeather;
			sourceTree = "<group>";
		};
		8BFFE2E128FD283400D183CE /* WeatherCells */ = {
			isa = PBXGroup;
			children = (
				8BFFE2EC28FD295000D183CE /* WeatherCellFourByFour */,
				8BFFE2E728FD293A00D183CE /* WeatherCellFourByTwo */,
				8BFFE2E228FD284B00D183CE /* WeatherCellFourByOne */,
			);
			path = WeatherCells;
			sourceTree = "<group>";
		};
		8BFFE2E228FD284B00D183CE /* WeatherCellFourByOne */ = {
			isa = PBXGroup;
			children = (
				8BFFE2E328FD28B500D183CE /* WeatherCellFourByOne.swift */,
				8BFFE2E528FD293200D183CE /* WeatherCellFourByOneViewModel.swift */,
			);
			path = WeatherCellFourByOne;
			sourceTree = "<group>";
		};
		8BFFE2E728FD293A00D183CE /* WeatherCellFourByTwo */ = {
			isa = PBXGroup;
			children = (
				8BFFE2E828FD294500D183CE /* WeatherCellFourByTwo.swift */,
				8BFFE2EA28FD294C00D183CE /* WeatherCellFourByTwoViewModel.swift */,
			);
			path = WeatherCellFourByTwo;
			sourceTree = "<group>";
		};
		8BFFE2EC28FD295000D183CE /* WeatherCellFourByFour */ = {
			isa = PBXGroup;
			children = (
				8BFFE2ED28FD295900D183CE /* WeatherCellFourByFour.swift */,
				8BFFE2EF28FD296100D183CE /* WeatherCellFourByFourViewModel.swift */,
			);
			path = WeatherCellFourByFour;
			sourceTree = "<group>";
		};
		D5130E6D28FD996E00BBAAFD /* Frameworks */ = {
			isa = PBXGroup;
			children = (
				D5130E6E28FD996E00BBAAFD /* WidgetKit.framework */,
				D5130E7028FD996E00BBAAFD /* SwiftUI.framework */,
			);
			name = Frameworks;
			sourceTree = "<group>";
		};
		D5130E7228FD996E00BBAAFD /* KloudyWidget */ = {
			isa = PBXGroup;
			children = (
				D5130E7328FD996E00BBAAFD /* KloudyWidget.swift */,
				D5130E7528FD996E00BBAAFD /* KloudyWidget.intentdefinition */,
				D5130E7628FD996F00BBAAFD /* Assets.xcassets */,
				D5130E7828FD996F00BBAAFD /* Info.plist */,
			);
			path = KloudyWidget;
			sourceTree = "<group>";
		};
/* End PBXGroup section */

/* Begin PBXNativeTarget section */
		8BFFE23628F8534400D183CE /* Kloudy */ = {
			isa = PBXNativeTarget;
			buildConfigurationList = 8BFFE26428F8534500D183CE /* Build configuration list for PBXNativeTarget "Kloudy" */;
			buildPhases = (
				8BFFE23328F8534400D183CE /* Sources */,
				8BFFE23428F8534400D183CE /* Frameworks */,
				8BFFE23528F8534400D183CE /* Resources */,
				D5130E7E28FD996F00BBAAFD /* Embed Foundation Extensions */,
			);
			buildRules = (
			);
			dependencies = (
				D5130E7C28FD996F00BBAAFD /* PBXTargetDependency */,
			);
			name = Kloudy;
			packageProductDependencies = (
				8BFFE2F228FD2EBB00D183CE /* SnapKit */,
				8BFFE2F528FD2FC700D183CE /* RxSwift */,
				8BFFE2F828FD31CE00D183CE /* Lottie */,
			);
			productName = Kloudy;
			productReference = 8BFFE23728F8534400D183CE /* Kloudy.app */;
			productType = "com.apple.product-type.application";
		};
		8BFFE24F28F8534500D183CE /* KloudyTests */ = {
			isa = PBXNativeTarget;
			buildConfigurationList = 8BFFE26728F8534500D183CE /* Build configuration list for PBXNativeTarget "KloudyTests" */;
			buildPhases = (
				8BFFE24C28F8534500D183CE /* Sources */,
				8BFFE24D28F8534500D183CE /* Frameworks */,
				8BFFE24E28F8534500D183CE /* Resources */,
			);
			buildRules = (
			);
			dependencies = (
				8BFFE25228F8534500D183CE /* PBXTargetDependency */,
			);
			name = KloudyTests;
			productName = KloudyTests;
			productReference = 8BFFE25028F8534500D183CE /* KloudyTests.xctest */;
			productType = "com.apple.product-type.bundle.unit-test";
		};
		8BFFE25928F8534500D183CE /* KloudyUITests */ = {
			isa = PBXNativeTarget;
			buildConfigurationList = 8BFFE26A28F8534500D183CE /* Build configuration list for PBXNativeTarget "KloudyUITests" */;
			buildPhases = (
				8BFFE25628F8534500D183CE /* Sources */,
				8BFFE25728F8534500D183CE /* Frameworks */,
				8BFFE25828F8534500D183CE /* Resources */,
			);
			buildRules = (
			);
			dependencies = (
				8BFFE25C28F8534500D183CE /* PBXTargetDependency */,
			);
			name = KloudyUITests;
			productName = KloudyUITests;
			productReference = 8BFFE25A28F8534500D183CE /* KloudyUITests.xctest */;
			productType = "com.apple.product-type.bundle.ui-testing";
		};
		D5130E6B28FD996E00BBAAFD /* KloudyWidgetExtension */ = {
			isa = PBXNativeTarget;
			buildConfigurationList = D5130E8128FD996F00BBAAFD /* Build configuration list for PBXNativeTarget "KloudyWidgetExtension" */;
			buildPhases = (
				D5130E6828FD996E00BBAAFD /* Sources */,
				D5130E6928FD996E00BBAAFD /* Frameworks */,
				D5130E6A28FD996E00BBAAFD /* Resources */,
			);
			buildRules = (
			);
			dependencies = (
			);
			name = KloudyWidgetExtension;
			productName = KloudyWidgetExtension;
			productReference = D5130E6C28FD996E00BBAAFD /* KloudyWidgetExtension.appex */;
			productType = "com.apple.product-type.app-extension";
		};
/* End PBXNativeTarget section */

/* Begin PBXProject section */
		8BFFE22F28F8534400D183CE /* Project object */ = {
			isa = PBXProject;
			attributes = {
				BuildIndependentTargetsInParallel = 1;
				LastSwiftUpdateCheck = 1400;
				LastUpgradeCheck = 1400;
				TargetAttributes = {
					8BFFE23628F8534400D183CE = {
						CreatedOnToolsVersion = 14.0;
					};
					8BFFE24F28F8534500D183CE = {
						CreatedOnToolsVersion = 14.0;
						TestTargetID = 8BFFE23628F8534400D183CE;
					};
					8BFFE25928F8534500D183CE = {
						CreatedOnToolsVersion = 14.0;
						TestTargetID = 8BFFE23628F8534400D183CE;
					};
					D5130E6B28FD996E00BBAAFD = {
						CreatedOnToolsVersion = 14.0.1;
					};
				};
			};
			buildConfigurationList = 8BFFE23228F8534400D183CE /* Build configuration list for PBXProject "Kloudy" */;
			compatibilityVersion = "Xcode 14.0";
			developmentRegion = en;
			hasScannedForEncodings = 0;
			knownRegions = (
				en,
				Base,
			);
			mainGroup = 8BFFE22E28F8534400D183CE;
			packageReferences = (
				8BFFE2F128FD2EBB00D183CE /* XCRemoteSwiftPackageReference "SnapKit" */,
				8BFFE2F428FD2FC700D183CE /* XCRemoteSwiftPackageReference "RxSwift" */,
				8BFFE2F728FD31CD00D183CE /* XCRemoteSwiftPackageReference "lottie-ios" */,
			);
			productRefGroup = 8BFFE23828F8534400D183CE /* Products */;
			projectDirPath = "";
			projectRoot = "";
			targets = (
				8BFFE23628F8534400D183CE /* Kloudy */,
				8BFFE24F28F8534500D183CE /* KloudyTests */,
				8BFFE25928F8534500D183CE /* KloudyUITests */,
				D5130E6B28FD996E00BBAAFD /* KloudyWidgetExtension */,
			);
		};
/* End PBXProject section */

/* Begin PBXResourcesBuildPhase section */
		8BFFE23528F8534400D183CE /* Resources */ = {
			isa = PBXResourcesBuildPhase;
			buildActionMask = 2147483647;
			files = (
				8BFFE24A28F8534400D183CE /* LaunchScreen.storyboard in Resources */,
				8BFFE2FD28FE894B00D183CE /* Lexend-Regular.ttf in Resources */,
				8BFFE24728F8534400D183CE /* Assets.xcassets in Resources */,
				8BFFE24228F8534400D183CE /* Main.storyboard in Resources */,
			);
			runOnlyForDeploymentPostprocessing = 0;
		};
		8BFFE24E28F8534500D183CE /* Resources */ = {
			isa = PBXResourcesBuildPhase;
			buildActionMask = 2147483647;
			files = (
				8BFFE2FE28FE894B00D183CE /* Lexend-Regular.ttf in Resources */,
			);
			runOnlyForDeploymentPostprocessing = 0;
		};
		8BFFE25828F8534500D183CE /* Resources */ = {
			isa = PBXResourcesBuildPhase;
			buildActionMask = 2147483647;
			files = (
				8BFFE2FF28FE894B00D183CE /* Lexend-Regular.ttf in Resources */,
			);
			runOnlyForDeploymentPostprocessing = 0;
		};
		D5130E6A28FD996E00BBAAFD /* Resources */ = {
			isa = PBXResourcesBuildPhase;
			buildActionMask = 2147483647;
			files = (
				D5130E7728FD996F00BBAAFD /* Assets.xcassets in Resources */,
				8BFFE30028FE894B00D183CE /* Lexend-Regular.ttf in Resources */,
			);
			runOnlyForDeploymentPostprocessing = 0;
		};
/* End PBXResourcesBuildPhase section */

/* Begin PBXSourcesBuildPhase section */
		8BFFE23328F8534400D183CE /* Sources */ = {
			isa = PBXSourcesBuildPhase;
			buildActionMask = 2147483647;
			files = (
				8BFFE2B728FC7DC000D183CE /* SearchWeatherListViewModel.swift in Sources */,
				8BFFE29328FC7BE400D183CE /* CheckWeatherPageView.swift in Sources */,
				8BFFE2A528FC7D0200D183CE /* CheckWeatherCollectionView.swift in Sources */,
				8BFFE29028FC7BCC00D183CE /* CheckWeatherEditNavigationViewModel.swift in Sources */,
				8BFFE2CF28FD18B800D183CE /* Weather.swift in Sources */,
				8BFFE28928FC7BAD00D183CE /* CheckWeatherBasicNavigationView.swift in Sources */,
				8BFFE2E928FD294500D183CE /* WeatherCellFourByTwo.swift in Sources */,
				8BFFE28628FC7AA200D183CE /* CheckWeatherViewModel.swift in Sources */,
				8BFFE2E628FD293200D183CE /* WeatherCellFourByOneViewModel.swift in Sources */,
				8BFFE2B028FC7DA300D183CE /* SearchWeatherGridView.swift in Sources */,
				8BFFE2AD28FC7D8D00D183CE /* SearchWeatherViewModel.swift in Sources */,
				8BFFE2BF28FC7E4400D183CE /* AddWeatherPageView.swift in Sources */,
				22C0329828FE46A100E8AAF5 /* CoreDataStack.swift in Sources */,
				8BFFE27D28FC17AE00D183CE /* Kloudy+Font.swift in Sources */,
				8BFFE2C128FC7E4800D183CE /* AddWeatherPageViewModel.swift in Sources */,
				22C0329428FDA10000E8AAF5 /* Location+CoreDataProperties.swift in Sources */,
				22C0329328FDA10000E8AAF5 /* Location+CoreDataClass.swift in Sources */,
				8BFFE2D828FD220700D183CE /* LocationSelectionViewModel.swift in Sources */,
				8BFFE2D328FD18C600D183CE /* Notification.swift in Sources */,
				8BFFE2A728FC7D0700D183CE /* CheckWeatherCollectionViewModel.swift in Sources */,
				8BFFE2D628FD21FE00D183CE /* LocationSelectionView.swift in Sources */,
				D5130E7A28FD996F00BBAAFD /* KloudyWidget.intentdefinition in Sources */,
				8BFFE29828FC7C2500D183CE /* CheckLocationWeatherView.swift in Sources */,
				8BFFE2A128FC7CBC00D183CE /* CheckCityViewModel.swift in Sources */,
				8BFFE2C628FC7E5900D183CE /* SelectWeatherCellViewModel.swift in Sources */,
				22C0329528FDA10000E8AAF5 /* WeatherCell+CoreDataClass.swift in Sources */,
				8BFFE23F28F8534400D183CE /* ViewController.swift in Sources */,
				8BFFE2CB28FC7E8500D183CE /* AddLivingIndexCellViewModel.swift in Sources */,
				8BFFE23B28F8534400D183CE /* AppDelegate.swift in Sources */,
				8BFFE23D28F8534400D183CE /* SceneDelegate.swift in Sources */,
				8BFFE2E428FD28B500D183CE /* WeatherCellFourByOne.swift in Sources */,
				8BFFE2B228FC7DA900D183CE /* SearchWeatherGridViewModel.swift in Sources */,
				8BFFE29A28FC7C2A00D183CE /* CheckLocationWeatherViewModel.swift in Sources */,
				8BFFE2DD28FD222800D183CE /* LocationSelectionEditViewModel.swift in Sources */,
				8BFFE2F028FD296100D183CE /* WeatherCellFourByFourViewModel.swift in Sources */,
				8BFFE28428FC7A9500D183CE /* CheckWeatherView.swift in Sources */,
				8BFFE24528F8534400D183CE /* Kloudy.xcdatamodeld in Sources */,
				8BFFE2DB28FD222000D183CE /* LocationSelectionEditView.swift in Sources */,
				8BFFE27F28FC17B500D183CE /* Kloudy+Color.swift in Sources */,
				8BFFE2C928FC7E8000D183CE /* AddLivingIndexCellView.swift in Sources */,
				8BFFE29528FC7BEC00D183CE /* CheckWeatherPageViewModel.swift in Sources */,
				8BFFE2BC28FC7DEB00D183CE /* AddWeatherCellViewModel.swift in Sources */,
				22C0329628FDA10000E8AAF5 /* WeatherCell+CoreDataProperties.swift in Sources */,
				8BFFE29F28FC7CB300D183CE /* CheckCityView.swift in Sources */,
				8BFFE2B528FC7DBB00D183CE /* SearchWeatherListView.swift in Sources */,
				8BFFE28E28FC7BC600D183CE /* CheckWeatherEditNavigationView.swift in Sources */,
				8BFFE2EB28FD294C00D183CE /* WeatherCellFourByTwoViewModel.swift in Sources */,
				8BFFE2AB28FC7D8900D183CE /* SearchWeatherView.swift in Sources */,
				8BFFE28B28FC7BB300D183CE /* CheckWeatherBasicNavigationViewModel.swift in Sources */,
				8BFFE2BA28FC7DE600D183CE /* AddWeatherCellView.swift in Sources */,
				8BFFE2C428FC7E5300D183CE /* SelectWeatherCellView.swift in Sources */,
				8BFFE2EE28FD295900D183CE /* WeatherCellFourByFour.swift in Sources */,
			);
			runOnlyForDeploymentPostprocessing = 0;
		};
		8BFFE24C28F8534500D183CE /* Sources */ = {
			isa = PBXSourcesBuildPhase;
			buildActionMask = 2147483647;
			files = (
				8BFFE25528F8534500D183CE /* KloudyTests.swift in Sources */,
			);
			runOnlyForDeploymentPostprocessing = 0;
		};
		8BFFE25628F8534500D183CE /* Sources */ = {
			isa = PBXSourcesBuildPhase;
			buildActionMask = 2147483647;
			files = (
				8BFFE26128F8534500D183CE /* KloudyUITestsLaunchTests.swift in Sources */,
				8BFFE25F28F8534500D183CE /* KloudyUITests.swift in Sources */,
			);
			runOnlyForDeploymentPostprocessing = 0;
		};
		D5130E6828FD996E00BBAAFD /* Sources */ = {
			isa = PBXSourcesBuildPhase;
			buildActionMask = 2147483647;
			files = (
				D5130E7928FD996F00BBAAFD /* KloudyWidget.intentdefinition in Sources */,
				D5130E7428FD996E00BBAAFD /* KloudyWidget.swift in Sources */,
			);
			runOnlyForDeploymentPostprocessing = 0;
		};
/* End PBXSourcesBuildPhase section */

/* Begin PBXTargetDependency section */
		8BFFE25228F8534500D183CE /* PBXTargetDependency */ = {
			isa = PBXTargetDependency;
			target = 8BFFE23628F8534400D183CE /* Kloudy */;
			targetProxy = 8BFFE25128F8534500D183CE /* PBXContainerItemProxy */;
		};
		8BFFE25C28F8534500D183CE /* PBXTargetDependency */ = {
			isa = PBXTargetDependency;
			target = 8BFFE23628F8534400D183CE /* Kloudy */;
			targetProxy = 8BFFE25B28F8534500D183CE /* PBXContainerItemProxy */;
		};
		D5130E7C28FD996F00BBAAFD /* PBXTargetDependency */ = {
			isa = PBXTargetDependency;
			target = D5130E6B28FD996E00BBAAFD /* KloudyWidgetExtension */;
			targetProxy = D5130E7B28FD996F00BBAAFD /* PBXContainerItemProxy */;
		};
/* End PBXTargetDependency section */

/* Begin PBXVariantGroup section */
		8BFFE24028F8534400D183CE /* Main.storyboard */ = {
			isa = PBXVariantGroup;
			children = (
				8BFFE24128F8534400D183CE /* Base */,
			);
			name = Main.storyboard;
			sourceTree = "<group>";
		};
		8BFFE24828F8534400D183CE /* LaunchScreen.storyboard */ = {
			isa = PBXVariantGroup;
			children = (
				8BFFE24928F8534400D183CE /* Base */,
			);
			name = LaunchScreen.storyboard;
			sourceTree = "<group>";
		};
/* End PBXVariantGroup section */

/* Begin XCBuildConfiguration section */
		8BFFE26228F8534500D183CE /* Debug */ = {
			isa = XCBuildConfiguration;
			buildSettings = {
				ALWAYS_SEARCH_USER_PATHS = NO;
				CLANG_ANALYZER_NONNULL = YES;
				CLANG_ANALYZER_NUMBER_OBJECT_CONVERSION = YES_AGGRESSIVE;
				CLANG_CXX_LANGUAGE_STANDARD = "gnu++20";
				CLANG_ENABLE_MODULES = YES;
				CLANG_ENABLE_OBJC_ARC = YES;
				CLANG_ENABLE_OBJC_WEAK = YES;
				CLANG_WARN_BLOCK_CAPTURE_AUTORELEASING = YES;
				CLANG_WARN_BOOL_CONVERSION = YES;
				CLANG_WARN_COMMA = YES;
				CLANG_WARN_CONSTANT_CONVERSION = YES;
				CLANG_WARN_DEPRECATED_OBJC_IMPLEMENTATIONS = YES;
				CLANG_WARN_DIRECT_OBJC_ISA_USAGE = YES_ERROR;
				CLANG_WARN_DOCUMENTATION_COMMENTS = YES;
				CLANG_WARN_EMPTY_BODY = YES;
				CLANG_WARN_ENUM_CONVERSION = YES;
				CLANG_WARN_INFINITE_RECURSION = YES;
				CLANG_WARN_INT_CONVERSION = YES;
				CLANG_WARN_NON_LITERAL_NULL_CONVERSION = YES;
				CLANG_WARN_OBJC_IMPLICIT_RETAIN_SELF = YES;
				CLANG_WARN_OBJC_LITERAL_CONVERSION = YES;
				CLANG_WARN_OBJC_ROOT_CLASS = YES_ERROR;
				CLANG_WARN_QUOTED_INCLUDE_IN_FRAMEWORK_HEADER = YES;
				CLANG_WARN_RANGE_LOOP_ANALYSIS = YES;
				CLANG_WARN_STRICT_PROTOTYPES = YES;
				CLANG_WARN_SUSPICIOUS_MOVE = YES;
				CLANG_WARN_UNGUARDED_AVAILABILITY = YES_AGGRESSIVE;
				CLANG_WARN_UNREACHABLE_CODE = YES;
				CLANG_WARN__DUPLICATE_METHOD_MATCH = YES;
				COPY_PHASE_STRIP = NO;
				DEBUG_INFORMATION_FORMAT = dwarf;
				ENABLE_STRICT_OBJC_MSGSEND = YES;
				ENABLE_TESTABILITY = YES;
				GCC_C_LANGUAGE_STANDARD = gnu11;
				GCC_DYNAMIC_NO_PIC = NO;
				GCC_NO_COMMON_BLOCKS = YES;
				GCC_OPTIMIZATION_LEVEL = 0;
				GCC_PREPROCESSOR_DEFINITIONS = (
					"DEBUG=1",
					"$(inherited)",
				);
				GCC_WARN_64_TO_32_BIT_CONVERSION = YES;
				GCC_WARN_ABOUT_RETURN_TYPE = YES_ERROR;
				GCC_WARN_UNDECLARED_SELECTOR = YES;
				GCC_WARN_UNINITIALIZED_AUTOS = YES_AGGRESSIVE;
				GCC_WARN_UNUSED_FUNCTION = YES;
				GCC_WARN_UNUSED_VARIABLE = YES;
				IPHONEOS_DEPLOYMENT_TARGET = 15.0;
				MTL_ENABLE_DEBUG_INFO = INCLUDE_SOURCE;
				MTL_FAST_MATH = YES;
				ONLY_ACTIVE_ARCH = YES;
				SDKROOT = iphoneos;
				SWIFT_ACTIVE_COMPILATION_CONDITIONS = DEBUG;
				SWIFT_OPTIMIZATION_LEVEL = "-Onone";
			};
			name = Debug;
		};
		8BFFE26328F8534500D183CE /* Release */ = {
			isa = XCBuildConfiguration;
			buildSettings = {
				ALWAYS_SEARCH_USER_PATHS = NO;
				CLANG_ANALYZER_NONNULL = YES;
				CLANG_ANALYZER_NUMBER_OBJECT_CONVERSION = YES_AGGRESSIVE;
				CLANG_CXX_LANGUAGE_STANDARD = "gnu++20";
				CLANG_ENABLE_MODULES = YES;
				CLANG_ENABLE_OBJC_ARC = YES;
				CLANG_ENABLE_OBJC_WEAK = YES;
				CLANG_WARN_BLOCK_CAPTURE_AUTORELEASING = YES;
				CLANG_WARN_BOOL_CONVERSION = YES;
				CLANG_WARN_COMMA = YES;
				CLANG_WARN_CONSTANT_CONVERSION = YES;
				CLANG_WARN_DEPRECATED_OBJC_IMPLEMENTATIONS = YES;
				CLANG_WARN_DIRECT_OBJC_ISA_USAGE = YES_ERROR;
				CLANG_WARN_DOCUMENTATION_COMMENTS = YES;
				CLANG_WARN_EMPTY_BODY = YES;
				CLANG_WARN_ENUM_CONVERSION = YES;
				CLANG_WARN_INFINITE_RECURSION = YES;
				CLANG_WARN_INT_CONVERSION = YES;
				CLANG_WARN_NON_LITERAL_NULL_CONVERSION = YES;
				CLANG_WARN_OBJC_IMPLICIT_RETAIN_SELF = YES;
				CLANG_WARN_OBJC_LITERAL_CONVERSION = YES;
				CLANG_WARN_OBJC_ROOT_CLASS = YES_ERROR;
				CLANG_WARN_QUOTED_INCLUDE_IN_FRAMEWORK_HEADER = YES;
				CLANG_WARN_RANGE_LOOP_ANALYSIS = YES;
				CLANG_WARN_STRICT_PROTOTYPES = YES;
				CLANG_WARN_SUSPICIOUS_MOVE = YES;
				CLANG_WARN_UNGUARDED_AVAILABILITY = YES_AGGRESSIVE;
				CLANG_WARN_UNREACHABLE_CODE = YES;
				CLANG_WARN__DUPLICATE_METHOD_MATCH = YES;
				COPY_PHASE_STRIP = NO;
				DEBUG_INFORMATION_FORMAT = "dwarf-with-dsym";
				ENABLE_NS_ASSERTIONS = NO;
				ENABLE_STRICT_OBJC_MSGSEND = YES;
				GCC_C_LANGUAGE_STANDARD = gnu11;
				GCC_NO_COMMON_BLOCKS = YES;
				GCC_WARN_64_TO_32_BIT_CONVERSION = YES;
				GCC_WARN_ABOUT_RETURN_TYPE = YES_ERROR;
				GCC_WARN_UNDECLARED_SELECTOR = YES;
				GCC_WARN_UNINITIALIZED_AUTOS = YES_AGGRESSIVE;
				GCC_WARN_UNUSED_FUNCTION = YES;
				GCC_WARN_UNUSED_VARIABLE = YES;
				IPHONEOS_DEPLOYMENT_TARGET = 15.0;
				MTL_ENABLE_DEBUG_INFO = NO;
				MTL_FAST_MATH = YES;
				SDKROOT = iphoneos;
				SWIFT_COMPILATION_MODE = wholemodule;
				SWIFT_OPTIMIZATION_LEVEL = "-O";
				VALIDATE_PRODUCT = YES;
			};
			name = Release;
		};
		8BFFE26528F8534500D183CE /* Debug */ = {
			isa = XCBuildConfiguration;
			buildSettings = {
				ALWAYS_EMBED_SWIFT_STANDARD_LIBRARIES = YES;
				ASSETCATALOG_COMPILER_APPICON_NAME = AppIcon;
				ASSETCATALOG_COMPILER_GLOBAL_ACCENT_COLOR_NAME = AccentColor;
				CODE_SIGN_IDENTITY = "Apple Development";
				"CODE_SIGN_IDENTITY[sdk=iphoneos*]" = "iPhone Developer";
				CODE_SIGN_STYLE = Manual;
				CURRENT_PROJECT_VERSION = 1;
				DEVELOPMENT_TEAM = "";
				"DEVELOPMENT_TEAM[sdk=iphoneos*]" = V8U96P27D9;
				GENERATE_INFOPLIST_FILE = YES;
				INFOPLIST_FILE = Kloudy/Info.plist;
				INFOPLIST_KEY_UIApplicationSupportsIndirectInputEvents = YES;
				INFOPLIST_KEY_UILaunchStoryboardName = LaunchScreen;
				INFOPLIST_KEY_UISupportedInterfaceOrientations_iPad = "UIInterfaceOrientationPortrait UIInterfaceOrientationPortraitUpsideDown UIInterfaceOrientationLandscapeLeft UIInterfaceOrientationLandscapeRight";
				INFOPLIST_KEY_UISupportedInterfaceOrientations_iPhone = "UIInterfaceOrientationPortrait UIInterfaceOrientationLandscapeLeft UIInterfaceOrientationLandscapeRight";
				LD_RUNPATH_SEARCH_PATHS = (
					"$(inherited)",
					"@executable_path/Frameworks",
				);
				MARKETING_VERSION = 1.0;
				PRODUCT_BUNDLE_IDENTIFIER = com.Kloudy;
				PRODUCT_NAME = "$(TARGET_NAME)";
				PROVISIONING_PROFILE_SPECIFIER = "";
				"PROVISIONING_PROFILE_SPECIFIER[sdk=iphoneos*]" = provisioningKloudy;
				SWIFT_EMIT_LOC_STRINGS = YES;
				SWIFT_VERSION = 5.0;
				TARGETED_DEVICE_FAMILY = "1,2";
			};
			name = Debug;
		};
		8BFFE26628F8534500D183CE /* Release */ = {
			isa = XCBuildConfiguration;
			buildSettings = {
				ALWAYS_EMBED_SWIFT_STANDARD_LIBRARIES = YES;
				ASSETCATALOG_COMPILER_APPICON_NAME = AppIcon;
				ASSETCATALOG_COMPILER_GLOBAL_ACCENT_COLOR_NAME = AccentColor;
				CODE_SIGN_IDENTITY = "Apple Development";
				"CODE_SIGN_IDENTITY[sdk=iphoneos*]" = "iPhone Developer";
				CODE_SIGN_STYLE = Manual;
				CURRENT_PROJECT_VERSION = 1;
				DEVELOPMENT_TEAM = "";
				"DEVELOPMENT_TEAM[sdk=iphoneos*]" = V8U96P27D9;
				GENERATE_INFOPLIST_FILE = YES;
				INFOPLIST_FILE = Kloudy/Info.plist;
				INFOPLIST_KEY_UIApplicationSupportsIndirectInputEvents = YES;
				INFOPLIST_KEY_UILaunchStoryboardName = LaunchScreen;
				INFOPLIST_KEY_UISupportedInterfaceOrientations_iPad = "UIInterfaceOrientationPortrait UIInterfaceOrientationPortraitUpsideDown UIInterfaceOrientationLandscapeLeft UIInterfaceOrientationLandscapeRight";
				INFOPLIST_KEY_UISupportedInterfaceOrientations_iPhone = "UIInterfaceOrientationPortrait UIInterfaceOrientationLandscapeLeft UIInterfaceOrientationLandscapeRight";
				LD_RUNPATH_SEARCH_PATHS = (
					"$(inherited)",
					"@executable_path/Frameworks",
				);
				MARKETING_VERSION = 1.0;
				PRODUCT_BUNDLE_IDENTIFIER = com.Kloudy;
				PRODUCT_NAME = "$(TARGET_NAME)";
				PROVISIONING_PROFILE_SPECIFIER = "";
				"PROVISIONING_PROFILE_SPECIFIER[sdk=iphoneos*]" = provisioningKloudy;
				SWIFT_EMIT_LOC_STRINGS = YES;
				SWIFT_VERSION = 5.0;
				TARGETED_DEVICE_FAMILY = "1,2";
			};
			name = Release;
		};
		8BFFE26828F8534500D183CE /* Debug */ = {
			isa = XCBuildConfiguration;
			buildSettings = {
				ALWAYS_EMBED_SWIFT_STANDARD_LIBRARIES = YES;
				BUNDLE_LOADER = "$(TEST_HOST)";
				CODE_SIGN_STYLE = Automatic;
				CURRENT_PROJECT_VERSION = 1;
				DEVELOPMENT_TEAM = V8U96P27D9;
				GENERATE_INFOPLIST_FILE = YES;
				IPHONEOS_DEPLOYMENT_TARGET = 16.0;
				MARKETING_VERSION = 1.0;
				PRODUCT_BUNDLE_IDENTIFIER = com.KloudyTests;
				PRODUCT_NAME = "$(TARGET_NAME)";
				SWIFT_EMIT_LOC_STRINGS = NO;
				SWIFT_VERSION = 5.0;
				TARGETED_DEVICE_FAMILY = "1,2";
				TEST_HOST = "$(BUILT_PRODUCTS_DIR)/Kloudy.app/$(BUNDLE_EXECUTABLE_FOLDER_PATH)/Kloudy";
			};
			name = Debug;
		};
		8BFFE26928F8534500D183CE /* Release */ = {
			isa = XCBuildConfiguration;
			buildSettings = {
				ALWAYS_EMBED_SWIFT_STANDARD_LIBRARIES = YES;
				BUNDLE_LOADER = "$(TEST_HOST)";
				CODE_SIGN_STYLE = Automatic;
				CURRENT_PROJECT_VERSION = 1;
				DEVELOPMENT_TEAM = V8U96P27D9;
				GENERATE_INFOPLIST_FILE = YES;
				IPHONEOS_DEPLOYMENT_TARGET = 16.0;
				MARKETING_VERSION = 1.0;
				PRODUCT_BUNDLE_IDENTIFIER = com.KloudyTests;
				PRODUCT_NAME = "$(TARGET_NAME)";
				SWIFT_EMIT_LOC_STRINGS = NO;
				SWIFT_VERSION = 5.0;
				TARGETED_DEVICE_FAMILY = "1,2";
				TEST_HOST = "$(BUILT_PRODUCTS_DIR)/Kloudy.app/$(BUNDLE_EXECUTABLE_FOLDER_PATH)/Kloudy";
			};
			name = Release;
		};
		8BFFE26B28F8534500D183CE /* Debug */ = {
			isa = XCBuildConfiguration;
			buildSettings = {
				ALWAYS_EMBED_SWIFT_STANDARD_LIBRARIES = YES;
				CODE_SIGN_STYLE = Automatic;
				CURRENT_PROJECT_VERSION = 1;
				DEVELOPMENT_TEAM = V8U96P27D9;
				GENERATE_INFOPLIST_FILE = YES;
				MARKETING_VERSION = 1.0;
				PRODUCT_BUNDLE_IDENTIFIER = com.KloudyUITests;
				PRODUCT_NAME = "$(TARGET_NAME)";
				SWIFT_EMIT_LOC_STRINGS = NO;
				SWIFT_VERSION = 5.0;
				TARGETED_DEVICE_FAMILY = "1,2";
				TEST_TARGET_NAME = Kloudy;
			};
			name = Debug;
		};
		8BFFE26C28F8534500D183CE /* Release */ = {
			isa = XCBuildConfiguration;
			buildSettings = {
				ALWAYS_EMBED_SWIFT_STANDARD_LIBRARIES = YES;
				CODE_SIGN_STYLE = Automatic;
				CURRENT_PROJECT_VERSION = 1;
				DEVELOPMENT_TEAM = V8U96P27D9;
				GENERATE_INFOPLIST_FILE = YES;
				MARKETING_VERSION = 1.0;
				PRODUCT_BUNDLE_IDENTIFIER = com.KloudyUITests;
				PRODUCT_NAME = "$(TARGET_NAME)";
				SWIFT_EMIT_LOC_STRINGS = NO;
				SWIFT_VERSION = 5.0;
				TARGETED_DEVICE_FAMILY = "1,2";
				TEST_TARGET_NAME = Kloudy;
			};
			name = Release;
		};
		D5130E7F28FD996F00BBAAFD /* Debug */ = {
			isa = XCBuildConfiguration;
			buildSettings = {
				ASSETCATALOG_COMPILER_GLOBAL_ACCENT_COLOR_NAME = AccentColor;
				ASSETCATALOG_COMPILER_WIDGET_BACKGROUND_COLOR_NAME = WidgetBackground;
				CODE_SIGN_IDENTITY = "Apple Development";
				"CODE_SIGN_IDENTITY[sdk=iphoneos*]" = "iPhone Developer";
				CODE_SIGN_STYLE = Manual;
				CURRENT_PROJECT_VERSION = 1;
				DEVELOPMENT_TEAM = "";
				"DEVELOPMENT_TEAM[sdk=iphoneos*]" = V8U96P27D9;
				GENERATE_INFOPLIST_FILE = YES;
				INFOPLIST_FILE = KloudyWidget/Info.plist;
				INFOPLIST_KEY_CFBundleDisplayName = KloudyWidget;
				INFOPLIST_KEY_NSHumanReadableCopyright = "";
				IPHONEOS_DEPLOYMENT_TARGET = 16.0;
				LD_RUNPATH_SEARCH_PATHS = (
					"$(inherited)",
					"@executable_path/Frameworks",
					"@executable_path/../../Frameworks",
				);
				MARKETING_VERSION = 1.0;
				PRODUCT_BUNDLE_IDENTIFIER = com.Kloudy;
				PRODUCT_NAME = "$(TARGET_NAME)";
				PROVISIONING_PROFILE_SPECIFIER = "";
				"PROVISIONING_PROFILE_SPECIFIER[sdk=iphoneos*]" = provisioningKloudy;
				SKIP_INSTALL = YES;
				SWIFT_EMIT_LOC_STRINGS = YES;
				SWIFT_VERSION = 5.0;
				TARGETED_DEVICE_FAMILY = "1,2";
			};
			name = Debug;
		};
		D5130E8028FD996F00BBAAFD /* Release */ = {
			isa = XCBuildConfiguration;
			buildSettings = {
				ASSETCATALOG_COMPILER_GLOBAL_ACCENT_COLOR_NAME = AccentColor;
				ASSETCATALOG_COMPILER_WIDGET_BACKGROUND_COLOR_NAME = WidgetBackground;
				CODE_SIGN_IDENTITY = "Apple Development";
				"CODE_SIGN_IDENTITY[sdk=iphoneos*]" = "iPhone Developer";
				CODE_SIGN_STYLE = Manual;
				CURRENT_PROJECT_VERSION = 1;
				DEVELOPMENT_TEAM = "";
				"DEVELOPMENT_TEAM[sdk=iphoneos*]" = V8U96P27D9;
				GENERATE_INFOPLIST_FILE = YES;
				INFOPLIST_FILE = KloudyWidget/Info.plist;
				INFOPLIST_KEY_CFBundleDisplayName = KloudyWidget;
				INFOPLIST_KEY_NSHumanReadableCopyright = "";
				IPHONEOS_DEPLOYMENT_TARGET = 16.0;
				LD_RUNPATH_SEARCH_PATHS = (
					"$(inherited)",
					"@executable_path/Frameworks",
					"@executable_path/../../Frameworks",
				);
				MARKETING_VERSION = 1.0;
				PRODUCT_BUNDLE_IDENTIFIER = com.Kloudy;
				PRODUCT_NAME = "$(TARGET_NAME)";
				PROVISIONING_PROFILE_SPECIFIER = "";
				"PROVISIONING_PROFILE_SPECIFIER[sdk=iphoneos*]" = provisioningKloudy;
				SKIP_INSTALL = YES;
				SWIFT_EMIT_LOC_STRINGS = YES;
				SWIFT_VERSION = 5.0;
				TARGETED_DEVICE_FAMILY = "1,2";
			};
			name = Release;
		};
/* End XCBuildConfiguration section */

/* Begin XCConfigurationList section */
		8BFFE23228F8534400D183CE /* Build configuration list for PBXProject "Kloudy" */ = {
			isa = XCConfigurationList;
			buildConfigurations = (
				8BFFE26228F8534500D183CE /* Debug */,
				8BFFE26328F8534500D183CE /* Release */,
			);
			defaultConfigurationIsVisible = 0;
			defaultConfigurationName = Release;
		};
		8BFFE26428F8534500D183CE /* Build configuration list for PBXNativeTarget "Kloudy" */ = {
			isa = XCConfigurationList;
			buildConfigurations = (
				8BFFE26528F8534500D183CE /* Debug */,
				8BFFE26628F8534500D183CE /* Release */,
			);
			defaultConfigurationIsVisible = 0;
			defaultConfigurationName = Release;
		};
		8BFFE26728F8534500D183CE /* Build configuration list for PBXNativeTarget "KloudyTests" */ = {
			isa = XCConfigurationList;
			buildConfigurations = (
				8BFFE26828F8534500D183CE /* Debug */,
				8BFFE26928F8534500D183CE /* Release */,
			);
			defaultConfigurationIsVisible = 0;
			defaultConfigurationName = Release;
		};
		8BFFE26A28F8534500D183CE /* Build configuration list for PBXNativeTarget "KloudyUITests" */ = {
			isa = XCConfigurationList;
			buildConfigurations = (
				8BFFE26B28F8534500D183CE /* Debug */,
				8BFFE26C28F8534500D183CE /* Release */,
			);
			defaultConfigurationIsVisible = 0;
			defaultConfigurationName = Release;
		};
		D5130E8128FD996F00BBAAFD /* Build configuration list for PBXNativeTarget "KloudyWidgetExtension" */ = {
			isa = XCConfigurationList;
			buildConfigurations = (
				D5130E7F28FD996F00BBAAFD /* Debug */,
				D5130E8028FD996F00BBAAFD /* Release */,
			);
			defaultConfigurationIsVisible = 0;
			defaultConfigurationName = Release;
		};
/* End XCConfigurationList section */

/* Begin XCRemoteSwiftPackageReference section */
		8BFFE2F128FD2EBB00D183CE /* XCRemoteSwiftPackageReference "SnapKit" */ = {
			isa = XCRemoteSwiftPackageReference;
			repositoryURL = "https://github.com/SnapKit/SnapKit.git";
			requirement = {
				kind = upToNextMajorVersion;
				minimumVersion = 5.0.0;
			};
		};
		8BFFE2F428FD2FC700D183CE /* XCRemoteSwiftPackageReference "RxSwift" */ = {
			isa = XCRemoteSwiftPackageReference;
			repositoryURL = "https://github.com/ReactiveX/RxSwift";
			requirement = {
				kind = upToNextMajorVersion;
				minimumVersion = 6.0.0;
			};
		};
		8BFFE2F728FD31CD00D183CE /* XCRemoteSwiftPackageReference "lottie-ios" */ = {
			isa = XCRemoteSwiftPackageReference;
			repositoryURL = "https://github.com/airbnb/lottie-ios.git";
			requirement = {
				kind = upToNextMajorVersion;
				minimumVersion = 3.0.0;
			};
		};
/* End XCRemoteSwiftPackageReference section */

/* Begin XCSwiftPackageProductDependency section */
		8BFFE2F228FD2EBB00D183CE /* SnapKit */ = {
			isa = XCSwiftPackageProductDependency;
			package = 8BFFE2F128FD2EBB00D183CE /* XCRemoteSwiftPackageReference "SnapKit" */;
			productName = SnapKit;
		};
		8BFFE2F528FD2FC700D183CE /* RxSwift */ = {
			isa = XCSwiftPackageProductDependency;
			package = 8BFFE2F428FD2FC700D183CE /* XCRemoteSwiftPackageReference "RxSwift" */;
			productName = RxSwift;
		};
		8BFFE2F828FD31CE00D183CE /* Lottie */ = {
			isa = XCSwiftPackageProductDependency;
			package = 8BFFE2F728FD31CD00D183CE /* XCRemoteSwiftPackageReference "lottie-ios" */;
			productName = Lottie;
		};
/* End XCSwiftPackageProductDependency section */

/* Begin XCVersionGroup section */
		8BFFE24328F8534400D183CE /* Kloudy.xcdatamodeld */ = {
			isa = XCVersionGroup;
			children = (
				8BFFE24428F8534400D183CE /* Kloudy.xcdatamodel */,
			);
			currentVersion = 8BFFE24428F8534400D183CE /* Kloudy.xcdatamodel */;
			path = Kloudy.xcdatamodeld;
			sourceTree = "<group>";
			versionGroupType = wrapper.xcdatamodel;
		};
/* End XCVersionGroup section */
	};
	rootObject = 8BFFE22F28F8534400D183CE /* Project object */;
}
