// !$*UTF8*$!
{
	archiveVersion = 1;
	classes = {
	};
	objectVersion = 55;
	objects = {

/* Begin PBXBuildFile section */
		226F4029290655930067B052 /* CityInformation.csv in Resources */ = {isa = PBXBuildFile; fileRef = 226F4028290655930067B052 /* CityInformation.csv */; };
		33DE6E65A1E59A2F5915802F /* Pods_KloudyTests.framework in Frameworks */ = {isa = PBXBuildFile; fileRef = 802C4255E9D84509EB5BC8A9 /* Pods_KloudyTests.framework */; };
		86DCA2F58385FA8E565E5827 /* Pods_kloudyWidgetExtension.framework in Frameworks */ = {isa = PBXBuildFile; fileRef = 64FF8E841732C4F2284F0AAA /* Pods_kloudyWidgetExtension.framework */; };
		8B3F691E29025FBD002F554E /* AddLivingIndexCell.swift in Sources */ = {isa = PBXBuildFile; fileRef = 8B3F691D29025FBD002F554E /* AddLivingIndexCell.swift */; };
		8BC8F7CB29011DB200EF83AE /* ViewController.swift in Sources */ = {isa = PBXBuildFile; fileRef = 8BC8F76B29011DB100EF83AE /* ViewController.swift */; };
		8BC8F7CC29011DB200EF83AE /* Kloudy+Font.swift in Sources */ = {isa = PBXBuildFile; fileRef = 8BC8F76D29011DB100EF83AE /* Kloudy+Font.swift */; };
		8BC8F7CD29011DB200EF83AE /* FetchWeatherInformation.swift in Sources */ = {isa = PBXBuildFile; fileRef = 8BC8F76E29011DB100EF83AE /* FetchWeatherInformation.swift */; };
		8BC8F7CE29011DB200EF83AE /* Kloudy+Color.swift in Sources */ = {isa = PBXBuildFile; fileRef = 8BC8F76F29011DB100EF83AE /* Kloudy+Color.swift */; };
		8BC8F7CF29011DB200EF83AE /* Kloudy.xcdatamodeld in Sources */ = {isa = PBXBuildFile; fileRef = 8BC8F77129011DB100EF83AE /* Kloudy.xcdatamodeld */; };
		8BC8F7D029011DB200EF83AE /* Main.storyboard in Resources */ = {isa = PBXBuildFile; fileRef = 8BC8F77329011DB100EF83AE /* Main.storyboard */; };
		8BC8F7D129011DB200EF83AE /* Location+CoreDataProperties.swift in Sources */ = {isa = PBXBuildFile; fileRef = 8BC8F77629011DB100EF83AE /* Location+CoreDataProperties.swift */; };
		8BC8F7D229011DB200EF83AE /* CoreDataStack.swift in Sources */ = {isa = PBXBuildFile; fileRef = 8BC8F77729011DB100EF83AE /* CoreDataStack.swift */; };
		8BC8F7D329011DB200EF83AE /* WeatherCell+CoreDataClass.swift in Sources */ = {isa = PBXBuildFile; fileRef = 8BC8F77829011DB100EF83AE /* WeatherCell+CoreDataClass.swift */; };
		8BC8F7D429011DB200EF83AE /* CityInformation.swift in Sources */ = {isa = PBXBuildFile; fileRef = 8BC8F77929011DB100EF83AE /* CityInformation.swift */; };
		8BC8F7D529011DB200EF83AE /* Location+CoreDataClass.swift in Sources */ = {isa = PBXBuildFile; fileRef = 8BC8F77A29011DB100EF83AE /* Location+CoreDataClass.swift */; };
		8BC8F7D629011DB200EF83AE /* Notification.swift in Sources */ = {isa = PBXBuildFile; fileRef = 8BC8F77B29011DB100EF83AE /* Notification.swift */; };
		8BC8F7D729011DB200EF83AE /* Weather.swift in Sources */ = {isa = PBXBuildFile; fileRef = 8BC8F77C29011DB100EF83AE /* Weather.swift */; };
		8BC8F7D829011DB200EF83AE /* WeatherCell+CoreDataProperties.swift in Sources */ = {isa = PBXBuildFile; fileRef = 8BC8F77D29011DB100EF83AE /* WeatherCell+CoreDataProperties.swift */; };
		8BC8F7D929011DB200EF83AE /* SearchWeatherListViewModel.swift in Sources */ = {isa = PBXBuildFile; fileRef = 8BC8F78129011DB100EF83AE /* SearchWeatherListViewModel.swift */; };
		8BC8F7DA29011DB200EF83AE /* SearchWeatherListView.swift in Sources */ = {isa = PBXBuildFile; fileRef = 8BC8F78229011DB100EF83AE /* SearchWeatherListView.swift */; };
		8BC8F7DB29011DB200EF83AE /* SearchWeatherGridViewModel.swift in Sources */ = {isa = PBXBuildFile; fileRef = 8BC8F78429011DB100EF83AE /* SearchWeatherGridViewModel.swift */; };
		8BC8F7DC29011DB200EF83AE /* SearchWeatherGridView.swift in Sources */ = {isa = PBXBuildFile; fileRef = 8BC8F78529011DB100EF83AE /* SearchWeatherGridView.swift */; };
		8BC8F7DD29011DB200EF83AE /* SelectWeatherCellView.swift in Sources */ = {isa = PBXBuildFile; fileRef = 8BC8F78729011DB100EF83AE /* SelectWeatherCellView.swift */; };
		8BC8F7DE29011DB200EF83AE /* SelectWeatherCellViewModel.swift in Sources */ = {isa = PBXBuildFile; fileRef = 8BC8F78829011DB100EF83AE /* SelectWeatherCellViewModel.swift */; };
		8BC8F7DF29011DB200EF83AE /* SearchWeatherViewModel.swift in Sources */ = {isa = PBXBuildFile; fileRef = 8BC8F78A29011DB100EF83AE /* SearchWeatherViewModel.swift */; };
		8BC8F7E029011DB200EF83AE /* SearchWeatherView.swift in Sources */ = {isa = PBXBuildFile; fileRef = 8BC8F78B29011DB100EF83AE /* SearchWeatherView.swift */; };
		8BC8F7E129011DB200EF83AE /* AddWeatherPageViewModel.swift in Sources */ = {isa = PBXBuildFile; fileRef = 8BC8F78D29011DB100EF83AE /* AddWeatherPageViewModel.swift */; };
		8BC8F7E229011DB200EF83AE /* AddWeatherPageView.swift in Sources */ = {isa = PBXBuildFile; fileRef = 8BC8F78E29011DB100EF83AE /* AddWeatherPageView.swift */; };
		8BC8F7E329011DB200EF83AE /* AddWeatherCellView.swift in Sources */ = {isa = PBXBuildFile; fileRef = 8BC8F79029011DB100EF83AE /* AddWeatherCellView.swift */; };
		8BC8F7E429011DB200EF83AE /* AddWeatherCellViewModel.swift in Sources */ = {isa = PBXBuildFile; fileRef = 8BC8F79129011DB100EF83AE /* AddWeatherCellViewModel.swift */; };
		8BC8F7E529011DB200EF83AE /* AddLivingIndexCellViewModel.swift in Sources */ = {isa = PBXBuildFile; fileRef = 8BC8F79329011DB100EF83AE /* AddLivingIndexCellViewModel.swift */; };
		8BC8F7E629011DB200EF83AE /* AddLivingIndexCellView.swift in Sources */ = {isa = PBXBuildFile; fileRef = 8BC8F79429011DB100EF83AE /* AddLivingIndexCellView.swift */; };
		8BC8F7E729011DB200EF83AE /* WeatherCellFourByOne.swift in Sources */ = {isa = PBXBuildFile; fileRef = 8BC8F79729011DB100EF83AE /* WeatherCellFourByOne.swift */; };
		8BC8F7E829011DB200EF83AE /* WeatherCellFourByOneViewModel.swift in Sources */ = {isa = PBXBuildFile; fileRef = 8BC8F79829011DB100EF83AE /* WeatherCellFourByOneViewModel.swift */; };
		8BC8F7E929011DB200EF83AE /* WeatherCellFourByFour.swift in Sources */ = {isa = PBXBuildFile; fileRef = 8BC8F79A29011DB100EF83AE /* WeatherCellFourByFour.swift */; };
		8BC8F7EA29011DB200EF83AE /* WeatherCellFourByFourViewModel.swift in Sources */ = {isa = PBXBuildFile; fileRef = 8BC8F79B29011DB100EF83AE /* WeatherCellFourByFourViewModel.swift */; };
		8BC8F7EB29011DB200EF83AE /* WeatherCellFourByTwoViewModel.swift in Sources */ = {isa = PBXBuildFile; fileRef = 8BC8F79D29011DB100EF83AE /* WeatherCellFourByTwoViewModel.swift */; };
		8BC8F7EC29011DB200EF83AE /* WeatherCellFourByTwo.swift in Sources */ = {isa = PBXBuildFile; fileRef = 8BC8F79E29011DB100EF83AE /* WeatherCellFourByTwo.swift */; };
		8BC8F7ED29011DB200EF83AE /* CheckWeatherPageViewModel.swift in Sources */ = {isa = PBXBuildFile; fileRef = 8BC8F7A129011DB100EF83AE /* CheckWeatherPageViewModel.swift */; };
		8BC8F7EE29011DB200EF83AE /* CheckWeatherPageView.swift in Sources */ = {isa = PBXBuildFile; fileRef = 8BC8F7A229011DB100EF83AE /* CheckWeatherPageView.swift */; };
		8BC8F7EF29011DB200EF83AE /* CheckWeatherViewModel.swift in Sources */ = {isa = PBXBuildFile; fileRef = 8BC8F7A429011DB100EF83AE /* CheckWeatherViewModel.swift */; };
		8BC8F7F029011DB200EF83AE /* CheckWeatherView.swift in Sources */ = {isa = PBXBuildFile; fileRef = 8BC8F7A529011DB100EF83AE /* CheckWeatherView.swift */; };
		8BC8F7F129011DB200EF83AE /* CheckWeatherCollectionView.swift in Sources */ = {isa = PBXBuildFile; fileRef = 8BC8F7A729011DB100EF83AE /* CheckWeatherCollectionView.swift */; };
		8BC8F7F229011DB200EF83AE /* CheckWeatherCollectionViewModel.swift in Sources */ = {isa = PBXBuildFile; fileRef = 8BC8F7A829011DB100EF83AE /* CheckWeatherCollectionViewModel.swift */; };
		8BC8F7F329011DB200EF83AE /* CheckCityView.swift in Sources */ = {isa = PBXBuildFile; fileRef = 8BC8F7AA29011DB100EF83AE /* CheckCityView.swift */; };
		8BC8F7F429011DB200EF83AE /* CheckCityViewModel.swift in Sources */ = {isa = PBXBuildFile; fileRef = 8BC8F7AB29011DB100EF83AE /* CheckCityViewModel.swift */; };
		8BC8F7F529011DB200EF83AE /* CheckWeatherEditNavigationView.swift in Sources */ = {isa = PBXBuildFile; fileRef = 8BC8F7AD29011DB100EF83AE /* CheckWeatherEditNavigationView.swift */; };
		8BC8F7F629011DB200EF83AE /* CheckWeatherEditNavigationViewModel.swift in Sources */ = {isa = PBXBuildFile; fileRef = 8BC8F7AE29011DB100EF83AE /* CheckWeatherEditNavigationViewModel.swift */; };
		8BC8F7F729011DB200EF83AE /* CheckWeatherBasicNavigationView.swift in Sources */ = {isa = PBXBuildFile; fileRef = 8BC8F7B029011DB100EF83AE /* CheckWeatherBasicNavigationView.swift */; };
		8BC8F7F829011DB200EF83AE /* CheckWeatherBasicNavigationViewModel.swift in Sources */ = {isa = PBXBuildFile; fileRef = 8BC8F7B129011DB100EF83AE /* CheckWeatherBasicNavigationViewModel.swift */; };
		8BC8F7F929011DB200EF83AE /* CheckLocationWeatherViewModel.swift in Sources */ = {isa = PBXBuildFile; fileRef = 8BC8F7B329011DB100EF83AE /* CheckLocationWeatherViewModel.swift */; };
		8BC8F7FA29011DB200EF83AE /* CheckLocationWeatherView.swift in Sources */ = {isa = PBXBuildFile; fileRef = 8BC8F7B429011DB100EF83AE /* CheckLocationWeatherView.swift */; };
		8BC8F7FB29011DB200EF83AE /* LocationSelectionView.swift in Sources */ = {isa = PBXBuildFile; fileRef = 8BC8F7B729011DB100EF83AE /* LocationSelectionView.swift */; };
		8BC8F7FC29011DB200EF83AE /* LocationSelectionViewModel.swift in Sources */ = {isa = PBXBuildFile; fileRef = 8BC8F7B829011DB100EF83AE /* LocationSelectionViewModel.swift */; };
		8BC8F7FD29011DB200EF83AE /* LocationSelectionEditView.swift in Sources */ = {isa = PBXBuildFile; fileRef = 8BC8F7BA29011DB100EF83AE /* LocationSelectionEditView.swift */; };
		8BC8F7FE29011DB200EF83AE /* LocationSelectionEditViewModel.swift in Sources */ = {isa = PBXBuildFile; fileRef = 8BC8F7BB29011DB100EF83AE /* LocationSelectionEditViewModel.swift */; };
		8BC8F7FF29011DB200EF83AE /* LaunchScreen.storyboard in Resources */ = {isa = PBXBuildFile; fileRef = 8BC8F7BD29011DB100EF83AE /* LaunchScreen.storyboard */; };
		8BC8F80029011DB200EF83AE /* AppDelegate.swift in Sources */ = {isa = PBXBuildFile; fileRef = 8BC8F7BF29011DB100EF83AE /* AppDelegate.swift */; };
		8BC8F80129011DB200EF83AE /* SceneDelegate.swift in Sources */ = {isa = PBXBuildFile; fileRef = 8BC8F7C029011DB100EF83AE /* SceneDelegate.swift */; };
		8BC8F80229011DB200EF83AE /* Assets.xcassets in Resources */ = {isa = PBXBuildFile; fileRef = 8BC8F7C229011DB100EF83AE /* Assets.xcassets */; };
		8BC8F80329011DB200EF83AE /* Lexend-Regular.ttf in Resources */ = {isa = PBXBuildFile; fileRef = 8BC8F7C429011DB100EF83AE /* Lexend-Regular.ttf */; };
		8BC8F80829011DE500EF83AE /* KloudyUITestsLaunchTests.swift in Sources */ = {isa = PBXBuildFile; fileRef = 8BC8F7C929011DB200EF83AE /* KloudyUITestsLaunchTests.swift */; };
		8BC8F80929011DE900EF83AE /* KloudyUITests.swift in Sources */ = {isa = PBXBuildFile; fileRef = 8BC8F7CA29011DB200EF83AE /* KloudyUITests.swift */; };
		8BC8F80A29011DEE00EF83AE /* KloudyTests.swift in Sources */ = {isa = PBXBuildFile; fileRef = 8BC8F7C729011DB200EF83AE /* KloudyTests.swift */; };
		8BC8F81429011E3300EF83AE /* SwiftUI.framework in Frameworks */ = {isa = PBXBuildFile; fileRef = 8BC8F81329011E3300EF83AE /* SwiftUI.framework */; };
		8BC8F81729011E3300EF83AE /* kloudyWidget.swift in Sources */ = {isa = PBXBuildFile; fileRef = 8BC8F81629011E3300EF83AE /* kloudyWidget.swift */; };
		8BC8F81A29011E3400EF83AE /* Assets.xcassets in Resources */ = {isa = PBXBuildFile; fileRef = 8BC8F81929011E3400EF83AE /* Assets.xcassets */; };
		8BC8F81C29011E3400EF83AE /* kloudyWidget.intentdefinition in Sources */ = {isa = PBXBuildFile; fileRef = 8BC8F81829011E3300EF83AE /* kloudyWidget.intentdefinition */; };
		8BC8F81D29011E3400EF83AE /* kloudyWidget.intentdefinition in Sources */ = {isa = PBXBuildFile; fileRef = 8BC8F81829011E3300EF83AE /* kloudyWidget.intentdefinition */; };
		8BC8F82029011E3400EF83AE /* kloudyWidgetExtension.appex in Embed Foundation Extensions */ = {isa = PBXBuildFile; fileRef = 8BC8F80F29011E3300EF83AE /* kloudyWidgetExtension.appex */; settings = {ATTRIBUTES = (RemoveHeadersOnCopy, ); }; };
		8BC8F82529011E4400EF83AE /* WidgetKit.framework in Frameworks */ = {isa = PBXBuildFile; fileRef = 8BC8F81129011E3300EF83AE /* WidgetKit.framework */; };
		8BC8F82629011E4400EF83AE /* WidgetKit.framework in Embed Frameworks */ = {isa = PBXBuildFile; fileRef = 8BC8F81129011E3300EF83AE /* WidgetKit.framework */; settings = {ATTRIBUTES = (RemoveHeadersOnCopy, ); }; };
		B8A087C455B88A26567A3D15 /* Pods_Kloudy.framework in Frameworks */ = {isa = PBXBuildFile; fileRef = BBFDE40FB508AA7A65B68786 /* Pods_Kloudy.framework */; };
		BA78C8E22907AC5C00F938FD /* CheckWeatherCellLabelView.swift in Sources */ = {isa = PBXBuildFile; fileRef = BA78C8E12907AC5C00F938FD /* CheckWeatherCellLabelView.swift */; };
		C7DC68C53BFD05B1BFC3C7C4 /* Pods_Kloudy_KloudyUITests.framework in Frameworks */ = {isa = PBXBuildFile; fileRef = 1536192E4E0E4A52299146F0 /* Pods_Kloudy_KloudyUITests.framework */; };
		D537D2092901BC6800271037 /* KloudyUmbrellaIndexWidget.swift in Sources */ = {isa = PBXBuildFile; fileRef = D537D2062901BC6800271037 /* KloudyUmbrellaIndexWidget.swift */; };
		D537D20B2901BC6800271037 /* KloudyMaskIndexWidget.swift in Sources */ = {isa = PBXBuildFile; fileRef = D537D2072901BC6800271037 /* KloudyMaskIndexWidget.swift */; };
		D537D2162907B34900271037 /* LocationSelectionCollectionViewCell.swift in Sources */ = {isa = PBXBuildFile; fileRef = D537D2152907B34900271037 /* LocationSelectionCollectionViewCell.swift */; };
		D558FECB2907D987002EEA22 /* UILabel+.swift in Sources */ = {isa = PBXBuildFile; fileRef = D558FECA2907D987002EEA22 /* UILabel+.swift */; };
		D558FECD29096B00002EEA22 /* LocationManager.swift in Sources */ = {isa = PBXBuildFile; fileRef = D558FECC29096B00002EEA22 /* LocationManager.swift */; };
		D558FECE29096B02002EEA22 /* LocationManager.swift in Sources */ = {isa = PBXBuildFile; fileRef = D558FECC29096B00002EEA22 /* LocationManager.swift */; };
/* End PBXBuildFile section */

/* Begin PBXContainerItemProxy section */
		8BC8F74E29011D0800EF83AE /* PBXContainerItemProxy */ = {
			isa = PBXContainerItemProxy;
			containerPortal = 8BC8F72C29011D0700EF83AE /* Project object */;
			proxyType = 1;
			remoteGlobalIDString = 8BC8F73329011D0700EF83AE;
			remoteInfo = Kloudy;
		};
		8BC8F75829011D0800EF83AE /* PBXContainerItemProxy */ = {
			isa = PBXContainerItemProxy;
			containerPortal = 8BC8F72C29011D0700EF83AE /* Project object */;
			proxyType = 1;
			remoteGlobalIDString = 8BC8F73329011D0700EF83AE;
			remoteInfo = Kloudy;
		};
		8BC8F81E29011E3400EF83AE /* PBXContainerItemProxy */ = {
			isa = PBXContainerItemProxy;
			containerPortal = 8BC8F72C29011D0700EF83AE /* Project object */;
			proxyType = 1;
			remoteGlobalIDString = 8BC8F80E29011E3300EF83AE;
			remoteInfo = kloudyWidgetExtension;
		};
/* End PBXContainerItemProxy section */

/* Begin PBXCopyFilesBuildPhase section */
		8BC8F82429011E3400EF83AE /* Embed Foundation Extensions */ = {
			isa = PBXCopyFilesBuildPhase;
			buildActionMask = 2147483647;
			dstPath = "";
			dstSubfolderSpec = 13;
			files = (
				8BC8F82029011E3400EF83AE /* kloudyWidgetExtension.appex in Embed Foundation Extensions */,
			);
			name = "Embed Foundation Extensions";
			runOnlyForDeploymentPostprocessing = 0;
		};
		8BC8F82729011E4400EF83AE /* Embed Frameworks */ = {
			isa = PBXCopyFilesBuildPhase;
			buildActionMask = 2147483647;
			dstPath = "";
			dstSubfolderSpec = 10;
			files = (
				8BC8F82629011E4400EF83AE /* WidgetKit.framework in Embed Frameworks */,
			);
			name = "Embed Frameworks";
			runOnlyForDeploymentPostprocessing = 0;
		};
/* End PBXCopyFilesBuildPhase section */

/* Begin PBXFileReference section */
		0642D3FB292CFB0FECB9FA03 /* Pods-KloudyTests.release.xcconfig */ = {isa = PBXFileReference; includeInIndex = 1; lastKnownFileType = text.xcconfig; name = "Pods-KloudyTests.release.xcconfig"; path = "Target Support Files/Pods-KloudyTests/Pods-KloudyTests.release.xcconfig"; sourceTree = "<group>"; };
		10CEA414DDF8C7695D82AFC5 /* Pods-Kloudy.debug.xcconfig */ = {isa = PBXFileReference; includeInIndex = 1; lastKnownFileType = text.xcconfig; name = "Pods-Kloudy.debug.xcconfig"; path = "Target Support Files/Pods-Kloudy/Pods-Kloudy.debug.xcconfig"; sourceTree = "<group>"; };
		1536192E4E0E4A52299146F0 /* Pods_Kloudy_KloudyUITests.framework */ = {isa = PBXFileReference; explicitFileType = wrapper.framework; includeInIndex = 0; path = Pods_Kloudy_KloudyUITests.framework; sourceTree = BUILT_PRODUCTS_DIR; };
		226F4028290655930067B052 /* CityInformation.csv */ = {isa = PBXFileReference; fileEncoding = 4; lastKnownFileType = text; path = CityInformation.csv; sourceTree = "<group>"; };
		3C6D7F12234FBBB3835B9A56 /* Pods-Kloudy.release.xcconfig */ = {isa = PBXFileReference; includeInIndex = 1; lastKnownFileType = text.xcconfig; name = "Pods-Kloudy.release.xcconfig"; path = "Target Support Files/Pods-Kloudy/Pods-Kloudy.release.xcconfig"; sourceTree = "<group>"; };
		3E4BEFF02AC7C7E605C69030 /* Pods-kloudyWidgetExtension.release.xcconfig */ = {isa = PBXFileReference; includeInIndex = 1; lastKnownFileType = text.xcconfig; name = "Pods-kloudyWidgetExtension.release.xcconfig"; path = "Target Support Files/Pods-kloudyWidgetExtension/Pods-kloudyWidgetExtension.release.xcconfig"; sourceTree = "<group>"; };
		64FF8E841732C4F2284F0AAA /* Pods_kloudyWidgetExtension.framework */ = {isa = PBXFileReference; explicitFileType = wrapper.framework; includeInIndex = 0; path = Pods_kloudyWidgetExtension.framework; sourceTree = BUILT_PRODUCTS_DIR; };
		65938D416B40629A93C9DA23 /* Pods-Kloudy-KloudyUITests.release.xcconfig */ = {isa = PBXFileReference; includeInIndex = 1; lastKnownFileType = text.xcconfig; name = "Pods-Kloudy-KloudyUITests.release.xcconfig"; path = "Target Support Files/Pods-Kloudy-KloudyUITests/Pods-Kloudy-KloudyUITests.release.xcconfig"; sourceTree = "<group>"; };
		75A3A3ABEFA1315CDCCF1ED1 /* Pods-Kloudy-KloudyUITests.debug.xcconfig */ = {isa = PBXFileReference; includeInIndex = 1; lastKnownFileType = text.xcconfig; name = "Pods-Kloudy-KloudyUITests.debug.xcconfig"; path = "Target Support Files/Pods-Kloudy-KloudyUITests/Pods-Kloudy-KloudyUITests.debug.xcconfig"; sourceTree = "<group>"; };
		802C4255E9D84509EB5BC8A9 /* Pods_KloudyTests.framework */ = {isa = PBXFileReference; explicitFileType = wrapper.framework; includeInIndex = 0; path = Pods_KloudyTests.framework; sourceTree = BUILT_PRODUCTS_DIR; };
		8B3F691D29025FBD002F554E /* AddLivingIndexCell.swift */ = {isa = PBXFileReference; lastKnownFileType = sourcecode.swift; path = AddLivingIndexCell.swift; sourceTree = "<group>"; };
		8BC8F73429011D0700EF83AE /* Kloudy.app */ = {isa = PBXFileReference; explicitFileType = wrapper.application; includeInIndex = 0; path = Kloudy.app; sourceTree = BUILT_PRODUCTS_DIR; };
		8BC8F74D29011D0800EF83AE /* KloudyTests.xctest */ = {isa = PBXFileReference; explicitFileType = wrapper.cfbundle; includeInIndex = 0; path = KloudyTests.xctest; sourceTree = BUILT_PRODUCTS_DIR; };
		8BC8F75729011D0800EF83AE /* KloudyUITests.xctest */ = {isa = PBXFileReference; explicitFileType = wrapper.cfbundle; includeInIndex = 0; path = KloudyUITests.xctest; sourceTree = BUILT_PRODUCTS_DIR; };
		8BC8F76B29011DB100EF83AE /* ViewController.swift */ = {isa = PBXFileReference; fileEncoding = 4; lastKnownFileType = sourcecode.swift; path = ViewController.swift; sourceTree = "<group>"; };
		8BC8F76D29011DB100EF83AE /* Kloudy+Font.swift */ = {isa = PBXFileReference; fileEncoding = 4; lastKnownFileType = sourcecode.swift; path = "Kloudy+Font.swift"; sourceTree = "<group>"; };
		8BC8F76E29011DB100EF83AE /* FetchWeatherInformation.swift */ = {isa = PBXFileReference; fileEncoding = 4; lastKnownFileType = sourcecode.swift; path = FetchWeatherInformation.swift; sourceTree = "<group>"; };
		8BC8F76F29011DB100EF83AE /* Kloudy+Color.swift */ = {isa = PBXFileReference; fileEncoding = 4; lastKnownFileType = sourcecode.swift; path = "Kloudy+Color.swift"; sourceTree = "<group>"; };
		8BC8F77229011DB100EF83AE /* Kloudy.xcdatamodel */ = {isa = PBXFileReference; lastKnownFileType = wrapper.xcdatamodel; path = Kloudy.xcdatamodel; sourceTree = "<group>"; };
		8BC8F77429011DB100EF83AE /* Base */ = {isa = PBXFileReference; lastKnownFileType = file.storyboard; name = Base; path = Base.lproj/Main.storyboard; sourceTree = "<group>"; };
		8BC8F77629011DB100EF83AE /* Location+CoreDataProperties.swift */ = {isa = PBXFileReference; fileEncoding = 4; lastKnownFileType = sourcecode.swift; path = "Location+CoreDataProperties.swift"; sourceTree = "<group>"; };
		8BC8F77729011DB100EF83AE /* CoreDataStack.swift */ = {isa = PBXFileReference; fileEncoding = 4; lastKnownFileType = sourcecode.swift; path = CoreDataStack.swift; sourceTree = "<group>"; };
		8BC8F77829011DB100EF83AE /* WeatherCell+CoreDataClass.swift */ = {isa = PBXFileReference; fileEncoding = 4; lastKnownFileType = sourcecode.swift; path = "WeatherCell+CoreDataClass.swift"; sourceTree = "<group>"; };
		8BC8F77929011DB100EF83AE /* CityInformation.swift */ = {isa = PBXFileReference; fileEncoding = 4; lastKnownFileType = sourcecode.swift; path = CityInformation.swift; sourceTree = "<group>"; };
		8BC8F77A29011DB100EF83AE /* Location+CoreDataClass.swift */ = {isa = PBXFileReference; fileEncoding = 4; lastKnownFileType = sourcecode.swift; path = "Location+CoreDataClass.swift"; sourceTree = "<group>"; };
		8BC8F77B29011DB100EF83AE /* Notification.swift */ = {isa = PBXFileReference; fileEncoding = 4; lastKnownFileType = sourcecode.swift; path = Notification.swift; sourceTree = "<group>"; };
		8BC8F77C29011DB100EF83AE /* Weather.swift */ = {isa = PBXFileReference; fileEncoding = 4; lastKnownFileType = sourcecode.swift; path = Weather.swift; sourceTree = "<group>"; };
		8BC8F77D29011DB100EF83AE /* WeatherCell+CoreDataProperties.swift */ = {isa = PBXFileReference; fileEncoding = 4; lastKnownFileType = sourcecode.swift; path = "WeatherCell+CoreDataProperties.swift"; sourceTree = "<group>"; };
		8BC8F78129011DB100EF83AE /* SearchWeatherListViewModel.swift */ = {isa = PBXFileReference; fileEncoding = 4; lastKnownFileType = sourcecode.swift; path = SearchWeatherListViewModel.swift; sourceTree = "<group>"; };
		8BC8F78229011DB100EF83AE /* SearchWeatherListView.swift */ = {isa = PBXFileReference; fileEncoding = 4; lastKnownFileType = sourcecode.swift; path = SearchWeatherListView.swift; sourceTree = "<group>"; };
		8BC8F78429011DB100EF83AE /* SearchWeatherGridViewModel.swift */ = {isa = PBXFileReference; fileEncoding = 4; lastKnownFileType = sourcecode.swift; path = SearchWeatherGridViewModel.swift; sourceTree = "<group>"; };
		8BC8F78529011DB100EF83AE /* SearchWeatherGridView.swift */ = {isa = PBXFileReference; fileEncoding = 4; lastKnownFileType = sourcecode.swift; path = SearchWeatherGridView.swift; sourceTree = "<group>"; };
		8BC8F78729011DB100EF83AE /* SelectWeatherCellView.swift */ = {isa = PBXFileReference; fileEncoding = 4; lastKnownFileType = sourcecode.swift; path = SelectWeatherCellView.swift; sourceTree = "<group>"; };
		8BC8F78829011DB100EF83AE /* SelectWeatherCellViewModel.swift */ = {isa = PBXFileReference; fileEncoding = 4; lastKnownFileType = sourcecode.swift; path = SelectWeatherCellViewModel.swift; sourceTree = "<group>"; };
		8BC8F78A29011DB100EF83AE /* SearchWeatherViewModel.swift */ = {isa = PBXFileReference; fileEncoding = 4; lastKnownFileType = sourcecode.swift; path = SearchWeatherViewModel.swift; sourceTree = "<group>"; };
		8BC8F78B29011DB100EF83AE /* SearchWeatherView.swift */ = {isa = PBXFileReference; fileEncoding = 4; lastKnownFileType = sourcecode.swift; path = SearchWeatherView.swift; sourceTree = "<group>"; };
		8BC8F78D29011DB100EF83AE /* AddWeatherPageViewModel.swift */ = {isa = PBXFileReference; fileEncoding = 4; lastKnownFileType = sourcecode.swift; path = AddWeatherPageViewModel.swift; sourceTree = "<group>"; };
		8BC8F78E29011DB100EF83AE /* AddWeatherPageView.swift */ = {isa = PBXFileReference; fileEncoding = 4; lastKnownFileType = sourcecode.swift; path = AddWeatherPageView.swift; sourceTree = "<group>"; };
		8BC8F79029011DB100EF83AE /* AddWeatherCellView.swift */ = {isa = PBXFileReference; fileEncoding = 4; lastKnownFileType = sourcecode.swift; path = AddWeatherCellView.swift; sourceTree = "<group>"; };
		8BC8F79129011DB100EF83AE /* AddWeatherCellViewModel.swift */ = {isa = PBXFileReference; fileEncoding = 4; lastKnownFileType = sourcecode.swift; path = AddWeatherCellViewModel.swift; sourceTree = "<group>"; };
		8BC8F79329011DB100EF83AE /* AddLivingIndexCellViewModel.swift */ = {isa = PBXFileReference; fileEncoding = 4; lastKnownFileType = sourcecode.swift; path = AddLivingIndexCellViewModel.swift; sourceTree = "<group>"; };
		8BC8F79429011DB100EF83AE /* AddLivingIndexCellView.swift */ = {isa = PBXFileReference; fileEncoding = 4; lastKnownFileType = sourcecode.swift; path = AddLivingIndexCellView.swift; sourceTree = "<group>"; };
		8BC8F79729011DB100EF83AE /* WeatherCellFourByOne.swift */ = {isa = PBXFileReference; fileEncoding = 4; lastKnownFileType = sourcecode.swift; path = WeatherCellFourByOne.swift; sourceTree = "<group>"; };
		8BC8F79829011DB100EF83AE /* WeatherCellFourByOneViewModel.swift */ = {isa = PBXFileReference; fileEncoding = 4; lastKnownFileType = sourcecode.swift; path = WeatherCellFourByOneViewModel.swift; sourceTree = "<group>"; };
		8BC8F79A29011DB100EF83AE /* WeatherCellFourByFour.swift */ = {isa = PBXFileReference; fileEncoding = 4; lastKnownFileType = sourcecode.swift; path = WeatherCellFourByFour.swift; sourceTree = "<group>"; };
		8BC8F79B29011DB100EF83AE /* WeatherCellFourByFourViewModel.swift */ = {isa = PBXFileReference; fileEncoding = 4; lastKnownFileType = sourcecode.swift; path = WeatherCellFourByFourViewModel.swift; sourceTree = "<group>"; };
		8BC8F79D29011DB100EF83AE /* WeatherCellFourByTwoViewModel.swift */ = {isa = PBXFileReference; fileEncoding = 4; lastKnownFileType = sourcecode.swift; path = WeatherCellFourByTwoViewModel.swift; sourceTree = "<group>"; };
		8BC8F79E29011DB100EF83AE /* WeatherCellFourByTwo.swift */ = {isa = PBXFileReference; fileEncoding = 4; lastKnownFileType = sourcecode.swift; path = WeatherCellFourByTwo.swift; sourceTree = "<group>"; };
		8BC8F7A129011DB100EF83AE /* CheckWeatherPageViewModel.swift */ = {isa = PBXFileReference; fileEncoding = 4; lastKnownFileType = sourcecode.swift; path = CheckWeatherPageViewModel.swift; sourceTree = "<group>"; };
		8BC8F7A229011DB100EF83AE /* CheckWeatherPageView.swift */ = {isa = PBXFileReference; fileEncoding = 4; lastKnownFileType = sourcecode.swift; path = CheckWeatherPageView.swift; sourceTree = "<group>"; };
		8BC8F7A429011DB100EF83AE /* CheckWeatherViewModel.swift */ = {isa = PBXFileReference; fileEncoding = 4; lastKnownFileType = sourcecode.swift; path = CheckWeatherViewModel.swift; sourceTree = "<group>"; };
		8BC8F7A529011DB100EF83AE /* CheckWeatherView.swift */ = {isa = PBXFileReference; fileEncoding = 4; lastKnownFileType = sourcecode.swift; path = CheckWeatherView.swift; sourceTree = "<group>"; };
		8BC8F7A729011DB100EF83AE /* CheckWeatherCollectionView.swift */ = {isa = PBXFileReference; fileEncoding = 4; lastKnownFileType = sourcecode.swift; path = CheckWeatherCollectionView.swift; sourceTree = "<group>"; };
		8BC8F7A829011DB100EF83AE /* CheckWeatherCollectionViewModel.swift */ = {isa = PBXFileReference; fileEncoding = 4; lastKnownFileType = sourcecode.swift; path = CheckWeatherCollectionViewModel.swift; sourceTree = "<group>"; };
		8BC8F7AA29011DB100EF83AE /* CheckCityView.swift */ = {isa = PBXFileReference; fileEncoding = 4; lastKnownFileType = sourcecode.swift; path = CheckCityView.swift; sourceTree = "<group>"; };
		8BC8F7AB29011DB100EF83AE /* CheckCityViewModel.swift */ = {isa = PBXFileReference; fileEncoding = 4; lastKnownFileType = sourcecode.swift; path = CheckCityViewModel.swift; sourceTree = "<group>"; };
		8BC8F7AD29011DB100EF83AE /* CheckWeatherEditNavigationView.swift */ = {isa = PBXFileReference; fileEncoding = 4; lastKnownFileType = sourcecode.swift; path = CheckWeatherEditNavigationView.swift; sourceTree = "<group>"; };
		8BC8F7AE29011DB100EF83AE /* CheckWeatherEditNavigationViewModel.swift */ = {isa = PBXFileReference; fileEncoding = 4; lastKnownFileType = sourcecode.swift; path = CheckWeatherEditNavigationViewModel.swift; sourceTree = "<group>"; };
		8BC8F7B029011DB100EF83AE /* CheckWeatherBasicNavigationView.swift */ = {isa = PBXFileReference; fileEncoding = 4; lastKnownFileType = sourcecode.swift; path = CheckWeatherBasicNavigationView.swift; sourceTree = "<group>"; };
		8BC8F7B129011DB100EF83AE /* CheckWeatherBasicNavigationViewModel.swift */ = {isa = PBXFileReference; fileEncoding = 4; lastKnownFileType = sourcecode.swift; path = CheckWeatherBasicNavigationViewModel.swift; sourceTree = "<group>"; };
		8BC8F7B329011DB100EF83AE /* CheckLocationWeatherViewModel.swift */ = {isa = PBXFileReference; fileEncoding = 4; lastKnownFileType = sourcecode.swift; path = CheckLocationWeatherViewModel.swift; sourceTree = "<group>"; };
		8BC8F7B429011DB100EF83AE /* CheckLocationWeatherView.swift */ = {isa = PBXFileReference; fileEncoding = 4; lastKnownFileType = sourcecode.swift; path = CheckLocationWeatherView.swift; sourceTree = "<group>"; };
		8BC8F7B729011DB100EF83AE /* LocationSelectionView.swift */ = {isa = PBXFileReference; fileEncoding = 4; lastKnownFileType = sourcecode.swift; path = LocationSelectionView.swift; sourceTree = "<group>"; };
		8BC8F7B829011DB100EF83AE /* LocationSelectionViewModel.swift */ = {isa = PBXFileReference; fileEncoding = 4; lastKnownFileType = sourcecode.swift; path = LocationSelectionViewModel.swift; sourceTree = "<group>"; };
		8BC8F7BA29011DB100EF83AE /* LocationSelectionEditView.swift */ = {isa = PBXFileReference; fileEncoding = 4; lastKnownFileType = sourcecode.swift; path = LocationSelectionEditView.swift; sourceTree = "<group>"; };
		8BC8F7BB29011DB100EF83AE /* LocationSelectionEditViewModel.swift */ = {isa = PBXFileReference; fileEncoding = 4; lastKnownFileType = sourcecode.swift; path = LocationSelectionEditViewModel.swift; sourceTree = "<group>"; };
		8BC8F7BE29011DB100EF83AE /* Base */ = {isa = PBXFileReference; lastKnownFileType = file.storyboard; name = Base; path = Base.lproj/LaunchScreen.storyboard; sourceTree = "<group>"; };
		8BC8F7BF29011DB100EF83AE /* AppDelegate.swift */ = {isa = PBXFileReference; fileEncoding = 4; lastKnownFileType = sourcecode.swift; path = AppDelegate.swift; sourceTree = "<group>"; };
		8BC8F7C029011DB100EF83AE /* SceneDelegate.swift */ = {isa = PBXFileReference; fileEncoding = 4; lastKnownFileType = sourcecode.swift; path = SceneDelegate.swift; sourceTree = "<group>"; };
		8BC8F7C229011DB100EF83AE /* Assets.xcassets */ = {isa = PBXFileReference; lastKnownFileType = folder.assetcatalog; path = Assets.xcassets; sourceTree = "<group>"; };
		8BC8F7C429011DB100EF83AE /* Lexend-Regular.ttf */ = {isa = PBXFileReference; lastKnownFileType = file; path = "Lexend-Regular.ttf"; sourceTree = "<group>"; };
		8BC8F7C529011DB100EF83AE /* Info.plist */ = {isa = PBXFileReference; fileEncoding = 4; lastKnownFileType = text.plist.xml; path = Info.plist; sourceTree = "<group>"; };
		8BC8F7C729011DB200EF83AE /* KloudyTests.swift */ = {isa = PBXFileReference; fileEncoding = 4; lastKnownFileType = sourcecode.swift; path = KloudyTests.swift; sourceTree = "<group>"; };
		8BC8F7C929011DB200EF83AE /* KloudyUITestsLaunchTests.swift */ = {isa = PBXFileReference; fileEncoding = 4; lastKnownFileType = sourcecode.swift; path = KloudyUITestsLaunchTests.swift; sourceTree = "<group>"; };
		8BC8F7CA29011DB200EF83AE /* KloudyUITests.swift */ = {isa = PBXFileReference; fileEncoding = 4; lastKnownFileType = sourcecode.swift; path = KloudyUITests.swift; sourceTree = "<group>"; };
		8BC8F80F29011E3300EF83AE /* kloudyWidgetExtension.appex */ = {isa = PBXFileReference; explicitFileType = "wrapper.app-extension"; includeInIndex = 0; path = kloudyWidgetExtension.appex; sourceTree = BUILT_PRODUCTS_DIR; };
		8BC8F81129011E3300EF83AE /* WidgetKit.framework */ = {isa = PBXFileReference; lastKnownFileType = wrapper.framework; name = WidgetKit.framework; path = System/Library/Frameworks/WidgetKit.framework; sourceTree = SDKROOT; };
		8BC8F81329011E3300EF83AE /* SwiftUI.framework */ = {isa = PBXFileReference; lastKnownFileType = wrapper.framework; name = SwiftUI.framework; path = System/Library/Frameworks/SwiftUI.framework; sourceTree = SDKROOT; };
		8BC8F81629011E3300EF83AE /* kloudyWidget.swift */ = {isa = PBXFileReference; lastKnownFileType = sourcecode.swift; path = kloudyWidget.swift; sourceTree = "<group>"; };
		8BC8F81829011E3300EF83AE /* kloudyWidget.intentdefinition */ = {isa = PBXFileReference; lastKnownFileType = file.intentdefinition; path = kloudyWidget.intentdefinition; sourceTree = "<group>"; };
		8BC8F81929011E3400EF83AE /* Assets.xcassets */ = {isa = PBXFileReference; lastKnownFileType = folder.assetcatalog; path = Assets.xcassets; sourceTree = "<group>"; };
		8BC8F81B29011E3400EF83AE /* Info.plist */ = {isa = PBXFileReference; lastKnownFileType = text.plist.xml; path = Info.plist; sourceTree = "<group>"; };
		BA78C8E12907AC5C00F938FD /* CheckWeatherCellLabelView.swift */ = {isa = PBXFileReference; lastKnownFileType = sourcecode.swift; path = CheckWeatherCellLabelView.swift; sourceTree = "<group>"; };
		BBFDE40FB508AA7A65B68786 /* Pods_Kloudy.framework */ = {isa = PBXFileReference; explicitFileType = wrapper.framework; includeInIndex = 0; path = Pods_Kloudy.framework; sourceTree = BUILT_PRODUCTS_DIR; };
		D537D2062901BC6800271037 /* KloudyUmbrellaIndexWidget.swift */ = {isa = PBXFileReference; fileEncoding = 4; lastKnownFileType = sourcecode.swift; path = KloudyUmbrellaIndexWidget.swift; sourceTree = "<group>"; };
		D537D2072901BC6800271037 /* KloudyMaskIndexWidget.swift */ = {isa = PBXFileReference; fileEncoding = 4; lastKnownFileType = sourcecode.swift; path = KloudyMaskIndexWidget.swift; sourceTree = "<group>"; };
		D537D2152907B34900271037 /* LocationSelectionCollectionViewCell.swift */ = {isa = PBXFileReference; lastKnownFileType = sourcecode.swift; path = LocationSelectionCollectionViewCell.swift; sourceTree = "<group>"; };
		D558FECA2907D987002EEA22 /* UILabel+.swift */ = {isa = PBXFileReference; lastKnownFileType = sourcecode.swift; path = "UILabel+.swift"; sourceTree = "<group>"; };
		D558FECC29096B00002EEA22 /* LocationManager.swift */ = {isa = PBXFileReference; lastKnownFileType = sourcecode.swift; path = LocationManager.swift; sourceTree = "<group>"; };
		E5F8B65E8FF5359460FC0284 /* Pods-kloudyWidgetExtension.debug.xcconfig */ = {isa = PBXFileReference; includeInIndex = 1; lastKnownFileType = text.xcconfig; name = "Pods-kloudyWidgetExtension.debug.xcconfig"; path = "Target Support Files/Pods-kloudyWidgetExtension/Pods-kloudyWidgetExtension.debug.xcconfig"; sourceTree = "<group>"; };
		EE99C4EAECA5D797AC2E3FAD /* Pods-KloudyTests.debug.xcconfig */ = {isa = PBXFileReference; includeInIndex = 1; lastKnownFileType = text.xcconfig; name = "Pods-KloudyTests.debug.xcconfig"; path = "Target Support Files/Pods-KloudyTests/Pods-KloudyTests.debug.xcconfig"; sourceTree = "<group>"; };
/* End PBXFileReference section */

/* Begin PBXFrameworksBuildPhase section */
		8BC8F73129011D0700EF83AE /* Frameworks */ = {
			isa = PBXFrameworksBuildPhase;
			buildActionMask = 2147483647;
			files = (
				B8A087C455B88A26567A3D15 /* Pods_Kloudy.framework in Frameworks */,
			);
			runOnlyForDeploymentPostprocessing = 0;
		};
		8BC8F74A29011D0800EF83AE /* Frameworks */ = {
			isa = PBXFrameworksBuildPhase;
			buildActionMask = 2147483647;
			files = (
				33DE6E65A1E59A2F5915802F /* Pods_KloudyTests.framework in Frameworks */,
			);
			runOnlyForDeploymentPostprocessing = 0;
		};
		8BC8F75429011D0800EF83AE /* Frameworks */ = {
			isa = PBXFrameworksBuildPhase;
			buildActionMask = 2147483647;
			files = (
				C7DC68C53BFD05B1BFC3C7C4 /* Pods_Kloudy_KloudyUITests.framework in Frameworks */,
			);
			runOnlyForDeploymentPostprocessing = 0;
		};
		8BC8F80C29011E3300EF83AE /* Frameworks */ = {
			isa = PBXFrameworksBuildPhase;
			buildActionMask = 2147483647;
			files = (
				8BC8F81429011E3300EF83AE /* SwiftUI.framework in Frameworks */,
				8BC8F82529011E4400EF83AE /* WidgetKit.framework in Frameworks */,
				86DCA2F58385FA8E565E5827 /* Pods_kloudyWidgetExtension.framework in Frameworks */,
			);
			runOnlyForDeploymentPostprocessing = 0;
		};
/* End PBXFrameworksBuildPhase section */

/* Begin PBXGroup section */
		713F97B30F6109B08631D880 /* Pods */ = {
			isa = PBXGroup;
			children = (
				10CEA414DDF8C7695D82AFC5 /* Pods-Kloudy.debug.xcconfig */,
				3C6D7F12234FBBB3835B9A56 /* Pods-Kloudy.release.xcconfig */,
				75A3A3ABEFA1315CDCCF1ED1 /* Pods-Kloudy-KloudyUITests.debug.xcconfig */,
				65938D416B40629A93C9DA23 /* Pods-Kloudy-KloudyUITests.release.xcconfig */,
				EE99C4EAECA5D797AC2E3FAD /* Pods-KloudyTests.debug.xcconfig */,
				0642D3FB292CFB0FECB9FA03 /* Pods-KloudyTests.release.xcconfig */,
				E5F8B65E8FF5359460FC0284 /* Pods-kloudyWidgetExtension.debug.xcconfig */,
				3E4BEFF02AC7C7E605C69030 /* Pods-kloudyWidgetExtension.release.xcconfig */,
			);
			path = Pods;
			sourceTree = "<group>";
		};
		8BC8F72B29011D0700EF83AE = {
			isa = PBXGroup;
			children = (
				8BC8F76A29011DB100EF83AE /* Kloudy */,
				8BC8F7C629011DB200EF83AE /* KloudyTests */,
				8BC8F7C829011DB200EF83AE /* KloudyUITests */,
				8BC8F81529011E3300EF83AE /* kloudyWidget */,
				8BC8F81029011E3300EF83AE /* Frameworks */,
				8BC8F73529011D0700EF83AE /* Products */,
				713F97B30F6109B08631D880 /* Pods */,
			);
			sourceTree = "<group>";
		};
		8BC8F73529011D0700EF83AE /* Products */ = {
			isa = PBXGroup;
			children = (
				8BC8F73429011D0700EF83AE /* Kloudy.app */,
				8BC8F74D29011D0800EF83AE /* KloudyTests.xctest */,
				8BC8F75729011D0800EF83AE /* KloudyUITests.xctest */,
				8BC8F80F29011E3300EF83AE /* kloudyWidgetExtension.appex */,
			);
			name = Products;
			sourceTree = "<group>";
		};
		8BC8F76A29011DB100EF83AE /* Kloudy */ = {
			isa = PBXGroup;
			children = (
				8BC8F76B29011DB100EF83AE /* ViewController.swift */,
				8BC8F76C29011DB100EF83AE /* Extension */,
				8BC8F77029011DB100EF83AE /* CoreData */,
				8BC8F77329011DB100EF83AE /* Main.storyboard */,
				8BC8F77529011DB100EF83AE /* Model */,
				8BC8F77E29011DB100EF83AE /* View */,
				8BC8F7BC29011DB100EF83AE /* Application */,
				8BC8F7C129011DB100EF83AE /* Resource */,
				8BC8F7C529011DB100EF83AE /* Info.plist */,
			);
			path = Kloudy;
			sourceTree = "<group>";
		};
		8BC8F76C29011DB100EF83AE /* Extension */ = {
			isa = PBXGroup;
			children = (
				8BC8F76D29011DB100EF83AE /* Kloudy+Font.swift */,
				8BC8F76E29011DB100EF83AE /* FetchWeatherInformation.swift */,
				8BC8F76F29011DB100EF83AE /* Kloudy+Color.swift */,
				226F4028290655930067B052 /* CityInformation.csv */,
				D558FECA2907D987002EEA22 /* UILabel+.swift */,
			);
			path = Extension;
			sourceTree = "<group>";
		};
		8BC8F77029011DB100EF83AE /* CoreData */ = {
			isa = PBXGroup;
			children = (
				8BC8F77129011DB100EF83AE /* Kloudy.xcdatamodeld */,
			);
			path = CoreData;
			sourceTree = "<group>";
		};
		8BC8F77529011DB100EF83AE /* Model */ = {
			isa = PBXGroup;
			children = (
				8BC8F77629011DB100EF83AE /* Location+CoreDataProperties.swift */,
				8BC8F77729011DB100EF83AE /* CoreDataStack.swift */,
				8BC8F77829011DB100EF83AE /* WeatherCell+CoreDataClass.swift */,
				8BC8F77929011DB100EF83AE /* CityInformation.swift */,
				8BC8F77A29011DB100EF83AE /* Location+CoreDataClass.swift */,
				8BC8F77B29011DB100EF83AE /* Notification.swift */,
				8BC8F77C29011DB100EF83AE /* Weather.swift */,
				8BC8F77D29011DB100EF83AE /* WeatherCell+CoreDataProperties.swift */,
				D558FECC29096B00002EEA22 /* LocationManager.swift */,
			);
			path = Model;
			sourceTree = "<group>";
		};
		8BC8F77E29011DB100EF83AE /* View */ = {
			isa = PBXGroup;
			children = (
				8BC8F77F29011DB100EF83AE /* AddWeather */,
				8BC8F79529011DB100EF83AE /* WeatherCells */,
				8BC8F79F29011DB100EF83AE /* CheckWeather */,
				8BC8F7B529011DB100EF83AE /* CheckLocation */,
			);
			path = View;
			sourceTree = "<group>";
		};
		8BC8F77F29011DB100EF83AE /* AddWeather */ = {
			isa = PBXGroup;
			children = (
				8BC8F78029011DB100EF83AE /* SearchWeatherListView */,
				8BC8F78329011DB100EF83AE /* SearchWeatherGridView */,
				8BC8F78629011DB100EF83AE /* SelectWeatherCellView */,
				8BC8F78929011DB100EF83AE /* SearchWeatherCellView */,
				8BC8F78C29011DB100EF83AE /* AddWeatherPageView */,
				8BC8F78F29011DB100EF83AE /* AddWeatherCellView */,
				8BC8F79229011DB100EF83AE /* AddLivingIndexCellView */,
			);
			path = AddWeather;
			sourceTree = "<group>";
		};
		8BC8F78029011DB100EF83AE /* SearchWeatherListView */ = {
			isa = PBXGroup;
			children = (
				8BC8F78129011DB100EF83AE /* SearchWeatherListViewModel.swift */,
				8BC8F78229011DB100EF83AE /* SearchWeatherListView.swift */,
			);
			path = SearchWeatherListView;
			sourceTree = "<group>";
		};
		8BC8F78329011DB100EF83AE /* SearchWeatherGridView */ = {
			isa = PBXGroup;
			children = (
				8BC8F78429011DB100EF83AE /* SearchWeatherGridViewModel.swift */,
				8BC8F78529011DB100EF83AE /* SearchWeatherGridView.swift */,
			);
			path = SearchWeatherGridView;
			sourceTree = "<group>";
		};
		8BC8F78629011DB100EF83AE /* SelectWeatherCellView */ = {
			isa = PBXGroup;
			children = (
				8BC8F78729011DB100EF83AE /* SelectWeatherCellView.swift */,
				8BC8F78829011DB100EF83AE /* SelectWeatherCellViewModel.swift */,
			);
			path = SelectWeatherCellView;
			sourceTree = "<group>";
		};
		8BC8F78929011DB100EF83AE /* SearchWeatherCellView */ = {
			isa = PBXGroup;
			children = (
				8BC8F78A29011DB100EF83AE /* SearchWeatherViewModel.swift */,
				8BC8F78B29011DB100EF83AE /* SearchWeatherView.swift */,
			);
			path = SearchWeatherCellView;
			sourceTree = "<group>";
		};
		8BC8F78C29011DB100EF83AE /* AddWeatherPageView */ = {
			isa = PBXGroup;
			children = (
				8BC8F78D29011DB100EF83AE /* AddWeatherPageViewModel.swift */,
				8BC8F78E29011DB100EF83AE /* AddWeatherPageView.swift */,
			);
			path = AddWeatherPageView;
			sourceTree = "<group>";
		};
		8BC8F78F29011DB100EF83AE /* AddWeatherCellView */ = {
			isa = PBXGroup;
			children = (
				8BC8F79129011DB100EF83AE /* AddWeatherCellViewModel.swift */,
				8BC8F79029011DB100EF83AE /* AddWeatherCellView.swift */,
			);
			path = AddWeatherCellView;
			sourceTree = "<group>";
		};
		8BC8F79229011DB100EF83AE /* AddLivingIndexCellView */ = {
			isa = PBXGroup;
			children = (
				8BC8F79329011DB100EF83AE /* AddLivingIndexCellViewModel.swift */,
				8BC8F79429011DB100EF83AE /* AddLivingIndexCellView.swift */,
				8B3F691D29025FBD002F554E /* AddLivingIndexCell.swift */,
			);
			path = AddLivingIndexCellView;
			sourceTree = "<group>";
		};
		8BC8F79529011DB100EF83AE /* WeatherCells */ = {
			isa = PBXGroup;
			children = (
				8BC8F79629011DB100EF83AE /* WeatherCellFourByOne */,
				8BC8F79929011DB100EF83AE /* WeatherCellFourByFour */,
				8BC8F79C29011DB100EF83AE /* WeatherCellFourByTwo */,
			);
			path = WeatherCells;
			sourceTree = "<group>";
		};
		8BC8F79629011DB100EF83AE /* WeatherCellFourByOne */ = {
			isa = PBXGroup;
			children = (
				8BC8F79729011DB100EF83AE /* WeatherCellFourByOne.swift */,
				8BC8F79829011DB100EF83AE /* WeatherCellFourByOneViewModel.swift */,
			);
			path = WeatherCellFourByOne;
			sourceTree = "<group>";
		};
		8BC8F79929011DB100EF83AE /* WeatherCellFourByFour */ = {
			isa = PBXGroup;
			children = (
				8BC8F79A29011DB100EF83AE /* WeatherCellFourByFour.swift */,
				8BC8F79B29011DB100EF83AE /* WeatherCellFourByFourViewModel.swift */,
			);
			path = WeatherCellFourByFour;
			sourceTree = "<group>";
		};
		8BC8F79C29011DB100EF83AE /* WeatherCellFourByTwo */ = {
			isa = PBXGroup;
			children = (
				8BC8F79D29011DB100EF83AE /* WeatherCellFourByTwoViewModel.swift */,
				8BC8F79E29011DB100EF83AE /* WeatherCellFourByTwo.swift */,
			);
			path = WeatherCellFourByTwo;
			sourceTree = "<group>";
		};
		8BC8F79F29011DB100EF83AE /* CheckWeather */ = {
			isa = PBXGroup;
			children = (
				BA78C8E02907ABE300F938FD /* CheckWeatherCellLabelsView */,
				8BC8F7A029011DB100EF83AE /* CheckWeatherPageView */,
				8BC8F7A329011DB100EF83AE /* CheckWeatherView */,
				8BC8F7A629011DB100EF83AE /* CheckWeatherCollectionView */,
				8BC8F7A929011DB100EF83AE /* CheckCityWeatherView */,
				8BC8F7AC29011DB100EF83AE /* CheckWeatherEditNavigationView */,
				8BC8F7AF29011DB100EF83AE /* CheckWeatherBasicNavigationView */,
				8BC8F7B229011DB100EF83AE /* CheckLocationWeatherView */,
			);
			path = CheckWeather;
			sourceTree = "<group>";
		};
		8BC8F7A029011DB100EF83AE /* CheckWeatherPageView */ = {
			isa = PBXGroup;
			children = (
				8BC8F7A129011DB100EF83AE /* CheckWeatherPageViewModel.swift */,
				8BC8F7A229011DB100EF83AE /* CheckWeatherPageView.swift */,
			);
			path = CheckWeatherPageView;
			sourceTree = "<group>";
		};
		8BC8F7A329011DB100EF83AE /* CheckWeatherView */ = {
			isa = PBXGroup;
			children = (
				8BC8F7A429011DB100EF83AE /* CheckWeatherViewModel.swift */,
				8BC8F7A529011DB100EF83AE /* CheckWeatherView.swift */,
			);
			path = CheckWeatherView;
			sourceTree = "<group>";
		};
		8BC8F7A629011DB100EF83AE /* CheckWeatherCollectionView */ = {
			isa = PBXGroup;
			children = (
				8BC8F7A729011DB100EF83AE /* CheckWeatherCollectionView.swift */,
				8BC8F7A829011DB100EF83AE /* CheckWeatherCollectionViewModel.swift */,
			);
			path = CheckWeatherCollectionView;
			sourceTree = "<group>";
		};
		8BC8F7A929011DB100EF83AE /* CheckCityWeatherView */ = {
			isa = PBXGroup;
			children = (
				8BC8F7AA29011DB100EF83AE /* CheckCityView.swift */,
				8BC8F7AB29011DB100EF83AE /* CheckCityViewModel.swift */,
			);
			path = CheckCityWeatherView;
			sourceTree = "<group>";
		};
		8BC8F7AC29011DB100EF83AE /* CheckWeatherEditNavigationView */ = {
			isa = PBXGroup;
			children = (
				8BC8F7AD29011DB100EF83AE /* CheckWeatherEditNavigationView.swift */,
				8BC8F7AE29011DB100EF83AE /* CheckWeatherEditNavigationViewModel.swift */,
			);
			path = CheckWeatherEditNavigationView;
			sourceTree = "<group>";
		};
		8BC8F7AF29011DB100EF83AE /* CheckWeatherBasicNavigationView */ = {
			isa = PBXGroup;
			children = (
				8BC8F7B029011DB100EF83AE /* CheckWeatherBasicNavigationView.swift */,
				8BC8F7B129011DB100EF83AE /* CheckWeatherBasicNavigationViewModel.swift */,
			);
			path = CheckWeatherBasicNavigationView;
			sourceTree = "<group>";
		};
		8BC8F7B229011DB100EF83AE /* CheckLocationWeatherView */ = {
			isa = PBXGroup;
			children = (
				8BC8F7B329011DB100EF83AE /* CheckLocationWeatherViewModel.swift */,
				8BC8F7B429011DB100EF83AE /* CheckLocationWeatherView.swift */,
			);
			path = CheckLocationWeatherView;
			sourceTree = "<group>";
		};
		8BC8F7B529011DB100EF83AE /* CheckLocation */ = {
			isa = PBXGroup;
			children = (
				D537D2142907B32200271037 /* LocationSelectionCollectionViewCell */,
				8BC8F7B629011DB100EF83AE /* LocationSelectionView */,
				8BC8F7B929011DB100EF83AE /* LocationSelectionEditView */,
			);
			path = CheckLocation;
			sourceTree = "<group>";
		};
		8BC8F7B629011DB100EF83AE /* LocationSelectionView */ = {
			isa = PBXGroup;
			children = (
				8BC8F7B729011DB100EF83AE /* LocationSelectionView.swift */,
				8BC8F7B829011DB100EF83AE /* LocationSelectionViewModel.swift */,
			);
			path = LocationSelectionView;
			sourceTree = "<group>";
		};
		8BC8F7B929011DB100EF83AE /* LocationSelectionEditView */ = {
			isa = PBXGroup;
			children = (
				8BC8F7BA29011DB100EF83AE /* LocationSelectionEditView.swift */,
				8BC8F7BB29011DB100EF83AE /* LocationSelectionEditViewModel.swift */,
			);
			path = LocationSelectionEditView;
			sourceTree = "<group>";
		};
		8BC8F7BC29011DB100EF83AE /* Application */ = {
			isa = PBXGroup;
			children = (
				8BC8F7BD29011DB100EF83AE /* LaunchScreen.storyboard */,
				8BC8F7BF29011DB100EF83AE /* AppDelegate.swift */,
				8BC8F7C029011DB100EF83AE /* SceneDelegate.swift */,
			);
			path = Application;
			sourceTree = "<group>";
		};
		8BC8F7C129011DB100EF83AE /* Resource */ = {
			isa = PBXGroup;
			children = (
				8BC8F7C229011DB100EF83AE /* Assets.xcassets */,
				8BC8F7C329011DB100EF83AE /* Font */,
			);
			path = Resource;
			sourceTree = "<group>";
		};
		8BC8F7C329011DB100EF83AE /* Font */ = {
			isa = PBXGroup;
			children = (
				8BC8F7C429011DB100EF83AE /* Lexend-Regular.ttf */,
			);
			path = Font;
			sourceTree = "<group>";
		};
		8BC8F7C629011DB200EF83AE /* KloudyTests */ = {
			isa = PBXGroup;
			children = (
				8BC8F7C729011DB200EF83AE /* KloudyTests.swift */,
			);
			path = KloudyTests;
			sourceTree = "<group>";
		};
		8BC8F7C829011DB200EF83AE /* KloudyUITests */ = {
			isa = PBXGroup;
			children = (
				8BC8F7C929011DB200EF83AE /* KloudyUITestsLaunchTests.swift */,
				8BC8F7CA29011DB200EF83AE /* KloudyUITests.swift */,
			);
			path = KloudyUITests;
			sourceTree = "<group>";
		};
		8BC8F81029011E3300EF83AE /* Frameworks */ = {
			isa = PBXGroup;
			children = (
				8BC8F81129011E3300EF83AE /* WidgetKit.framework */,
				8BC8F81329011E3300EF83AE /* SwiftUI.framework */,
				BBFDE40FB508AA7A65B68786 /* Pods_Kloudy.framework */,
				1536192E4E0E4A52299146F0 /* Pods_Kloudy_KloudyUITests.framework */,
				802C4255E9D84509EB5BC8A9 /* Pods_KloudyTests.framework */,
				64FF8E841732C4F2284F0AAA /* Pods_kloudyWidgetExtension.framework */,
			);
			name = Frameworks;
			sourceTree = "<group>";
		};
		8BC8F81529011E3300EF83AE /* kloudyWidget */ = {
			isa = PBXGroup;
			children = (
				D537D2052901BC6800271037 /* KloudyIndexWidget */,
				8BC8F81629011E3300EF83AE /* kloudyWidget.swift */,
				8BC8F81829011E3300EF83AE /* kloudyWidget.intentdefinition */,
				8BC8F81929011E3400EF83AE /* Assets.xcassets */,
				8BC8F81B29011E3400EF83AE /* Info.plist */,
			);
			path = kloudyWidget;
			sourceTree = "<group>";
		};
		BA78C8E02907ABE300F938FD /* CheckWeatherCellLabelsView */ = {
			isa = PBXGroup;
			children = (
				BA78C8E12907AC5C00F938FD /* CheckWeatherCellLabelView.swift */,
			);
			path = CheckWeatherCellLabelsView;
			sourceTree = "<group>";
		};
		D537D2052901BC6800271037 /* KloudyIndexWidget */ = {
			isa = PBXGroup;
			children = (
				D537D2062901BC6800271037 /* KloudyUmbrellaIndexWidget.swift */,
				D537D2072901BC6800271037 /* KloudyMaskIndexWidget.swift */,
			);
			path = KloudyIndexWidget;
			sourceTree = "<group>";
		};
		D537D2142907B32200271037 /* LocationSelectionCollectionViewCell */ = {
			isa = PBXGroup;
			children = (
				D537D2152907B34900271037 /* LocationSelectionCollectionViewCell.swift */,
			);
			path = LocationSelectionCollectionViewCell;
			sourceTree = "<group>";
		};
/* End PBXGroup section */

/* Begin PBXNativeTarget section */
		8BC8F73329011D0700EF83AE /* Kloudy */ = {
			isa = PBXNativeTarget;
			buildConfigurationList = 8BC8F76129011D0800EF83AE /* Build configuration list for PBXNativeTarget "Kloudy" */;
			buildPhases = (
				98B54ED7EDAB45A75AD98B44 /* [CP] Check Pods Manifest.lock */,
				8BC8F73029011D0700EF83AE /* Sources */,
				8BC8F73129011D0700EF83AE /* Frameworks */,
				8BC8F73229011D0700EF83AE /* Resources */,
				8BC8F82429011E3400EF83AE /* Embed Foundation Extensions */,
				CBBC7AE24710D3C3BF2D56E7 /* [CP] Embed Pods Frameworks */,
			);
			buildRules = (
			);
			dependencies = (
				8BC8F81F29011E3400EF83AE /* PBXTargetDependency */,
			);
			name = Kloudy;
			productName = Kloudy;
			productReference = 8BC8F73429011D0700EF83AE /* Kloudy.app */;
			productType = "com.apple.product-type.application";
		};
		8BC8F74C29011D0800EF83AE /* KloudyTests */ = {
			isa = PBXNativeTarget;
			buildConfigurationList = 8BC8F76429011D0800EF83AE /* Build configuration list for PBXNativeTarget "KloudyTests" */;
			buildPhases = (
				78258FBF5A3E83F03D4534FD /* [CP] Check Pods Manifest.lock */,
				8BC8F74929011D0800EF83AE /* Sources */,
				8BC8F74A29011D0800EF83AE /* Frameworks */,
				8BC8F74B29011D0800EF83AE /* Resources */,
			);
			buildRules = (
			);
			dependencies = (
				8BC8F74F29011D0800EF83AE /* PBXTargetDependency */,
			);
			name = KloudyTests;
			productName = KloudyTests;
			productReference = 8BC8F74D29011D0800EF83AE /* KloudyTests.xctest */;
			productType = "com.apple.product-type.bundle.unit-test";
		};
		8BC8F75629011D0800EF83AE /* KloudyUITests */ = {
			isa = PBXNativeTarget;
			buildConfigurationList = 8BC8F76729011D0800EF83AE /* Build configuration list for PBXNativeTarget "KloudyUITests" */;
			buildPhases = (
				730EC53810E41A3120A101F3 /* [CP] Check Pods Manifest.lock */,
				8BC8F75329011D0800EF83AE /* Sources */,
				8BC8F75429011D0800EF83AE /* Frameworks */,
				8BC8F75529011D0800EF83AE /* Resources */,
				1B7D2DC449E55AC274700478 /* [CP] Embed Pods Frameworks */,
			);
			buildRules = (
			);
			dependencies = (
				8BC8F75929011D0800EF83AE /* PBXTargetDependency */,
			);
			name = KloudyUITests;
			productName = KloudyUITests;
			productReference = 8BC8F75729011D0800EF83AE /* KloudyUITests.xctest */;
			productType = "com.apple.product-type.bundle.ui-testing";
		};
		8BC8F80E29011E3300EF83AE /* kloudyWidgetExtension */ = {
			isa = PBXNativeTarget;
			buildConfigurationList = 8BC8F82129011E3400EF83AE /* Build configuration list for PBXNativeTarget "kloudyWidgetExtension" */;
			buildPhases = (
				1B5E2190423FF884B91B7616 /* [CP] Check Pods Manifest.lock */,
				8BC8F80B29011E3300EF83AE /* Sources */,
				8BC8F80C29011E3300EF83AE /* Frameworks */,
				8BC8F80D29011E3300EF83AE /* Resources */,
				8BC8F82729011E4400EF83AE /* Embed Frameworks */,
			);
			buildRules = (
			);
			dependencies = (
			);
			name = kloudyWidgetExtension;
			productName = kloudyWidgetExtension;
			productReference = 8BC8F80F29011E3300EF83AE /* kloudyWidgetExtension.appex */;
			productType = "com.apple.product-type.app-extension";
		};
/* End PBXNativeTarget section */

/* Begin PBXProject section */
		8BC8F72C29011D0700EF83AE /* Project object */ = {
			isa = PBXProject;
			attributes = {
				BuildIndependentTargetsInParallel = 1;
				LastSwiftUpdateCheck = 1400;
				LastUpgradeCheck = 1400;
				TargetAttributes = {
					8BC8F73329011D0700EF83AE = {
						CreatedOnToolsVersion = 14.0;
					};
					8BC8F74C29011D0800EF83AE = {
						CreatedOnToolsVersion = 14.0;
						TestTargetID = 8BC8F73329011D0700EF83AE;
					};
					8BC8F75629011D0800EF83AE = {
						CreatedOnToolsVersion = 14.0;
						TestTargetID = 8BC8F73329011D0700EF83AE;
					};
					8BC8F80E29011E3300EF83AE = {
						CreatedOnToolsVersion = 14.0;
					};
				};
			};
			buildConfigurationList = 8BC8F72F29011D0700EF83AE /* Build configuration list for PBXProject "Kloudy" */;
			compatibilityVersion = "Xcode 13.0";
			developmentRegion = en;
			hasScannedForEncodings = 0;
			knownRegions = (
				en,
				Base,
			);
			mainGroup = 8BC8F72B29011D0700EF83AE;
			productRefGroup = 8BC8F73529011D0700EF83AE /* Products */;
			projectDirPath = "";
			projectRoot = "";
			targets = (
				8BC8F73329011D0700EF83AE /* Kloudy */,
				8BC8F74C29011D0800EF83AE /* KloudyTests */,
				8BC8F75629011D0800EF83AE /* KloudyUITests */,
				8BC8F80E29011E3300EF83AE /* kloudyWidgetExtension */,
			);
		};
/* End PBXProject section */

/* Begin PBXResourcesBuildPhase section */
		8BC8F73229011D0700EF83AE /* Resources */ = {
			isa = PBXResourcesBuildPhase;
			buildActionMask = 2147483647;
			files = (
				226F4029290655930067B052 /* CityInformation.csv in Resources */,
				8BC8F7D029011DB200EF83AE /* Main.storyboard in Resources */,
				8BC8F80329011DB200EF83AE /* Lexend-Regular.ttf in Resources */,
				8BC8F80229011DB200EF83AE /* Assets.xcassets in Resources */,
				8BC8F7FF29011DB200EF83AE /* LaunchScreen.storyboard in Resources */,
			);
			runOnlyForDeploymentPostprocessing = 0;
		};
		8BC8F74B29011D0800EF83AE /* Resources */ = {
			isa = PBXResourcesBuildPhase;
			buildActionMask = 2147483647;
			files = (
			);
			runOnlyForDeploymentPostprocessing = 0;
		};
		8BC8F75529011D0800EF83AE /* Resources */ = {
			isa = PBXResourcesBuildPhase;
			buildActionMask = 2147483647;
			files = (
			);
			runOnlyForDeploymentPostprocessing = 0;
		};
		8BC8F80D29011E3300EF83AE /* Resources */ = {
			isa = PBXResourcesBuildPhase;
			buildActionMask = 2147483647;
			files = (
				8BC8F81A29011E3400EF83AE /* Assets.xcassets in Resources */,
			);
			runOnlyForDeploymentPostprocessing = 0;
		};
/* End PBXResourcesBuildPhase section */

/* Begin PBXShellScriptBuildPhase section */
		1B5E2190423FF884B91B7616 /* [CP] Check Pods Manifest.lock */ = {
			isa = PBXShellScriptBuildPhase;
			buildActionMask = 2147483647;
			files = (
			);
			inputFileListPaths = (
			);
			inputPaths = (
				"${PODS_PODFILE_DIR_PATH}/Podfile.lock",
				"${PODS_ROOT}/Manifest.lock",
			);
			name = "[CP] Check Pods Manifest.lock";
			outputFileListPaths = (
			);
			outputPaths = (
				"$(DERIVED_FILE_DIR)/Pods-kloudyWidgetExtension-checkManifestLockResult.txt",
			);
			runOnlyForDeploymentPostprocessing = 0;
			shellPath = /bin/sh;
			shellScript = "diff \"${PODS_PODFILE_DIR_PATH}/Podfile.lock\" \"${PODS_ROOT}/Manifest.lock\" > /dev/null\nif [ $? != 0 ] ; then\n    # print error to STDERR\n    echo \"error: The sandbox is not in sync with the Podfile.lock. Run 'pod install' or update your CocoaPods installation.\" >&2\n    exit 1\nfi\n# This output is used by Xcode 'outputs' to avoid re-running this script phase.\necho \"SUCCESS\" > \"${SCRIPT_OUTPUT_FILE_0}\"\n";
			showEnvVarsInLog = 0;
		};
		1B7D2DC449E55AC274700478 /* [CP] Embed Pods Frameworks */ = {
			isa = PBXShellScriptBuildPhase;
			buildActionMask = 2147483647;
			files = (
			);
			inputFileListPaths = (
				"${PODS_ROOT}/Target Support Files/Pods-Kloudy-KloudyUITests/Pods-Kloudy-KloudyUITests-frameworks-${CONFIGURATION}-input-files.xcfilelist",
			);
			name = "[CP] Embed Pods Frameworks";
			outputFileListPaths = (
				"${PODS_ROOT}/Target Support Files/Pods-Kloudy-KloudyUITests/Pods-Kloudy-KloudyUITests-frameworks-${CONFIGURATION}-output-files.xcfilelist",
			);
			runOnlyForDeploymentPostprocessing = 0;
			shellPath = /bin/sh;
			shellScript = "\"${PODS_ROOT}/Target Support Files/Pods-Kloudy-KloudyUITests/Pods-Kloudy-KloudyUITests-frameworks.sh\"\n";
			showEnvVarsInLog = 0;
		};
		730EC53810E41A3120A101F3 /* [CP] Check Pods Manifest.lock */ = {
			isa = PBXShellScriptBuildPhase;
			buildActionMask = 2147483647;
			files = (
			);
			inputFileListPaths = (
			);
			inputPaths = (
				"${PODS_PODFILE_DIR_PATH}/Podfile.lock",
				"${PODS_ROOT}/Manifest.lock",
			);
			name = "[CP] Check Pods Manifest.lock";
			outputFileListPaths = (
			);
			outputPaths = (
				"$(DERIVED_FILE_DIR)/Pods-Kloudy-KloudyUITests-checkManifestLockResult.txt",
			);
			runOnlyForDeploymentPostprocessing = 0;
			shellPath = /bin/sh;
			shellScript = "diff \"${PODS_PODFILE_DIR_PATH}/Podfile.lock\" \"${PODS_ROOT}/Manifest.lock\" > /dev/null\nif [ $? != 0 ] ; then\n    # print error to STDERR\n    echo \"error: The sandbox is not in sync with the Podfile.lock. Run 'pod install' or update your CocoaPods installation.\" >&2\n    exit 1\nfi\n# This output is used by Xcode 'outputs' to avoid re-running this script phase.\necho \"SUCCESS\" > \"${SCRIPT_OUTPUT_FILE_0}\"\n";
			showEnvVarsInLog = 0;
		};
		78258FBF5A3E83F03D4534FD /* [CP] Check Pods Manifest.lock */ = {
			isa = PBXShellScriptBuildPhase;
			buildActionMask = 2147483647;
			files = (
			);
			inputFileListPaths = (
			);
			inputPaths = (
				"${PODS_PODFILE_DIR_PATH}/Podfile.lock",
				"${PODS_ROOT}/Manifest.lock",
			);
			name = "[CP] Check Pods Manifest.lock";
			outputFileListPaths = (
			);
			outputPaths = (
				"$(DERIVED_FILE_DIR)/Pods-KloudyTests-checkManifestLockResult.txt",
			);
			runOnlyForDeploymentPostprocessing = 0;
			shellPath = /bin/sh;
			shellScript = "diff \"${PODS_PODFILE_DIR_PATH}/Podfile.lock\" \"${PODS_ROOT}/Manifest.lock\" > /dev/null\nif [ $? != 0 ] ; then\n    # print error to STDERR\n    echo \"error: The sandbox is not in sync with the Podfile.lock. Run 'pod install' or update your CocoaPods installation.\" >&2\n    exit 1\nfi\n# This output is used by Xcode 'outputs' to avoid re-running this script phase.\necho \"SUCCESS\" > \"${SCRIPT_OUTPUT_FILE_0}\"\n";
			showEnvVarsInLog = 0;
		};
		98B54ED7EDAB45A75AD98B44 /* [CP] Check Pods Manifest.lock */ = {
			isa = PBXShellScriptBuildPhase;
			buildActionMask = 2147483647;
			files = (
			);
			inputFileListPaths = (
			);
			inputPaths = (
				"${PODS_PODFILE_DIR_PATH}/Podfile.lock",
				"${PODS_ROOT}/Manifest.lock",
			);
			name = "[CP] Check Pods Manifest.lock";
			outputFileListPaths = (
			);
			outputPaths = (
				"$(DERIVED_FILE_DIR)/Pods-Kloudy-checkManifestLockResult.txt",
			);
			runOnlyForDeploymentPostprocessing = 0;
			shellPath = /bin/sh;
			shellScript = "diff \"${PODS_PODFILE_DIR_PATH}/Podfile.lock\" \"${PODS_ROOT}/Manifest.lock\" > /dev/null\nif [ $? != 0 ] ; then\n    # print error to STDERR\n    echo \"error: The sandbox is not in sync with the Podfile.lock. Run 'pod install' or update your CocoaPods installation.\" >&2\n    exit 1\nfi\n# This output is used by Xcode 'outputs' to avoid re-running this script phase.\necho \"SUCCESS\" > \"${SCRIPT_OUTPUT_FILE_0}\"\n";
			showEnvVarsInLog = 0;
		};
		CBBC7AE24710D3C3BF2D56E7 /* [CP] Embed Pods Frameworks */ = {
			isa = PBXShellScriptBuildPhase;
			buildActionMask = 2147483647;
			files = (
			);
			inputFileListPaths = (
				"${PODS_ROOT}/Target Support Files/Pods-Kloudy/Pods-Kloudy-frameworks-${CONFIGURATION}-input-files.xcfilelist",
			);
			name = "[CP] Embed Pods Frameworks";
			outputFileListPaths = (
				"${PODS_ROOT}/Target Support Files/Pods-Kloudy/Pods-Kloudy-frameworks-${CONFIGURATION}-output-files.xcfilelist",
			);
			runOnlyForDeploymentPostprocessing = 0;
			shellPath = /bin/sh;
			shellScript = "\"${PODS_ROOT}/Target Support Files/Pods-Kloudy/Pods-Kloudy-frameworks.sh\"\n";
			showEnvVarsInLog = 0;
		};
/* End PBXShellScriptBuildPhase section */

/* Begin PBXSourcesBuildPhase section */
		8BC8F73029011D0700EF83AE /* Sources */ = {
			isa = PBXSourcesBuildPhase;
			buildActionMask = 2147483647;
			files = (
				8BC8F7EC29011DB200EF83AE /* WeatherCellFourByTwo.swift in Sources */,
				8BC8F7D229011DB200EF83AE /* CoreDataStack.swift in Sources */,
				8BC8F7CC29011DB200EF83AE /* Kloudy+Font.swift in Sources */,
				8BC8F7CB29011DB200EF83AE /* ViewController.swift in Sources */,
				8BC8F7FA29011DB200EF83AE /* CheckLocationWeatherView.swift in Sources */,
				8BC8F7EB29011DB200EF83AE /* WeatherCellFourByTwoViewModel.swift in Sources */,
				8BC8F7DE29011DB200EF83AE /* SelectWeatherCellViewModel.swift in Sources */,
				8BC8F7E529011DB200EF83AE /* AddLivingIndexCellViewModel.swift in Sources */,
				8BC8F81D29011E3400EF83AE /* kloudyWidget.intentdefinition in Sources */,
				8BC8F80029011DB200EF83AE /* AppDelegate.swift in Sources */,
				8BC8F7FD29011DB200EF83AE /* LocationSelectionEditView.swift in Sources */,
				8BC8F7EE29011DB200EF83AE /* CheckWeatherPageView.swift in Sources */,
				8BC8F7E129011DB200EF83AE /* AddWeatherPageViewModel.swift in Sources */,
				8BC8F7D829011DB200EF83AE /* WeatherCell+CoreDataProperties.swift in Sources */,
				8BC8F7F029011DB200EF83AE /* CheckWeatherView.swift in Sources */,
				8BC8F7D129011DB200EF83AE /* Location+CoreDataProperties.swift in Sources */,
				8BC8F7E829011DB200EF83AE /* WeatherCellFourByOneViewModel.swift in Sources */,
				8BC8F7EF29011DB200EF83AE /* CheckWeatherViewModel.swift in Sources */,
				D558FECB2907D987002EEA22 /* UILabel+.swift in Sources */,
				D537D2162907B34900271037 /* LocationSelectionCollectionViewCell.swift in Sources */,
				8BC8F7F529011DB200EF83AE /* CheckWeatherEditNavigationView.swift in Sources */,
				8BC8F7F729011DB200EF83AE /* CheckWeatherBasicNavigationView.swift in Sources */,
				8BC8F7E929011DB200EF83AE /* WeatherCellFourByFour.swift in Sources */,
				8BC8F7DD29011DB200EF83AE /* SelectWeatherCellView.swift in Sources */,
				8BC8F7ED29011DB200EF83AE /* CheckWeatherPageViewModel.swift in Sources */,
				8BC8F7EA29011DB200EF83AE /* WeatherCellFourByFourViewModel.swift in Sources */,
				8BC8F7F429011DB200EF83AE /* CheckCityViewModel.swift in Sources */,
				8BC8F7D729011DB200EF83AE /* Weather.swift in Sources */,
				8BC8F7DB29011DB200EF83AE /* SearchWeatherGridViewModel.swift in Sources */,
				8BC8F7F129011DB200EF83AE /* CheckWeatherCollectionView.swift in Sources */,
				8BC8F7F829011DB200EF83AE /* CheckWeatherBasicNavigationViewModel.swift in Sources */,
				8BC8F80129011DB200EF83AE /* SceneDelegate.swift in Sources */,
				8BC8F7E629011DB200EF83AE /* AddLivingIndexCellView.swift in Sources */,
				8BC8F7FC29011DB200EF83AE /* LocationSelectionViewModel.swift in Sources */,
				8BC8F7DA29011DB200EF83AE /* SearchWeatherListView.swift in Sources */,
				8BC8F7F929011DB200EF83AE /* CheckLocationWeatherViewModel.swift in Sources */,
				8BC8F7D929011DB200EF83AE /* SearchWeatherListViewModel.swift in Sources */,
				8BC8F7F329011DB200EF83AE /* CheckCityView.swift in Sources */,
				8BC8F7E229011DB200EF83AE /* AddWeatherPageView.swift in Sources */,
				8BC8F7FB29011DB200EF83AE /* LocationSelectionView.swift in Sources */,
				8BC8F7D429011DB200EF83AE /* CityInformation.swift in Sources */,
				8BC8F7CD29011DB200EF83AE /* FetchWeatherInformation.swift in Sources */,
				8BC8F7CE29011DB200EF83AE /* Kloudy+Color.swift in Sources */,
				8BC8F7E729011DB200EF83AE /* WeatherCellFourByOne.swift in Sources */,
				8B3F691E29025FBD002F554E /* AddLivingIndexCell.swift in Sources */,
				BA78C8E22907AC5C00F938FD /* CheckWeatherCellLabelView.swift in Sources */,
				8BC8F7F629011DB200EF83AE /* CheckWeatherEditNavigationViewModel.swift in Sources */,
				8BC8F7DC29011DB200EF83AE /* SearchWeatherGridView.swift in Sources */,
				8BC8F7D329011DB200EF83AE /* WeatherCell+CoreDataClass.swift in Sources */,
				8BC8F7D629011DB200EF83AE /* Notification.swift in Sources */,
				8BC8F7F229011DB200EF83AE /* CheckWeatherCollectionViewModel.swift in Sources */,
				8BC8F7DF29011DB200EF83AE /* SearchWeatherViewModel.swift in Sources */,
				8BC8F7D529011DB200EF83AE /* Location+CoreDataClass.swift in Sources */,
				8BC8F7E029011DB200EF83AE /* SearchWeatherView.swift in Sources */,
				D558FECD29096B00002EEA22 /* LocationManager.swift in Sources */,
				8BC8F7CF29011DB200EF83AE /* Kloudy.xcdatamodeld in Sources */,
				8BC8F7E329011DB200EF83AE /* AddWeatherCellView.swift in Sources */,
				8BC8F7E429011DB200EF83AE /* AddWeatherCellViewModel.swift in Sources */,
				8BC8F7FE29011DB200EF83AE /* LocationSelectionEditViewModel.swift in Sources */,
			);
			runOnlyForDeploymentPostprocessing = 0;
		};
		8BC8F74929011D0800EF83AE /* Sources */ = {
			isa = PBXSourcesBuildPhase;
			buildActionMask = 2147483647;
			files = (
				8BC8F80A29011DEE00EF83AE /* KloudyTests.swift in Sources */,
			);
			runOnlyForDeploymentPostprocessing = 0;
		};
		8BC8F75329011D0800EF83AE /* Sources */ = {
			isa = PBXSourcesBuildPhase;
			buildActionMask = 2147483647;
			files = (
				8BC8F80829011DE500EF83AE /* KloudyUITestsLaunchTests.swift in Sources */,
				8BC8F80929011DE900EF83AE /* KloudyUITests.swift in Sources */,
			);
			runOnlyForDeploymentPostprocessing = 0;
		};
		8BC8F80B29011E3300EF83AE /* Sources */ = {
			isa = PBXSourcesBuildPhase;
			buildActionMask = 2147483647;
			files = (
				8BC8F81C29011E3400EF83AE /* kloudyWidget.intentdefinition in Sources */,
				8BC8F81729011E3300EF83AE /* kloudyWidget.swift in Sources */,
				D558FECE29096B02002EEA22 /* LocationManager.swift in Sources */,
				D537D20B2901BC6800271037 /* KloudyMaskIndexWidget.swift in Sources */,
				D537D2092901BC6800271037 /* KloudyUmbrellaIndexWidget.swift in Sources */,
			);
			runOnlyForDeploymentPostprocessing = 0;
		};
/* End PBXSourcesBuildPhase section */

/* Begin PBXTargetDependency section */
		8BC8F74F29011D0800EF83AE /* PBXTargetDependency */ = {
			isa = PBXTargetDependency;
			target = 8BC8F73329011D0700EF83AE /* Kloudy */;
			targetProxy = 8BC8F74E29011D0800EF83AE /* PBXContainerItemProxy */;
		};
		8BC8F75929011D0800EF83AE /* PBXTargetDependency */ = {
			isa = PBXTargetDependency;
			target = 8BC8F73329011D0700EF83AE /* Kloudy */;
			targetProxy = 8BC8F75829011D0800EF83AE /* PBXContainerItemProxy */;
		};
		8BC8F81F29011E3400EF83AE /* PBXTargetDependency */ = {
			isa = PBXTargetDependency;
			target = 8BC8F80E29011E3300EF83AE /* kloudyWidgetExtension */;
			targetProxy = 8BC8F81E29011E3400EF83AE /* PBXContainerItemProxy */;
		};
/* End PBXTargetDependency section */

/* Begin PBXVariantGroup section */
		8BC8F77329011DB100EF83AE /* Main.storyboard */ = {
			isa = PBXVariantGroup;
			children = (
				8BC8F77429011DB100EF83AE /* Base */,
			);
			name = Main.storyboard;
			sourceTree = "<group>";
		};
		8BC8F7BD29011DB100EF83AE /* LaunchScreen.storyboard */ = {
			isa = PBXVariantGroup;
			children = (
				8BC8F7BE29011DB100EF83AE /* Base */,
			);
			name = LaunchScreen.storyboard;
			sourceTree = "<group>";
		};
/* End PBXVariantGroup section */

/* Begin XCBuildConfiguration section */
		8BC8F75F29011D0800EF83AE /* Debug */ = {
			isa = XCBuildConfiguration;
			buildSettings = {
				ALWAYS_SEARCH_USER_PATHS = NO;
				CLANG_ANALYZER_NONNULL = YES;
				CLANG_ANALYZER_NUMBER_OBJECT_CONVERSION = YES_AGGRESSIVE;
				CLANG_CXX_LANGUAGE_STANDARD = "gnu++20";
				CLANG_ENABLE_MODULES = YES;
				CLANG_ENABLE_OBJC_ARC = YES;
				CLANG_ENABLE_OBJC_WEAK = YES;
				CLANG_WARN_BLOCK_CAPTURE_AUTORELEASING = YES;
				CLANG_WARN_BOOL_CONVERSION = YES;
				CLANG_WARN_COMMA = YES;
				CLANG_WARN_CONSTANT_CONVERSION = YES;
				CLANG_WARN_DEPRECATED_OBJC_IMPLEMENTATIONS = YES;
				CLANG_WARN_DIRECT_OBJC_ISA_USAGE = YES_ERROR;
				CLANG_WARN_DOCUMENTATION_COMMENTS = YES;
				CLANG_WARN_EMPTY_BODY = YES;
				CLANG_WARN_ENUM_CONVERSION = YES;
				CLANG_WARN_INFINITE_RECURSION = YES;
				CLANG_WARN_INT_CONVERSION = YES;
				CLANG_WARN_NON_LITERAL_NULL_CONVERSION = YES;
				CLANG_WARN_OBJC_IMPLICIT_RETAIN_SELF = YES;
				CLANG_WARN_OBJC_LITERAL_CONVERSION = YES;
				CLANG_WARN_OBJC_ROOT_CLASS = YES_ERROR;
				CLANG_WARN_QUOTED_INCLUDE_IN_FRAMEWORK_HEADER = YES;
				CLANG_WARN_RANGE_LOOP_ANALYSIS = YES;
				CLANG_WARN_STRICT_PROTOTYPES = YES;
				CLANG_WARN_SUSPICIOUS_MOVE = YES;
				CLANG_WARN_UNGUARDED_AVAILABILITY = YES_AGGRESSIVE;
				CLANG_WARN_UNREACHABLE_CODE = YES;
				CLANG_WARN__DUPLICATE_METHOD_MATCH = YES;
				COPY_PHASE_STRIP = NO;
				DEBUG_INFORMATION_FORMAT = dwarf;
				ENABLE_STRICT_OBJC_MSGSEND = YES;
				ENABLE_TESTABILITY = YES;
				GCC_C_LANGUAGE_STANDARD = gnu11;
				GCC_DYNAMIC_NO_PIC = NO;
				GCC_NO_COMMON_BLOCKS = YES;
				GCC_OPTIMIZATION_LEVEL = 0;
				GCC_PREPROCESSOR_DEFINITIONS = (
					"DEBUG=1",
					"$(inherited)",
				);
				GCC_WARN_64_TO_32_BIT_CONVERSION = YES;
				GCC_WARN_ABOUT_RETURN_TYPE = YES_ERROR;
				GCC_WARN_UNDECLARED_SELECTOR = YES;
				GCC_WARN_UNINITIALIZED_AUTOS = YES_AGGRESSIVE;
				GCC_WARN_UNUSED_FUNCTION = YES;
				GCC_WARN_UNUSED_VARIABLE = YES;
				IPHONEOS_DEPLOYMENT_TARGET = 16.0;
				MTL_ENABLE_DEBUG_INFO = INCLUDE_SOURCE;
				MTL_FAST_MATH = YES;
				ONLY_ACTIVE_ARCH = YES;
				SDKROOT = iphoneos;
				SWIFT_ACTIVE_COMPILATION_CONDITIONS = DEBUG;
				SWIFT_OPTIMIZATION_LEVEL = "-Onone";
			};
			name = Debug;
		};
		8BC8F76029011D0800EF83AE /* Release */ = {
			isa = XCBuildConfiguration;
			buildSettings = {
				ALWAYS_SEARCH_USER_PATHS = NO;
				CLANG_ANALYZER_NONNULL = YES;
				CLANG_ANALYZER_NUMBER_OBJECT_CONVERSION = YES_AGGRESSIVE;
				CLANG_CXX_LANGUAGE_STANDARD = "gnu++20";
				CLANG_ENABLE_MODULES = YES;
				CLANG_ENABLE_OBJC_ARC = YES;
				CLANG_ENABLE_OBJC_WEAK = YES;
				CLANG_WARN_BLOCK_CAPTURE_AUTORELEASING = YES;
				CLANG_WARN_BOOL_CONVERSION = YES;
				CLANG_WARN_COMMA = YES;
				CLANG_WARN_CONSTANT_CONVERSION = YES;
				CLANG_WARN_DEPRECATED_OBJC_IMPLEMENTATIONS = YES;
				CLANG_WARN_DIRECT_OBJC_ISA_USAGE = YES_ERROR;
				CLANG_WARN_DOCUMENTATION_COMMENTS = YES;
				CLANG_WARN_EMPTY_BODY = YES;
				CLANG_WARN_ENUM_CONVERSION = YES;
				CLANG_WARN_INFINITE_RECURSION = YES;
				CLANG_WARN_INT_CONVERSION = YES;
				CLANG_WARN_NON_LITERAL_NULL_CONVERSION = YES;
				CLANG_WARN_OBJC_IMPLICIT_RETAIN_SELF = YES;
				CLANG_WARN_OBJC_LITERAL_CONVERSION = YES;
				CLANG_WARN_OBJC_ROOT_CLASS = YES_ERROR;
				CLANG_WARN_QUOTED_INCLUDE_IN_FRAMEWORK_HEADER = YES;
				CLANG_WARN_RANGE_LOOP_ANALYSIS = YES;
				CLANG_WARN_STRICT_PROTOTYPES = YES;
				CLANG_WARN_SUSPICIOUS_MOVE = YES;
				CLANG_WARN_UNGUARDED_AVAILABILITY = YES_AGGRESSIVE;
				CLANG_WARN_UNREACHABLE_CODE = YES;
				CLANG_WARN__DUPLICATE_METHOD_MATCH = YES;
				COPY_PHASE_STRIP = NO;
				DEBUG_INFORMATION_FORMAT = "dwarf-with-dsym";
				ENABLE_NS_ASSERTIONS = NO;
				ENABLE_STRICT_OBJC_MSGSEND = YES;
				GCC_C_LANGUAGE_STANDARD = gnu11;
				GCC_NO_COMMON_BLOCKS = YES;
				GCC_WARN_64_TO_32_BIT_CONVERSION = YES;
				GCC_WARN_ABOUT_RETURN_TYPE = YES_ERROR;
				GCC_WARN_UNDECLARED_SELECTOR = YES;
				GCC_WARN_UNINITIALIZED_AUTOS = YES_AGGRESSIVE;
				GCC_WARN_UNUSED_FUNCTION = YES;
				GCC_WARN_UNUSED_VARIABLE = YES;
				IPHONEOS_DEPLOYMENT_TARGET = 16.0;
				MTL_ENABLE_DEBUG_INFO = NO;
				MTL_FAST_MATH = YES;
				SDKROOT = iphoneos;
				SWIFT_COMPILATION_MODE = wholemodule;
				SWIFT_OPTIMIZATION_LEVEL = "-O";
				VALIDATE_PRODUCT = YES;
			};
			name = Release;
		};
		8BC8F76229011D0800EF83AE /* Debug */ = {
			isa = XCBuildConfiguration;
			baseConfigurationReference = 10CEA414DDF8C7695D82AFC5 /* Pods-Kloudy.debug.xcconfig */;
			buildSettings = {
				ALWAYS_EMBED_SWIFT_STANDARD_LIBRARIES = YES;
				ASSETCATALOG_COMPILER_APPICON_NAME = AppIcon;
				ASSETCATALOG_COMPILER_GLOBAL_ACCENT_COLOR_NAME = AccentColor;
				"CODE_SIGN_IDENTITY[sdk=iphoneos*]" = "iPhone Developer";
				CODE_SIGN_STYLE = Manual;
				CURRENT_PROJECT_VERSION = 1;
				DEVELOPMENT_TEAM = "";
				"DEVELOPMENT_TEAM[sdk=iphoneos*]" = V8U96P27D9;
				GENERATE_INFOPLIST_FILE = YES;
				INFOPLIST_FILE = Kloudy/Info.plist;
				INFOPLIST_KEY_NSLocationAlwaysAndWhenInUseUsageDescription = "사용자가 위치한 지역의 날씨를 알기위해서는 위치정보가 필요합니다.";
				INFOPLIST_KEY_NSLocationWhenInUseUsageDescription = "사용자가 위치한 지역의 날씨를 알기위해서는 위치정보가 필요합니다.";
				INFOPLIST_KEY_UIApplicationSupportsIndirectInputEvents = YES;
				INFOPLIST_KEY_UILaunchStoryboardName = LaunchScreen;
				INFOPLIST_KEY_UIMainStoryboardFile = Main;
				INFOPLIST_KEY_UISupportedInterfaceOrientations_iPad = "UIInterfaceOrientationPortrait UIInterfaceOrientationPortraitUpsideDown UIInterfaceOrientationLandscapeLeft UIInterfaceOrientationLandscapeRight";
				INFOPLIST_KEY_UISupportedInterfaceOrientations_iPhone = "UIInterfaceOrientationPortrait UIInterfaceOrientationLandscapeLeft UIInterfaceOrientationLandscapeRight";
				LD_RUNPATH_SEARCH_PATHS = (
					"$(inherited)",
					"@executable_path/Frameworks",
				);
				MARKETING_VERSION = 1.0;
				PRODUCT_BUNDLE_IDENTIFIER = com.Kloudy;
				PRODUCT_NAME = "$(TARGET_NAME)";
				PROVISIONING_PROFILE_SPECIFIER = "";
				"PROVISIONING_PROFILE_SPECIFIER[sdk=iphoneos*]" = provisioningKloudy;
				SWIFT_EMIT_LOC_STRINGS = YES;
				SWIFT_VERSION = 5.0;
				TARGETED_DEVICE_FAMILY = "1,2";
			};
			name = Debug;
		};
		8BC8F76329011D0800EF83AE /* Release */ = {
			isa = XCBuildConfiguration;
			baseConfigurationReference = 3C6D7F12234FBBB3835B9A56 /* Pods-Kloudy.release.xcconfig */;
			buildSettings = {
				ALWAYS_EMBED_SWIFT_STANDARD_LIBRARIES = YES;
				ASSETCATALOG_COMPILER_APPICON_NAME = AppIcon;
				ASSETCATALOG_COMPILER_GLOBAL_ACCENT_COLOR_NAME = AccentColor;
				"CODE_SIGN_IDENTITY[sdk=iphoneos*]" = "iPhone Developer";
				CODE_SIGN_STYLE = Manual;
				CURRENT_PROJECT_VERSION = 1;
				DEVELOPMENT_TEAM = "";
				"DEVELOPMENT_TEAM[sdk=iphoneos*]" = V8U96P27D9;
				GENERATE_INFOPLIST_FILE = YES;
				INFOPLIST_FILE = Kloudy/Info.plist;
				INFOPLIST_KEY_NSLocationAlwaysAndWhenInUseUsageDescription = "사용자가 위치한 지역의 날씨를 알기위해서는 위치정보가 필요합니다.";
				INFOPLIST_KEY_NSLocationWhenInUseUsageDescription = "사용자가 위치한 지역의 날씨를 알기위해서는 위치정보가 필요합니다.";
				INFOPLIST_KEY_UIApplicationSupportsIndirectInputEvents = YES;
				INFOPLIST_KEY_UILaunchStoryboardName = LaunchScreen;
				INFOPLIST_KEY_UIMainStoryboardFile = Main;
				INFOPLIST_KEY_UISupportedInterfaceOrientations_iPad = "UIInterfaceOrientationPortrait UIInterfaceOrientationPortraitUpsideDown UIInterfaceOrientationLandscapeLeft UIInterfaceOrientationLandscapeRight";
				INFOPLIST_KEY_UISupportedInterfaceOrientations_iPhone = "UIInterfaceOrientationPortrait UIInterfaceOrientationLandscapeLeft UIInterfaceOrientationLandscapeRight";
				LD_RUNPATH_SEARCH_PATHS = (
					"$(inherited)",
					"@executable_path/Frameworks",
				);
				MARKETING_VERSION = 1.0;
				PRODUCT_BUNDLE_IDENTIFIER = com.Kloudy;
				PRODUCT_NAME = "$(TARGET_NAME)";
				PROVISIONING_PROFILE_SPECIFIER = "";
				"PROVISIONING_PROFILE_SPECIFIER[sdk=iphoneos*]" = provisioningKloudy;
				SWIFT_EMIT_LOC_STRINGS = YES;
				SWIFT_VERSION = 5.0;
				TARGETED_DEVICE_FAMILY = "1,2";
			};
			name = Release;
		};
		8BC8F76529011D0800EF83AE /* Debug */ = {
			isa = XCBuildConfiguration;
			baseConfigurationReference = EE99C4EAECA5D797AC2E3FAD /* Pods-KloudyTests.debug.xcconfig */;
			buildSettings = {
				ALWAYS_EMBED_SWIFT_STANDARD_LIBRARIES = YES;
				BUNDLE_LOADER = "$(TEST_HOST)";
				CODE_SIGN_STYLE = Automatic;
				CURRENT_PROJECT_VERSION = 1;
				DEVELOPMENT_TEAM = V8U96P27D9;
				GENERATE_INFOPLIST_FILE = YES;
				IPHONEOS_DEPLOYMENT_TARGET = 16.0;
				MARKETING_VERSION = 1.0;
				PRODUCT_BUNDLE_IDENTIFIER = com.KloudyTests;
				PRODUCT_NAME = "$(TARGET_NAME)";
				SWIFT_EMIT_LOC_STRINGS = NO;
				SWIFT_VERSION = 5.0;
				TARGETED_DEVICE_FAMILY = "1,2";
				TEST_HOST = "$(BUILT_PRODUCTS_DIR)/Kloudy.app/$(BUNDLE_EXECUTABLE_FOLDER_PATH)/Kloudy";
			};
			name = Debug;
		};
		8BC8F76629011D0800EF83AE /* Release */ = {
			isa = XCBuildConfiguration;
			baseConfigurationReference = 0642D3FB292CFB0FECB9FA03 /* Pods-KloudyTests.release.xcconfig */;
			buildSettings = {
				ALWAYS_EMBED_SWIFT_STANDARD_LIBRARIES = YES;
				BUNDLE_LOADER = "$(TEST_HOST)";
				CODE_SIGN_STYLE = Automatic;
				CURRENT_PROJECT_VERSION = 1;
				DEVELOPMENT_TEAM = V8U96P27D9;
				GENERATE_INFOPLIST_FILE = YES;
				IPHONEOS_DEPLOYMENT_TARGET = 16.0;
				MARKETING_VERSION = 1.0;
				PRODUCT_BUNDLE_IDENTIFIER = com.KloudyTests;
				PRODUCT_NAME = "$(TARGET_NAME)";
				SWIFT_EMIT_LOC_STRINGS = NO;
				SWIFT_VERSION = 5.0;
				TARGETED_DEVICE_FAMILY = "1,2";
				TEST_HOST = "$(BUILT_PRODUCTS_DIR)/Kloudy.app/$(BUNDLE_EXECUTABLE_FOLDER_PATH)/Kloudy";
			};
			name = Release;
		};
		8BC8F76829011D0800EF83AE /* Debug */ = {
			isa = XCBuildConfiguration;
			baseConfigurationReference = 75A3A3ABEFA1315CDCCF1ED1 /* Pods-Kloudy-KloudyUITests.debug.xcconfig */;
			buildSettings = {
				ALWAYS_EMBED_SWIFT_STANDARD_LIBRARIES = YES;
				CODE_SIGN_STYLE = Automatic;
				CURRENT_PROJECT_VERSION = 1;
				DEVELOPMENT_TEAM = V8U96P27D9;
				GENERATE_INFOPLIST_FILE = YES;
				MARKETING_VERSION = 1.0;
				PRODUCT_BUNDLE_IDENTIFIER = com.KloudyUITests;
				PRODUCT_NAME = "$(TARGET_NAME)";
				SWIFT_EMIT_LOC_STRINGS = NO;
				SWIFT_VERSION = 5.0;
				TARGETED_DEVICE_FAMILY = "1,2";
				TEST_TARGET_NAME = Kloudy;
			};
			name = Debug;
		};
		8BC8F76929011D0800EF83AE /* Release */ = {
			isa = XCBuildConfiguration;
			baseConfigurationReference = 65938D416B40629A93C9DA23 /* Pods-Kloudy-KloudyUITests.release.xcconfig */;
			buildSettings = {
				ALWAYS_EMBED_SWIFT_STANDARD_LIBRARIES = YES;
				CODE_SIGN_STYLE = Automatic;
				CURRENT_PROJECT_VERSION = 1;
				DEVELOPMENT_TEAM = V8U96P27D9;
				GENERATE_INFOPLIST_FILE = YES;
				MARKETING_VERSION = 1.0;
				PRODUCT_BUNDLE_IDENTIFIER = com.KloudyUITests;
				PRODUCT_NAME = "$(TARGET_NAME)";
				SWIFT_EMIT_LOC_STRINGS = NO;
				SWIFT_VERSION = 5.0;
				TARGETED_DEVICE_FAMILY = "1,2";
				TEST_TARGET_NAME = Kloudy;
			};
			name = Release;
		};
		8BC8F82229011E3400EF83AE /* Debug */ = {
			isa = XCBuildConfiguration;
			baseConfigurationReference = E5F8B65E8FF5359460FC0284 /* Pods-kloudyWidgetExtension.debug.xcconfig */;
			buildSettings = {
				ASSETCATALOG_COMPILER_GLOBAL_ACCENT_COLOR_NAME = AccentColor;
				ASSETCATALOG_COMPILER_WIDGET_BACKGROUND_COLOR_NAME = WidgetBackground;
				"CODE_SIGN_IDENTITY[sdk=iphoneos*]" = "iPhone Developer";
				CODE_SIGN_STYLE = Manual;
				CURRENT_PROJECT_VERSION = 1;
				DEVELOPMENT_TEAM = "";
				"DEVELOPMENT_TEAM[sdk=iphoneos*]" = V8U96P27D9;
				GENERATE_INFOPLIST_FILE = YES;
				INFOPLIST_FILE = kloudyWidget/Info.plist;
				INFOPLIST_KEY_CFBundleDisplayName = kloudyWidget;
				INFOPLIST_KEY_NSHumanReadableCopyright = "";
				LD_RUNPATH_SEARCH_PATHS = (
					"$(inherited)",
					"@executable_path/Frameworks",
					"@executable_path/../../Frameworks",
				);
				MARKETING_VERSION = 1.0;
				PRODUCT_BUNDLE_IDENTIFIER = com.Kloudy.kloudyWidget;
				PRODUCT_NAME = "$(TARGET_NAME)";
				PROVISIONING_PROFILE_SPECIFIER = "";
				"PROVISIONING_PROFILE_SPECIFIER[sdk=iphoneos*]" = WidgetKloudyProvisioning;
				SKIP_INSTALL = YES;
				SWIFT_EMIT_LOC_STRINGS = YES;
				SWIFT_VERSION = 5.0;
				TARGETED_DEVICE_FAMILY = "1,2";
			};
			name = Debug;
		};
		8BC8F82329011E3400EF83AE /* Release */ = {
			isa = XCBuildConfiguration;
			baseConfigurationReference = 3E4BEFF02AC7C7E605C69030 /* Pods-kloudyWidgetExtension.release.xcconfig */;
			buildSettings = {
				ASSETCATALOG_COMPILER_GLOBAL_ACCENT_COLOR_NAME = AccentColor;
				ASSETCATALOG_COMPILER_WIDGET_BACKGROUND_COLOR_NAME = WidgetBackground;
				"CODE_SIGN_IDENTITY[sdk=iphoneos*]" = "iPhone Developer";
				CODE_SIGN_STYLE = Manual;
				CURRENT_PROJECT_VERSION = 1;
				DEVELOPMENT_TEAM = "";
				"DEVELOPMENT_TEAM[sdk=iphoneos*]" = V8U96P27D9;
				GENERATE_INFOPLIST_FILE = YES;
				INFOPLIST_FILE = kloudyWidget/Info.plist;
				INFOPLIST_KEY_CFBundleDisplayName = kloudyWidget;
				INFOPLIST_KEY_NSHumanReadableCopyright = "";
				LD_RUNPATH_SEARCH_PATHS = (
					"$(inherited)",
					"@executable_path/Frameworks",
					"@executable_path/../../Frameworks",
				);
				MARKETING_VERSION = 1.0;
				PRODUCT_BUNDLE_IDENTIFIER = com.Kloudy.kloudyWidget;
				PRODUCT_NAME = "$(TARGET_NAME)";
				PROVISIONING_PROFILE_SPECIFIER = "";
				"PROVISIONING_PROFILE_SPECIFIER[sdk=iphoneos*]" = WidgetKloudyProvisioning;
				SKIP_INSTALL = YES;
				SWIFT_EMIT_LOC_STRINGS = YES;
				SWIFT_VERSION = 5.0;
				TARGETED_DEVICE_FAMILY = "1,2";
			};
			name = Release;
		};
/* End XCBuildConfiguration section */

/* Begin XCConfigurationList section */
		8BC8F72F29011D0700EF83AE /* Build configuration list for PBXProject "Kloudy" */ = {
			isa = XCConfigurationList;
			buildConfigurations = (
				8BC8F75F29011D0800EF83AE /* Debug */,
				8BC8F76029011D0800EF83AE /* Release */,
			);
			defaultConfigurationIsVisible = 0;
			defaultConfigurationName = Release;
		};
		8BC8F76129011D0800EF83AE /* Build configuration list for PBXNativeTarget "Kloudy" */ = {
			isa = XCConfigurationList;
			buildConfigurations = (
				8BC8F76229011D0800EF83AE /* Debug */,
				8BC8F76329011D0800EF83AE /* Release */,
			);
			defaultConfigurationIsVisible = 0;
			defaultConfigurationName = Release;
		};
		8BC8F76429011D0800EF83AE /* Build configuration list for PBXNativeTarget "KloudyTests" */ = {
			isa = XCConfigurationList;
			buildConfigurations = (
				8BC8F76529011D0800EF83AE /* Debug */,
				8BC8F76629011D0800EF83AE /* Release */,
			);
			defaultConfigurationIsVisible = 0;
			defaultConfigurationName = Release;
		};
		8BC8F76729011D0800EF83AE /* Build configuration list for PBXNativeTarget "KloudyUITests" */ = {
			isa = XCConfigurationList;
			buildConfigurations = (
				8BC8F76829011D0800EF83AE /* Debug */,
				8BC8F76929011D0800EF83AE /* Release */,
			);
			defaultConfigurationIsVisible = 0;
			defaultConfigurationName = Release;
		};
		8BC8F82129011E3400EF83AE /* Build configuration list for PBXNativeTarget "kloudyWidgetExtension" */ = {
			isa = XCConfigurationList;
			buildConfigurations = (
				8BC8F82229011E3400EF83AE /* Debug */,
				8BC8F82329011E3400EF83AE /* Release */,
			);
			defaultConfigurationIsVisible = 0;
			defaultConfigurationName = Release;
		};
/* End XCConfigurationList section */

/* Begin XCVersionGroup section */
		8BC8F77129011DB100EF83AE /* Kloudy.xcdatamodeld */ = {
			isa = XCVersionGroup;
			children = (
				8BC8F77229011DB100EF83AE /* Kloudy.xcdatamodel */,
			);
			currentVersion = 8BC8F77229011DB100EF83AE /* Kloudy.xcdatamodel */;
			path = Kloudy.xcdatamodeld;
			sourceTree = "<group>";
			versionGroupType = wrapper.xcdatamodel;
		};
/* End XCVersionGroup section */
	};
	rootObject = 8BC8F72C29011D0700EF83AE /* Project object */;
}
